Microsoft Visual Studio Solution File, Format Version 13.00
# Visual Studio 2013
Project("{8BC9CEB8-8B4A-11D0-8D11-00A0C91BC942}") = "generate_trig_table", "generate_trig_table.vcxproj", "{AAD5426D-371F-1758-CC61-D610C63B3BD0}"
EndProject
Project("{8BC9CEB8-8B4A-11D0-8D11-00A0C91BC942}") = "icudata", "..\..\..\third_party\icu\icudata.vcxproj", "{1191130C-D0D8-2982-A38E-75764D43A665}"
EndProject
Project("{8BC9CEB8-8B4A-11D0-8D11-00A0C91BC942}") = "icui18n", "..\..\..\third_party\icu\icui18n.vcxproj", "{F85A2AD8-94F2-F668-C3A1-6B063F2BC49B}"
EndProject
Project("{8BC9CEB8-8B4A-11D0-8D11-00A0C91BC942}") = "icuuc", "..\..\..\third_party\icu\icuuc.vcxproj", "{CA460097-1B04-C07F-5410-0602D5307EDB}"
EndProject
Project("{8BC9CEB8-8B4A-11D0-8D11-00A0C91BC942}") = "js2c", "js2c.vcxproj", "{99B39B85-0543-6901-ED3F-4EF825CE65EF}"
EndProject
Project("{8BC9CEB8-8B4A-11D0-8D11-00A0C91BC942}") = "mksnapshot.ia32", "mksnapshot.ia32.vcxproj", "{87C9C4D1-2949-E3DD-96C4-B2051537D06B}"
EndProject
Project("{8BC9CEB8-8B4A-11D0-8D11-00A0C91BC942}") = "postmortem-metadata", "postmortem-metadata.vcxproj", "{3D6D8671-1E71-80E0-0366-647DFD4EDDF8}"
EndProject
Project("{8BC9CEB8-8B4A-11D0-8D11-00A0C91BC942}") = "v8", "v8.vcxproj", "{FB000549-B206-9FC5-7D72-7F5DF01B60D9}"
EndProject
Project("{8BC9CEB8-8B4A-11D0-8D11-00A0C91BC942}") = "v8_base.ia32", "v8_base.ia32.vcxproj", "{4BDBD265-20EE-A94A-D30E-D6062168A779}"
EndProject
Project("{8BC9CEB8-8B4A-11D0-8D11-00A0C91BC942}") = "v8_libbase.ia32", "v8_libbase.ia32.vcxproj", "{ED9A76B4-3B1F-CC2C-34A1-308BF1882019}"
EndProject
Project("{8BC9CEB8-8B4A-11D0-8D11-00A0C91BC942}") = "v8_nosnapshot.ia32", "v8_nosnapshot.ia32.vcxproj", "{66A5FCAD-F6EC-BFB2-829E-8E446B270062}"
EndProject
Project("{8BC9CEB8-8B4A-11D0-8D11-00A0C91BC942}") = "v8_snapshot", "v8_snapshot.vcxproj", "{5799C397-B050-4319-A837-1020335B4C4A}"
EndProject
Global
	GlobalSection(SolutionConfigurationPlatforms) = preSolution
		Release|x64 = Release|x64
		Debug|Win32 = Debug|Win32
		Debug|x64 = Debug|x64
		Release|Win32 = Release|Win32
	EndGlobalSection
	GlobalSection(ProjectConfigurationPlatforms) = postSolution
		{1191130C-D0D8-2982-A38E-75764D43A665}.Release|x64.ActiveCfg = Release|x64
		{1191130C-D0D8-2982-A38E-75764D43A665}.Release|x64.Build.0 = Release|x64
		{1191130C-D0D8-2982-A38E-75764D43A665}.Debug|Win32.ActiveCfg = Debug|Win32
		{1191130C-D0D8-2982-A38E-75764D43A665}.Debug|Win32.Build.0 = Debug|Win32
		{1191130C-D0D8-2982-A38E-75764D43A665}.Debug|x64.ActiveCfg = Debug|x64
		{1191130C-D0D8-2982-A38E-75764D43A665}.Debug|x64.Build.0 = Debug|x64
		{1191130C-D0D8-2982-A38E-75764D43A665}.Release|Win32.ActiveCfg = Release|Win32
		{1191130C-D0D8-2982-A38E-75764D43A665}.Release|Win32.Build.0 = Release|Win32
		{3D6D8671-1E71-80E0-0366-647DFD4EDDF8}.Release|x64.ActiveCfg = Release|x64
		{3D6D8671-1E71-80E0-0366-647DFD4EDDF8}.Release|x64.Build.0 = Release|x64
		{3D6D8671-1E71-80E0-0366-647DFD4EDDF8}.Debug|Win32.ActiveCfg = Debug|Win32
		{3D6D8671-1E71-80E0-0366-647DFD4EDDF8}.Debug|Win32.Build.0 = Debug|Win32
		{3D6D8671-1E71-80E0-0366-647DFD4EDDF8}.Debug|x64.ActiveCfg = Debug|x64
		{3D6D8671-1E71-80E0-0366-647DFD4EDDF8}.Debug|x64.Build.0 = Debug|x64
		{3D6D8671-1E71-80E0-0366-647DFD4EDDF8}.Release|Win32.ActiveCfg = Release|Win32
		{3D6D8671-1E71-80E0-0366-647DFD4EDDF8}.Release|Win32.Build.0 = Release|Win32
		{4BDBD265-20EE-A94A-D30E-D6062168A779}.Release|x64.ActiveCfg = Release|x64
		{4BDBD265-20EE-A94A-D30E-D6062168A779}.Release|x64.Build.0 = Release|x64
		{4BDBD265-20EE-A94A-D30E-D6062168A779}.Debug|Win32.ActiveCfg = Debug|Win32
		{4BDBD265-20EE-A94A-D30E-D6062168A779}.Debug|Win32.Build.0 = Debug|Win32
		{4BDBD265-20EE-A94A-D30E-D6062168A779}.Debug|x64.ActiveCfg = Debug|x64
		{4BDBD265-20EE-A94A-D30E-D6062168A779}.Debug|x64.Build.0 = Debug|x64
		{4BDBD265-20EE-A94A-D30E-D6062168A779}.Release|Win32.ActiveCfg = Release|Win32
		{4BDBD265-20EE-A94A-D30E-D6062168A779}.Release|Win32.Build.0 = Release|Win32
		{5799C397-B050-4319-A837-1020335B4C4A}.Release|x64.ActiveCfg = Release|x64
		{5799C397-B050-4319-A837-1020335B4C4A}.Release|x64.Build.0 = Release|x64
		{5799C397-B050-4319-A837-1020335B4C4A}.Debug|Win32.ActiveCfg = Debug|Win32
		{5799C397-B050-4319-A837-1020335B4C4A}.Debug|Win32.Build.0 = Debug|Win32
		{5799C397-B050-4319-A837-1020335B4C4A}.Debug|x64.ActiveCfg = Debug|x64
		{5799C397-B050-4319-A837-1020335B4C4A}.Debug|x64.Build.0 = Debug|x64
		{5799C397-B050-4319-A837-1020335B4C4A}.Release|Win32.ActiveCfg = Release|Win32
		{5799C397-B050-4319-A837-1020335B4C4A}.Release|Win32.Build.0 = Release|Win32
		{66A5FCAD-F6EC-BFB2-829E-8E446B270062}.Release|x64.ActiveCfg = Release|x64
		{66A5FCAD-F6EC-BFB2-829E-8E446B270062}.Release|x64.Build.0 = Release|x64
		{66A5FCAD-F6EC-BFB2-829E-8E446B270062}.Debug|Win32.ActiveCfg = Debug|Win32
		{66A5FCAD-F6EC-BFB2-829E-8E446B270062}.Debug|Win32.Build.0 = Debug|Win32
		{66A5FCAD-F6EC-BFB2-829E-8E446B270062}.Debug|x64.ActiveCfg = Debug|x64
		{66A5FCAD-F6EC-BFB2-829E-8E446B270062}.Debug|x64.Build.0 = Debug|x64
		{66A5FCAD-F6EC-BFB2-829E-8E446B270062}.Release|Win32.ActiveCfg = Release|Win32
		{66A5FCAD-F6EC-BFB2-829E-8E446B270062}.Release|Win32.Build.0 = Release|Win32
		{87C9C4D1-2949-E3DD-96C4-B2051537D06B}.Release|x64.ActiveCfg = Release|x64
		{87C9C4D1-2949-E3DD-96C4-B2051537D06B}.Release|x64.Build.0 = Release|x64
		{87C9C4D1-2949-E3DD-96C4-B2051537D06B}.Debug|Win32.ActiveCfg = Debug|Win32
		{87C9C4D1-2949-E3DD-96C4-B2051537D06B}.Debug|Win32.Build.0 = Debug|Win32
		{87C9C4D1-2949-E3DD-96C4-B2051537D06B}.Debug|x64.ActiveCfg = Debug|x64
		{87C9C4D1-2949-E3DD-96C4-B2051537D06B}.Debug|x64.Build.0 = Debug|x64
		{87C9C4D1-2949-E3DD-96C4-B2051537D06B}.Release|Win32.ActiveCfg = Release|Win32
		{87C9C4D1-2949-E3DD-96C4-B2051537D06B}.Release|Win32.Build.0 = Release|Win32
		{99B39B85-0543-6901-ED3F-4EF825CE65EF}.Release|x64.ActiveCfg = Release|x64
		{99B39B85-0543-6901-ED3F-4EF825CE65EF}.Release|x64.Build.0 = Release|x64
		{99B39B85-0543-6901-ED3F-4EF825CE65EF}.Debug|Win32.ActiveCfg = Debug|Win32
		{99B39B85-0543-6901-ED3F-4EF825CE65EF}.Debug|Win32.Build.0 = Debug|Win32
		{99B39B85-0543-6901-ED3F-4EF825CE65EF}.Debug|x64.ActiveCfg = Debug|x64
		{99B39B85-0543-6901-ED3F-4EF825CE65EF}.Debug|x64.Build.0 = Debug|x64
		{99B39B85-0543-6901-ED3F-4EF825CE65EF}.Release|Win32.ActiveCfg = Release|Win32
		{99B39B85-0543-6901-ED3F-4EF825CE65EF}.Release|Win32.Build.0 = Release|Win32
		{AAD5426D-371F-1758-CC61-D610C63B3BD0}.Release|x64.ActiveCfg = Release|x64
		{AAD5426D-371F-1758-CC61-D610C63B3BD0}.Release|x64.Build.0 = Release|x64
		{AAD5426D-371F-1758-CC61-D610C63B3BD0}.Debug|Win32.ActiveCfg = Debug|Win32
		{AAD5426D-371F-1758-CC61-D610C63B3BD0}.Debug|Win32.Build.0 = Debug|Win32
		{AAD5426D-371F-1758-CC61-D610C63B3BD0}.Debug|x64.ActiveCfg = Debug|x64
		{AAD5426D-371F-1758-CC61-D610C63B3BD0}.Debug|x64.Build.0 = Debug|x64
		{AAD5426D-371F-1758-CC61-D610C63B3BD0}.Release|Win32.ActiveCfg = Release|Win32
		{AAD5426D-371F-1758-CC61-D610C63B3BD0}.Release|Win32.Build.0 = Release|Win32
		{CA460097-1B04-C07F-5410-0602D5307EDB}.Release|x64.ActiveCfg = Release|x64
		{CA460097-1B04-C07F-5410-0602D5307EDB}.Release|x64.Build.0 = Release|x64
		{CA460097-1B04-C07F-5410-0602D5307EDB}.Debug|Win32.ActiveCfg = Debug|Win32
		{CA460097-1B04-C07F-5410-0602D5307EDB}.Debug|Win32.Build.0 = Debug|Win32
		{CA460097-1B04-C07F-5410-0602D5307EDB}.Debug|x64.ActiveCfg = Debug|x64
		{CA460097-1B04-C07F-5410-0602D5307EDB}.Debug|x64.Build.0 = Debug|x64
		{CA460097-1B04-C07F-5410-0602D5307EDB}.Release|Win32.ActiveCfg = Release|Win32
		{CA460097-1B04-C07F-5410-0602D5307EDB}.Release|Win32.Build.0 = Release|Win32
		{ED9A76B4-3B1F-CC2C-34A1-308BF1882019}.Release|x64.ActiveCfg = Release|x64
		{ED9A76B4-3B1F-CC2C-34A1-308BF1882019}.Release|x64.Build.0 = Release|x64
		{ED9A76B4-3B1F-CC2C-34A1-308BF1882019}.Debug|Win32.ActiveCfg = Debug|Win32
		{ED9A76B4-3B1F-CC2C-34A1-308BF1882019}.Debug|Win32.Build.0 = Debug|Win32
		{ED9A76B4-3B1F-CC2C-34A1-308BF1882019}.Debug|x64.ActiveCfg = Debug|x64
		{ED9A76B4-3B1F-CC2C-34A1-308BF1882019}.Debug|x64.Build.0 = Debug|x64
		{ED9A76B4-3B1F-CC2C-34A1-308BF1882019}.Release|Win32.ActiveCfg = Release|Win32
		{ED9A76B4-3B1F-CC2C-34A1-308BF1882019}.Release|Win32.Build.0 = Release|Win32
		{F85A2AD8-94F2-F668-C3A1-6B063F2BC49B}.Release|x64.ActiveCfg = Release|x64
		{F85A2AD8-94F2-F668-C3A1-6B063F2BC49B}.Release|x64.Build.0 = Release|x64
		{F85A2AD8-94F2-F668-C3A1-6B063F2BC49B}.Debug|Win32.ActiveCfg = Debug|Win32
		{F85A2AD8-94F2-F668-C3A1-6B063F2BC49B}.Debug|Win32.Build.0 = Debug|Win32
		{F85A2AD8-94F2-F668-C3A1-6B063F2BC49B}.Debug|x64.ActiveCfg = Debug|x64
		{F85A2AD8-94F2-F668-C3A1-6B063F2BC49B}.Debug|x64.Build.0 = Debug|x64
		{F85A2AD8-94F2-F668-C3A1-6B063F2BC49B}.Release|Win32.ActiveCfg = Release|Win32
		{F85A2AD8-94F2-F668-C3A1-6B063F2BC49B}.Release|Win32.Build.0 = Release|Win32
		{FB000549-B206-9FC5-7D72-7F5DF01B60D9}.Release|x64.ActiveCfg = Release|x64
		{FB000549-B206-9FC5-7D72-7F5DF01B60D9}.Release|x64.Build.0 = Release|x64
		{FB000549-B206-9FC5-7D72-7F5DF01B60D9}.Debug|Win32.ActiveCfg = Debug|Win32
		{FB000549-B206-9FC5-7D72-7F5DF01B60D9}.Debug|Win32.Build.0 = Debug|Win32
		{FB000549-B206-9FC5-7D72-7F5DF01B60D9}.Debug|x64.ActiveCfg = Debug|x64
		{FB000549-B206-9FC5-7D72-7F5DF01B60D9}.Debug|x64.Build.0 = Debug|x64
		{FB000549-B206-9FC5-7D72-7F5DF01B60D9}.Release|Win32.ActiveCfg = Release|Win32
		{FB000549-B206-9FC5-7D72-7F5DF01B60D9}.Release|Win32.Build.0 = Release|Win32
	EndGlobalSection
	GlobalSection(SolutionProperties) = preSolution
		HideSolutionNode = FALSE
	EndGlobalSection
EndGlobal
