Microsoft Visual Studio Solution File, Format Version 13.00
# Visual Studio 2013
Project("{8BC9CEB8-8B4A-11D0-8D11-00A0C91BC942}") = "allocator_extension_thunks", "..\base\allocator\allocator_extension_thunks.vcxproj", "{A5603A60-4678-AE7B-882D-82B93ACCDB7B}"
EndProject
Project("{8BC9CEB8-8B4A-11D0-8D11-00A0C91BC942}") = "base", "..\base\base.vcxproj", "{172ACA0E-7F94-B976-1907-584B06DF343F}"
EndProject
Project("{8BC9CEB8-8B4A-11D0-8D11-00A0C91BC942}") = "base_i18n", "..\base\base_i18n.vcxproj", "{45DF95C8-F10E-BF98-CD34-0A67E717958F}"
EndProject
Project("{8BC9CEB8-8B4A-11D0-8D11-00A0C91BC942}") = "base_static", "..\base\base_static.vcxproj", "{2825DBE9-73BA-7A57-CC8A-83CE840DDC23}"
EndProject
Project("{8BC9CEB8-8B4A-11D0-8D11-00A0C91BC942}") = "crash_cache", "crash_cache.vcxproj", "{E41171BD-026E-B8FC-4773-47CEC423ABDD}"
EndProject
Project("{8BC9CEB8-8B4A-11D0-8D11-00A0C91BC942}") = "crl_set_dump", "crl_set_dump.vcxproj", "{BA024C23-6248-9EE6-D9A7-0B4B07872F65}"
EndProject
Project("{8BC9CEB8-8B4A-11D0-8D11-00A0C91BC942}") = "crypto", "..\crypto\crypto.vcxproj", "{B5CE8410-9BBD-EEB4-3B3C-2FA5679D416B}"
EndProject
Project("{8BC9CEB8-8B4A-11D0-8D11-00A0C91BC942}") = "dns_fuzz_stub", "dns_fuzz_stub.vcxproj", "{2EA1BF98-07E6-11C0-BFB6-89996B552C91}"
EndProject
Project("{8BC9CEB8-8B4A-11D0-8D11-00A0C91BC942}") = "dump_cache", "dump_cache.vcxproj", "{97F91AE4-9B71-6D25-001D-9B64A57B1821}"
EndProject
Project("{8BC9CEB8-8B4A-11D0-8D11-00A0C91BC942}") = "dynamic_annotations", "..\base\third_party\dynamic_annotations\dynamic_annotations.vcxproj", "{CC50B24B-6453-5A3C-408A-2532681C8E6C}"
EndProject
Project("{8BC9CEB8-8B4A-11D0-8D11-00A0C91BC942}") = "gdig", "gdig.vcxproj", "{281762D6-6900-4C4B-0785-E7BB7A8187B9}"
EndProject
Project("{8BC9CEB8-8B4A-11D0-8D11-00A0C91BC942}") = "generate_trig_table", "..\v8\tools\gyp\generate_trig_table.vcxproj", "{AAD5426D-371F-1758-CC61-D610C63B3BD0}"
EndProject
Project("{8BC9CEB8-8B4A-11D0-8D11-00A0C91BC942}") = "get_server_time", "get_server_time.vcxproj", "{1F80883E-CBB6-F6CF-638F-2B562A6D5BF2}"
EndProject
Project("{8BC9CEB8-8B4A-11D0-8D11-00A0C91BC942}") = "gin", "..\gin\gin.vcxproj", "{9472332E-C0F0-7C57-F2AD-D01EEAE351CF}"
EndProject
Project("{8BC9CEB8-8B4A-11D0-8D11-00A0C91BC942}") = "gmock", "..\testing\gmock.vcxproj", "{F6AA29AB-5CE6-5415-E936-9D49BB59C133}"
EndProject
Project("{8BC9CEB8-8B4A-11D0-8D11-00A0C91BC942}") = "gtest", "..\testing\gtest.vcxproj", "{2096C3EC-B360-99E9-2AE3-6C3BB1A5601C}"
EndProject
Project("{8BC9CEB8-8B4A-11D0-8D11-00A0C91BC942}") = "gtest_prod", "..\testing\gtest_prod.vcxproj", "{E01716F2-BBC0-8BC4-EB59-CE7DC6DC5126}"
EndProject
Project("{8BC9CEB8-8B4A-11D0-8D11-00A0C91BC942}") = "hpack_example_generator", "hpack_example_generator.vcxproj", "{72BE919E-3975-0BAA-E483-3500164D556A}"
EndProject
Project("{8BC9CEB8-8B4A-11D0-8D11-00A0C91BC942}") = "hpack_fuzz_mutator", "hpack_fuzz_mutator.vcxproj", "{B55ED763-B0B4-BA1B-FF32-F3D652E257CE}"
EndProject
Project("{8BC9CEB8-8B4A-11D0-8D11-00A0C91BC942}") = "hpack_fuzz_wrapper", "hpack_fuzz_wrapper.vcxproj", "{D9CAE460-F5C1-5D04-EF5F-92533313D8E8}"
EndProject
Project("{8BC9CEB8-8B4A-11D0-8D11-00A0C91BC942}") = "http_server", "http_server.vcxproj", "{D2775B9E-FAF8-38E1-B723-29E437C82C73}"
EndProject
Project("{8BC9CEB8-8B4A-11D0-8D11-00A0C91BC942}") = "icudata", "..\third_party\icu\icudata.vcxproj", "{1191130C-D0D8-2982-A38E-75764D43A665}"
EndProject
Project("{8BC9CEB8-8B4A-11D0-8D11-00A0C91BC942}") = "icui18n", "..\third_party\icu\icui18n.vcxproj", "{F85A2AD8-94F2-F668-C3A1-6B063F2BC49B}"
EndProject
Project("{8BC9CEB8-8B4A-11D0-8D11-00A0C91BC942}") = "icuuc", "..\third_party\icu\icuuc.vcxproj", "{CA460097-1B04-C07F-5410-0602D5307EDB}"
EndProject
Project("{8BC9CEB8-8B4A-11D0-8D11-00A0C91BC942}") = "js2c", "..\v8\tools\gyp\js2c.vcxproj", "{99B39B85-0543-6901-ED3F-4EF825CE65EF}"
EndProject
Project("{8BC9CEB8-8B4A-11D0-8D11-00A0C91BC942}") = "libssl", "third_party\nss\libssl.vcxproj", "{FCC2DBFB-34D7-16E5-E91E-A599ABDEFE5B}"
EndProject
Project("{8BC9CEB8-8B4A-11D0-8D11-00A0C91BC942}") = "libxml", "..\third_party\libxml\libxml.vcxproj", "{BD85A424-0CAA-F62C-28F9-0F238F350AA3}"
EndProject
Project("{8BC9CEB8-8B4A-11D0-8D11-00A0C91BC942}") = "mksnapshot.ia32", "..\v8\tools\gyp\mksnapshot.ia32.vcxproj", "{87C9C4D1-2949-E3DD-96C4-B2051537D06B}"
EndProject
Project("{8BC9CEB8-8B4A-11D0-8D11-00A0C91BC942}") = "modp_b64", "..\third_party\modp_b64\modp_b64.vcxproj", "{7E21472D-EE38-2E6A-A6C3-FA938903A3E4}"
EndProject
Project("{8BC9CEB8-8B4A-11D0-8D11-00A0C91BC942}") = "net", "net.vcxproj", "{A521ED93-B4FC-FADA-1F6D-D3F8FA83F70C}"
EndProject
Project("{8BC9CEB8-8B4A-11D0-8D11-00A0C91BC942}") = "net_derived_sources", "net_derived_sources.vcxproj", "{4509CA59-DD41-1F61-78B1-CBEA09105184}"
EndProject
Project("{8BC9CEB8-8B4A-11D0-8D11-00A0C91BC942}") = "net_perftests", "net_perftests.vcxproj", "{5D809CA5-C3F5-0D60-2820-44D6A48141C3}"
EndProject
Project("{8BC9CEB8-8B4A-11D0-8D11-00A0C91BC942}") = "net_resources", "net_resources.vcxproj", "{B74814F4-288C-E53C-E0BD-3674B2405AF5}"
EndProject
Project("{8BC9CEB8-8B4A-11D0-8D11-00A0C91BC942}") = "net_test_support", "net_test_support.vcxproj", "{B68F1B4B-BBCF-D8CC-CFC2-24F528F44017}"
EndProject
Project("{8BC9CEB8-8B4A-11D0-8D11-00A0C91BC942}") = "net_unittests", "net_unittests.vcxproj", "{BFF8D035-780A-9976-4E09-9A71983FD10A}"
EndProject
Project("{8BC9CEB8-8B4A-11D0-8D11-00A0C91BC942}") = "net_unittests_run", "net_unittests_run.vcxproj", "{D566FB32-576F-5D31-37A0-06B58727E153}"
EndProject
Project("{8BC9CEB8-8B4A-11D0-8D11-00A0C91BC942}") = "net_watcher", "net_watcher.vcxproj", "{9D71AF7D-A731-3EB9-EEC9-445D5A51C7E8}"
EndProject
Project("{8BC9CEB8-8B4A-11D0-8D11-00A0C91BC942}") = "net_with_v8", "net_with_v8.vcxproj", "{CF6A57D9-6268-DE45-FDBB-70280D32B213}"
EndProject
Project("{8BC9CEB8-8B4A-11D0-8D11-00A0C91BC942}") = "nspr", "..\third_party\nss\nspr.vcxproj", "{A787E957-10C3-E297-F5AC-DBFDE4190BAA}"
EndProject
Project("{8BC9CEB8-8B4A-11D0-8D11-00A0C91BC942}") = "nss", "..\third_party\nss\nss.vcxproj", "{9AA8E56F-B895-905A-3A0F-AB0F32F73302}"
EndProject
Project("{8BC9CEB8-8B4A-11D0-8D11-00A0C91BC942}") = "nss_static", "..\third_party\nss\nss_static.vcxproj", "{1E4FFE1C-1A82-37CA-19B5-D19AD53FA970}"
EndProject
Project("{8BC9CEB8-8B4A-11D0-8D11-00A0C91BC942}") = "py_proto", "..\third_party\protobuf\py_proto.vcxproj", "{BEC0390A-45D2-2870-9CB6-6F902F5E7B2D}"
EndProject
Project("{8BC9CEB8-8B4A-11D0-8D11-00A0C91BC942}") = "run_testserver", "run_testserver.vcxproj", "{A7B72AC6-95B4-1E85-B86F-5C131001CE71}"
EndProject
Project("{8BC9CEB8-8B4A-11D0-8D11-00A0C91BC942}") = "sdch", "..\sdch\sdch.vcxproj", "{8A6A8323-0DDA-03C9-29E4-900140AA4873}"
EndProject
Project("{8BC9CEB8-8B4A-11D0-8D11-00A0C91BC942}") = "sqlite", "..\third_party\sqlite\sqlite.vcxproj", "{148D7EEA-6428-8E40-8275-5DFB650D768D}"
EndProject
Project("{8BC9CEB8-8B4A-11D0-8D11-00A0C91BC942}") = "stress_cache", "stress_cache.vcxproj", "{CBA04CFF-E973-207E-F4A3-77D64182525A}"
EndProject
Project("{8BC9CEB8-8B4A-11D0-8D11-00A0C91BC942}") = "test_support_base", "..\base\test_support_base.vcxproj", "{C5D85E61-EE53-6AD4-DA03-7231BC95A29E}"
EndProject
Project("{8BC9CEB8-8B4A-11D0-8D11-00A0C91BC942}") = "test_support_perf", "..\base\test_support_perf.vcxproj", "{BC1D039C-9D16-6AAB-CD85-E9AF91FCDE69}"
EndProject
Project("{8BC9CEB8-8B4A-11D0-8D11-00A0C91BC942}") = "tld_cleanup", "tld_cleanup.vcxproj", "{4C711BD5-1103-A0C0-A2CF-D1EE16FCF9E9}"
EndProject
Project("{8BC9CEB8-8B4A-11D0-8D11-00A0C91BC942}") = "tld_cleanup_util", "tools\tld_cleanup\tld_cleanup_util.vcxproj", "{51F1570B-E3EF-CDC3-F058-BD9C2A8D3FE3}"
EndProject
Project("{8BC9CEB8-8B4A-11D0-8D11-00A0C91BC942}") = "url_lib", "..\url\url_lib.vcxproj", "{3C4CF17E-4AE3-15D7-D989-44C263993CC0}"
EndProject
Project("{8BC9CEB8-8B4A-11D0-8D11-00A0C91BC942}") = "v8", "..\v8\tools\gyp\v8.vcxproj", "{FB000549-B206-9FC5-7D72-7F5DF01B60D9}"
EndProject
Project("{8BC9CEB8-8B4A-11D0-8D11-00A0C91BC942}") = "v8_base.ia32", "..\v8\tools\gyp\v8_base.ia32.vcxproj", "{4BDBD265-20EE-A94A-D30E-D6062168A779}"
EndProject
Project("{8BC9CEB8-8B4A-11D0-8D11-00A0C91BC942}") = "v8_libbase.ia32", "..\v8\tools\gyp\v8_libbase.ia32.vcxproj", "{ED9A76B4-3B1F-CC2C-34A1-308BF1882019}"
EndProject
Project("{8BC9CEB8-8B4A-11D0-8D11-00A0C91BC942}") = "v8_nosnapshot.ia32", "..\v8\tools\gyp\v8_nosnapshot.ia32.vcxproj", "{66A5FCAD-F6EC-BFB2-829E-8E446B270062}"
EndProject
Project("{8BC9CEB8-8B4A-11D0-8D11-00A0C91BC942}") = "v8_snapshot", "..\v8\tools\gyp\v8_snapshot.vcxproj", "{5799C397-B050-4319-A837-1020335B4C4A}"
EndProject
Project("{8BC9CEB8-8B4A-11D0-8D11-00A0C91BC942}") = "zlib", "..\third_party\zlib\zlib.vcxproj", "{487496A6-0D23-6CC9-4137-308EEA9B1B45}"
EndProject
Global
	GlobalSection(SolutionConfigurationPlatforms) = preSolution
		Release|x64 = Release|x64
		Debug|Win32 = Debug|Win32
		Debug|x64 = Debug|x64
		Release|Win32 = Release|Win32
	EndGlobalSection
	GlobalSection(ProjectConfigurationPlatforms) = postSolution
		{1191130C-D0D8-2982-A38E-75764D43A665}.Release|x64.ActiveCfg = Release|x64
		{1191130C-D0D8-2982-A38E-75764D43A665}.Release|x64.Build.0 = Release|x64
		{1191130C-D0D8-2982-A38E-75764D43A665}.Debug|Win32.ActiveCfg = Debug|Win32
		{1191130C-D0D8-2982-A38E-75764D43A665}.Debug|Win32.Build.0 = Debug|Win32
		{1191130C-D0D8-2982-A38E-75764D43A665}.Debug|x64.ActiveCfg = Debug|x64
		{1191130C-D0D8-2982-A38E-75764D43A665}.Debug|x64.Build.0 = Debug|x64
		{1191130C-D0D8-2982-A38E-75764D43A665}.Release|Win32.ActiveCfg = Release|Win32
		{1191130C-D0D8-2982-A38E-75764D43A665}.Release|Win32.Build.0 = Release|Win32
		{148D7EEA-6428-8E40-8275-5DFB650D768D}.Release|x64.ActiveCfg = Release|x64
		{148D7EEA-6428-8E40-8275-5DFB650D768D}.Release|x64.Build.0 = Release|x64
		{148D7EEA-6428-8E40-8275-5DFB650D768D}.Debug|Win32.ActiveCfg = Debug|Win32
		{148D7EEA-6428-8E40-8275-5DFB650D768D}.Debug|Win32.Build.0 = Debug|Win32
		{148D7EEA-6428-8E40-8275-5DFB650D768D}.Debug|x64.ActiveCfg = Debug|x64
		{148D7EEA-6428-8E40-8275-5DFB650D768D}.Debug|x64.Build.0 = Debug|x64
		{148D7EEA-6428-8E40-8275-5DFB650D768D}.Release|Win32.ActiveCfg = Release|Win32
		{148D7EEA-6428-8E40-8275-5DFB650D768D}.Release|Win32.Build.0 = Release|Win32
		{172ACA0E-7F94-B976-1907-584B06DF343F}.Release|x64.ActiveCfg = Release|x64
		{172ACA0E-7F94-B976-1907-584B06DF343F}.Release|x64.Build.0 = Release|x64
		{172ACA0E-7F94-B976-1907-584B06DF343F}.Debug|Win32.ActiveCfg = Debug|Win32
		{172ACA0E-7F94-B976-1907-584B06DF343F}.Debug|Win32.Build.0 = Debug|Win32
		{172ACA0E-7F94-B976-1907-584B06DF343F}.Debug|x64.ActiveCfg = Debug|x64
		{172ACA0E-7F94-B976-1907-584B06DF343F}.Debug|x64.Build.0 = Debug|x64
		{172ACA0E-7F94-B976-1907-584B06DF343F}.Release|Win32.ActiveCfg = Release|Win32
		{172ACA0E-7F94-B976-1907-584B06DF343F}.Release|Win32.Build.0 = Release|Win32
		{1E4FFE1C-1A82-37CA-19B5-D19AD53FA970}.Release|x64.ActiveCfg = Release|x64
		{1E4FFE1C-1A82-37CA-19B5-D19AD53FA970}.Release|x64.Build.0 = Release|x64
		{1E4FFE1C-1A82-37CA-19B5-D19AD53FA970}.Debug|Win32.ActiveCfg = Debug|Win32
		{1E4FFE1C-1A82-37CA-19B5-D19AD53FA970}.Debug|Win32.Build.0 = Debug|Win32
		{1E4FFE1C-1A82-37CA-19B5-D19AD53FA970}.Debug|x64.ActiveCfg = Debug|x64
		{1E4FFE1C-1A82-37CA-19B5-D19AD53FA970}.Debug|x64.Build.0 = Debug|x64
		{1E4FFE1C-1A82-37CA-19B5-D19AD53FA970}.Release|Win32.ActiveCfg = Release|Win32
		{1E4FFE1C-1A82-37CA-19B5-D19AD53FA970}.Release|Win32.Build.0 = Release|Win32
		{1F80883E-CBB6-F6CF-638F-2B562A6D5BF2}.Release|x64.ActiveCfg = Release|x64
		{1F80883E-CBB6-F6CF-638F-2B562A6D5BF2}.Release|x64.Build.0 = Release|x64
		{1F80883E-CBB6-F6CF-638F-2B562A6D5BF2}.Debug|Win32.ActiveCfg = Debug|Win32
		{1F80883E-CBB6-F6CF-638F-2B562A6D5BF2}.Debug|Win32.Build.0 = Debug|Win32
		{1F80883E-CBB6-F6CF-638F-2B562A6D5BF2}.Debug|x64.ActiveCfg = Debug|x64
		{1F80883E-CBB6-F6CF-638F-2B562A6D5BF2}.Debug|x64.Build.0 = Debug|x64
		{1F80883E-CBB6-F6CF-638F-2B562A6D5BF2}.Release|Win32.ActiveCfg = Release|Win32
		{1F80883E-CBB6-F6CF-638F-2B562A6D5BF2}.Release|Win32.Build.0 = Release|Win32
		{2096C3EC-B360-99E9-2AE3-6C3BB1A5601C}.Release|x64.ActiveCfg = Release|x64
		{2096C3EC-B360-99E9-2AE3-6C3BB1A5601C}.Release|x64.Build.0 = Release|x64
		{2096C3EC-B360-99E9-2AE3-6C3BB1A5601C}.Debug|Win32.ActiveCfg = Debug|Win32
		{2096C3EC-B360-99E9-2AE3-6C3BB1A5601C}.Debug|Win32.Build.0 = Debug|Win32
		{2096C3EC-B360-99E9-2AE3-6C3BB1A5601C}.Debug|x64.ActiveCfg = Debug|x64
		{2096C3EC-B360-99E9-2AE3-6C3BB1A5601C}.Debug|x64.Build.0 = Debug|x64
		{2096C3EC-B360-99E9-2AE3-6C3BB1A5601C}.Release|Win32.ActiveCfg = Release|Win32
		{2096C3EC-B360-99E9-2AE3-6C3BB1A5601C}.Release|Win32.Build.0 = Release|Win32
		{281762D6-6900-4C4B-0785-E7BB7A8187B9}.Release|x64.ActiveCfg = Release|x64
		{281762D6-6900-4C4B-0785-E7BB7A8187B9}.Release|x64.Build.0 = Release|x64
		{281762D6-6900-4C4B-0785-E7BB7A8187B9}.Debug|Win32.ActiveCfg = Debug|Win32
		{281762D6-6900-4C4B-0785-E7BB7A8187B9}.Debug|Win32.Build.0 = Debug|Win32
		{281762D6-6900-4C4B-0785-E7BB7A8187B9}.Debug|x64.ActiveCfg = Debug|x64
		{281762D6-6900-4C4B-0785-E7BB7A8187B9}.Debug|x64.Build.0 = Debug|x64
		{281762D6-6900-4C4B-0785-E7BB7A8187B9}.Release|Win32.ActiveCfg = Release|Win32
		{281762D6-6900-4C4B-0785-E7BB7A8187B9}.Release|Win32.Build.0 = Release|Win32
		{2825DBE9-73BA-7A57-CC8A-83CE840DDC23}.Release|x64.ActiveCfg = Release|x64
		{2825DBE9-73BA-7A57-CC8A-83CE840DDC23}.Release|x64.Build.0 = Release|x64
		{2825DBE9-73BA-7A57-CC8A-83CE840DDC23}.Debug|Win32.ActiveCfg = Debug|Win32
		{2825DBE9-73BA-7A57-CC8A-83CE840DDC23}.Debug|Win32.Build.0 = Debug|Win32
		{2825DBE9-73BA-7A57-CC8A-83CE840DDC23}.Debug|x64.ActiveCfg = Debug|x64
		{2825DBE9-73BA-7A57-CC8A-83CE840DDC23}.Debug|x64.Build.0 = Debug|x64
		{2825DBE9-73BA-7A57-CC8A-83CE840DDC23}.Release|Win32.ActiveCfg = Release|Win32
		{2825DBE9-73BA-7A57-CC8A-83CE840DDC23}.Release|Win32.Build.0 = Release|Win32
		{2EA1BF98-07E6-11C0-BFB6-89996B552C91}.Release|x64.ActiveCfg = Release|x64
		{2EA1BF98-07E6-11C0-BFB6-89996B552C91}.Release|x64.Build.0 = Release|x64
		{2EA1BF98-07E6-11C0-BFB6-89996B552C91}.Debug|Win32.ActiveCfg = Debug|Win32
		{2EA1BF98-07E6-11C0-BFB6-89996B552C91}.Debug|Win32.Build.0 = Debug|Win32
		{2EA1BF98-07E6-11C0-BFB6-89996B552C91}.Debug|x64.ActiveCfg = Debug|x64
		{2EA1BF98-07E6-11C0-BFB6-89996B552C91}.Debug|x64.Build.0 = Debug|x64
		{2EA1BF98-07E6-11C0-BFB6-89996B552C91}.Release|Win32.ActiveCfg = Release|Win32
		{2EA1BF98-07E6-11C0-BFB6-89996B552C91}.Release|Win32.Build.0 = Release|Win32
		{3C4CF17E-4AE3-15D7-D989-44C263993CC0}.Release|x64.ActiveCfg = Release|x64
		{3C4CF17E-4AE3-15D7-D989-44C263993CC0}.Release|x64.Build.0 = Release|x64
		{3C4CF17E-4AE3-15D7-D989-44C263993CC0}.Debug|Win32.ActiveCfg = Debug|Win32
		{3C4CF17E-4AE3-15D7-D989-44C263993CC0}.Debug|Win32.Build.0 = Debug|Win32
		{3C4CF17E-4AE3-15D7-D989-44C263993CC0}.Debug|x64.ActiveCfg = Debug|x64
		{3C4CF17E-4AE3-15D7-D989-44C263993CC0}.Debug|x64.Build.0 = Debug|x64
		{3C4CF17E-4AE3-15D7-D989-44C263993CC0}.Release|Win32.ActiveCfg = Release|Win32
		{3C4CF17E-4AE3-15D7-D989-44C263993CC0}.Release|Win32.Build.0 = Release|Win32
		{4509CA59-DD41-1F61-78B1-CBEA09105184}.Release|x64.ActiveCfg = Release|x64
		{4509CA59-DD41-1F61-78B1-CBEA09105184}.Release|x64.Build.0 = Release|x64
		{4509CA59-DD41-1F61-78B1-CBEA09105184}.Debug|Win32.ActiveCfg = Debug|Win32
		{4509CA59-DD41-1F61-78B1-CBEA09105184}.Debug|Win32.Build.0 = Debug|Win32
		{4509CA59-DD41-1F61-78B1-CBEA09105184}.Debug|x64.ActiveCfg = Debug|x64
		{4509CA59-DD41-1F61-78B1-CBEA09105184}.Debug|x64.Build.0 = Debug|x64
		{4509CA59-DD41-1F61-78B1-CBEA09105184}.Release|Win32.ActiveCfg = Release|Win32
		{4509CA59-DD41-1F61-78B1-CBEA09105184}.Release|Win32.Build.0 = Release|Win32
		{45DF95C8-F10E-BF98-CD34-0A67E717958F}.Release|x64.ActiveCfg = Release|x64
		{45DF95C8-F10E-BF98-CD34-0A67E717958F}.Release|x64.Build.0 = Release|x64
		{45DF95C8-F10E-BF98-CD34-0A67E717958F}.Debug|Win32.ActiveCfg = Debug|Win32
		{45DF95C8-F10E-BF98-CD34-0A67E717958F}.Debug|Win32.Build.0 = Debug|Win32
		{45DF95C8-F10E-BF98-CD34-0A67E717958F}.Debug|x64.ActiveCfg = Debug|x64
		{45DF95C8-F10E-BF98-CD34-0A67E717958F}.Debug|x64.Build.0 = Debug|x64
		{45DF95C8-F10E-BF98-CD34-0A67E717958F}.Release|Win32.ActiveCfg = Release|Win32
		{45DF95C8-F10E-BF98-CD34-0A67E717958F}.Release|Win32.Build.0 = Release|Win32
		{487496A6-0D23-6CC9-4137-308EEA9B1B45}.Release|x64.ActiveCfg = Release|x64
		{487496A6-0D23-6CC9-4137-308EEA9B1B45}.Release|x64.Build.0 = Release|x64
		{487496A6-0D23-6CC9-4137-308EEA9B1B45}.Debug|Win32.ActiveCfg = Debug|Win32
		{487496A6-0D23-6CC9-4137-308EEA9B1B45}.Debug|Win32.Build.0 = Debug|Win32
		{487496A6-0D23-6CC9-4137-308EEA9B1B45}.Debug|x64.ActiveCfg = Debug|x64
		{487496A6-0D23-6CC9-4137-308EEA9B1B45}.Debug|x64.Build.0 = Debug|x64
		{487496A6-0D23-6CC9-4137-308EEA9B1B45}.Release|Win32.ActiveCfg = Release|Win32
		{487496A6-0D23-6CC9-4137-308EEA9B1B45}.Release|Win32.Build.0 = Release|Win32
		{4BDBD265-20EE-A94A-D30E-D6062168A779}.Release|x64.ActiveCfg = Release|x64
		{4BDBD265-20EE-A94A-D30E-D6062168A779}.Release|x64.Build.0 = Release|x64
		{4BDBD265-20EE-A94A-D30E-D6062168A779}.Debug|Win32.ActiveCfg = Debug|Win32
		{4BDBD265-20EE-A94A-D30E-D6062168A779}.Debug|Win32.Build.0 = Debug|Win32
		{4BDBD265-20EE-A94A-D30E-D6062168A779}.Debug|x64.ActiveCfg = Debug|x64
		{4BDBD265-20EE-A94A-D30E-D6062168A779}.Debug|x64.Build.0 = Debug|x64
		{4BDBD265-20EE-A94A-D30E-D6062168A779}.Release|Win32.ActiveCfg = Release|Win32
		{4BDBD265-20EE-A94A-D30E-D6062168A779}.Release|Win32.Build.0 = Release|Win32
		{4C711BD5-1103-A0C0-A2CF-D1EE16FCF9E9}.Release|x64.ActiveCfg = Release|x64
		{4C711BD5-1103-A0C0-A2CF-D1EE16FCF9E9}.Release|x64.Build.0 = Release|x64
		{4C711BD5-1103-A0C0-A2CF-D1EE16FCF9E9}.Debug|Win32.ActiveCfg = Debug|Win32
		{4C711BD5-1103-A0C0-A2CF-D1EE16FCF9E9}.Debug|Win32.Build.0 = Debug|Win32
		{4C711BD5-1103-A0C0-A2CF-D1EE16FCF9E9}.Debug|x64.ActiveCfg = Debug|x64
		{4C711BD5-1103-A0C0-A2CF-D1EE16FCF9E9}.Debug|x64.Build.0 = Debug|x64
		{4C711BD5-1103-A0C0-A2CF-D1EE16FCF9E9}.Release|Win32.ActiveCfg = Release|Win32
		{4C711BD5-1103-A0C0-A2CF-D1EE16FCF9E9}.Release|Win32.Build.0 = Release|Win32
		{51F1570B-E3EF-CDC3-F058-BD9C2A8D3FE3}.Release|x64.ActiveCfg = Release|x64
		{51F1570B-E3EF-CDC3-F058-BD9C2A8D3FE3}.Release|x64.Build.0 = Release|x64
		{51F1570B-E3EF-CDC3-F058-BD9C2A8D3FE3}.Debug|Win32.ActiveCfg = Debug|Win32
		{51F1570B-E3EF-CDC3-F058-BD9C2A8D3FE3}.Debug|Win32.Build.0 = Debug|Win32
		{51F1570B-E3EF-CDC3-F058-BD9C2A8D3FE3}.Debug|x64.ActiveCfg = Debug|x64
		{51F1570B-E3EF-CDC3-F058-BD9C2A8D3FE3}.Debug|x64.Build.0 = Debug|x64
		{51F1570B-E3EF-CDC3-F058-BD9C2A8D3FE3}.Release|Win32.ActiveCfg = Release|Win32
		{51F1570B-E3EF-CDC3-F058-BD9C2A8D3FE3}.Release|Win32.Build.0 = Release|Win32
		{5799C397-B050-4319-A837-1020335B4C4A}.Release|x64.ActiveCfg = Release|x64
		{5799C397-B050-4319-A837-1020335B4C4A}.Release|x64.Build.0 = Release|x64
		{5799C397-B050-4319-A837-1020335B4C4A}.Debug|Win32.ActiveCfg = Debug|Win32
		{5799C397-B050-4319-A837-1020335B4C4A}.Debug|Win32.Build.0 = Debug|Win32
		{5799C397-B050-4319-A837-1020335B4C4A}.Debug|x64.ActiveCfg = Debug|x64
		{5799C397-B050-4319-A837-1020335B4C4A}.Debug|x64.Build.0 = Debug|x64
		{5799C397-B050-4319-A837-1020335B4C4A}.Release|Win32.ActiveCfg = Release|Win32
		{5799C397-B050-4319-A837-1020335B4C4A}.Release|Win32.Build.0 = Release|Win32
		{5D809CA5-C3F5-0D60-2820-44D6A48141C3}.Release|x64.ActiveCfg = Release|x64
		{5D809CA5-C3F5-0D60-2820-44D6A48141C3}.Release|x64.Build.0 = Release|x64
		{5D809CA5-C3F5-0D60-2820-44D6A48141C3}.Debug|Win32.ActiveCfg = Debug|Win32
		{5D809CA5-C3F5-0D60-2820-44D6A48141C3}.Debug|Win32.Build.0 = Debug|Win32
		{5D809CA5-C3F5-0D60-2820-44D6A48141C3}.Debug|x64.ActiveCfg = Debug|x64
		{5D809CA5-C3F5-0D60-2820-44D6A48141C3}.Debug|x64.Build.0 = Debug|x64
		{5D809CA5-C3F5-0D60-2820-44D6A48141C3}.Release|Win32.ActiveCfg = Release|Win32
		{5D809CA5-C3F5-0D60-2820-44D6A48141C3}.Release|Win32.Build.0 = Release|Win32
		{66A5FCAD-F6EC-BFB2-829E-8E446B270062}.Release|x64.ActiveCfg = Release|x64
		{66A5FCAD-F6EC-BFB2-829E-8E446B270062}.Release|x64.Build.0 = Release|x64
		{66A5FCAD-F6EC-BFB2-829E-8E446B270062}.Debug|Win32.ActiveCfg = Debug|Win32
		{66A5FCAD-F6EC-BFB2-829E-8E446B270062}.Debug|Win32.Build.0 = Debug|Win32
		{66A5FCAD-F6EC-BFB2-829E-8E446B270062}.Debug|x64.ActiveCfg = Debug|x64
		{66A5FCAD-F6EC-BFB2-829E-8E446B270062}.Debug|x64.Build.0 = Debug|x64
		{66A5FCAD-F6EC-BFB2-829E-8E446B270062}.Release|Win32.ActiveCfg = Release|Win32
		{66A5FCAD-F6EC-BFB2-829E-8E446B270062}.Release|Win32.Build.0 = Release|Win32
		{72BE919E-3975-0BAA-E483-3500164D556A}.Release|x64.ActiveCfg = Release|x64
		{72BE919E-3975-0BAA-E483-3500164D556A}.Release|x64.Build.0 = Release|x64
		{72BE919E-3975-0BAA-E483-3500164D556A}.Debug|Win32.ActiveCfg = Debug|Win32
		{72BE919E-3975-0BAA-E483-3500164D556A}.Debug|Win32.Build.0 = Debug|Win32
		{72BE919E-3975-0BAA-E483-3500164D556A}.Debug|x64.ActiveCfg = Debug|x64
		{72BE919E-3975-0BAA-E483-3500164D556A}.Debug|x64.Build.0 = Debug|x64
		{72BE919E-3975-0BAA-E483-3500164D556A}.Release|Win32.ActiveCfg = Release|Win32
		{72BE919E-3975-0BAA-E483-3500164D556A}.Release|Win32.Build.0 = Release|Win32
		{7E21472D-EE38-2E6A-A6C3-FA938903A3E4}.Release|x64.ActiveCfg = Release|x64
		{7E21472D-EE38-2E6A-A6C3-FA938903A3E4}.Release|x64.Build.0 = Release|x64
		{7E21472D-EE38-2E6A-A6C3-FA938903A3E4}.Debug|Win32.ActiveCfg = Debug|Win32
		{7E21472D-EE38-2E6A-A6C3-FA938903A3E4}.Debug|Win32.Build.0 = Debug|Win32
		{7E21472D-EE38-2E6A-A6C3-FA938903A3E4}.Debug|x64.ActiveCfg = Debug|x64
		{7E21472D-EE38-2E6A-A6C3-FA938903A3E4}.Debug|x64.Build.0 = Debug|x64
		{7E21472D-EE38-2E6A-A6C3-FA938903A3E4}.Release|Win32.ActiveCfg = Release|Win32
		{7E21472D-EE38-2E6A-A6C3-FA938903A3E4}.Release|Win32.Build.0 = Release|Win32
		{87C9C4D1-2949-E3DD-96C4-B2051537D06B}.Release|x64.ActiveCfg = Release|x64
		{87C9C4D1-2949-E3DD-96C4-B2051537D06B}.Release|x64.Build.0 = Release|x64
		{87C9C4D1-2949-E3DD-96C4-B2051537D06B}.Debug|Win32.ActiveCfg = Debug|Win32
		{87C9C4D1-2949-E3DD-96C4-B2051537D06B}.Debug|Win32.Build.0 = Debug|Win32
		{87C9C4D1-2949-E3DD-96C4-B2051537D06B}.Debug|x64.ActiveCfg = Debug|x64
		{87C9C4D1-2949-E3DD-96C4-B2051537D06B}.Debug|x64.Build.0 = Debug|x64
		{87C9C4D1-2949-E3DD-96C4-B2051537D06B}.Release|Win32.ActiveCfg = Release|Win32
		{87C9C4D1-2949-E3DD-96C4-B2051537D06B}.Release|Win32.Build.0 = Release|Win32
		{8A6A8323-0DDA-03C9-29E4-900140AA4873}.Release|x64.ActiveCfg = Release|x64
		{8A6A8323-0DDA-03C9-29E4-900140AA4873}.Release|x64.Build.0 = Release|x64
		{8A6A8323-0DDA-03C9-29E4-900140AA4873}.Debug|Win32.ActiveCfg = Debug|Win32
		{8A6A8323-0DDA-03C9-29E4-900140AA4873}.Debug|Win32.Build.0 = Debug|Win32
		{8A6A8323-0DDA-03C9-29E4-900140AA4873}.Debug|x64.ActiveCfg = Debug|x64
		{8A6A8323-0DDA-03C9-29E4-900140AA4873}.Debug|x64.Build.0 = Debug|x64
		{8A6A8323-0DDA-03C9-29E4-900140AA4873}.Release|Win32.ActiveCfg = Release|Win32
		{8A6A8323-0DDA-03C9-29E4-900140AA4873}.Release|Win32.Build.0 = Release|Win32
		{9472332E-C0F0-7C57-F2AD-D01EEAE351CF}.Release|x64.ActiveCfg = Release|x64
		{9472332E-C0F0-7C57-F2AD-D01EEAE351CF}.Release|x64.Build.0 = Release|x64
		{9472332E-C0F0-7C57-F2AD-D01EEAE351CF}.Debug|Win32.ActiveCfg = Debug|Win32
		{9472332E-C0F0-7C57-F2AD-D01EEAE351CF}.Debug|Win32.Build.0 = Debug|Win32
		{9472332E-C0F0-7C57-F2AD-D01EEAE351CF}.Debug|x64.ActiveCfg = Debug|x64
		{9472332E-C0F0-7C57-F2AD-D01EEAE351CF}.Debug|x64.Build.0 = Debug|x64
		{9472332E-C0F0-7C57-F2AD-D01EEAE351CF}.Release|Win32.ActiveCfg = Release|Win32
		{9472332E-C0F0-7C57-F2AD-D01EEAE351CF}.Release|Win32.Build.0 = Release|Win32
		{97F91AE4-9B71-6D25-001D-9B64A57B1821}.Release|x64.ActiveCfg = Release|x64
		{97F91AE4-9B71-6D25-001D-9B64A57B1821}.Release|x64.Build.0 = Release|x64
		{97F91AE4-9B71-6D25-001D-9B64A57B1821}.Debug|Win32.ActiveCfg = Debug|Win32
		{97F91AE4-9B71-6D25-001D-9B64A57B1821}.Debug|Win32.Build.0 = Debug|Win32
		{97F91AE4-9B71-6D25-001D-9B64A57B1821}.Debug|x64.ActiveCfg = Debug|x64
		{97F91AE4-9B71-6D25-001D-9B64A57B1821}.Debug|x64.Build.0 = Debug|x64
		{97F91AE4-9B71-6D25-001D-9B64A57B1821}.Release|Win32.ActiveCfg = Release|Win32
		{97F91AE4-9B71-6D25-001D-9B64A57B1821}.Release|Win32.Build.0 = Release|Win32
		{99B39B85-0543-6901-ED3F-4EF825CE65EF}.Release|x64.ActiveCfg = Release|x64
		{99B39B85-0543-6901-ED3F-4EF825CE65EF}.Release|x64.Build.0 = Release|x64
		{99B39B85-0543-6901-ED3F-4EF825CE65EF}.Debug|Win32.ActiveCfg = Debug|Win32
		{99B39B85-0543-6901-ED3F-4EF825CE65EF}.Debug|Win32.Build.0 = Debug|Win32
		{99B39B85-0543-6901-ED3F-4EF825CE65EF}.Debug|x64.ActiveCfg = Debug|x64
		{99B39B85-0543-6901-ED3F-4EF825CE65EF}.Debug|x64.Build.0 = Debug|x64
		{99B39B85-0543-6901-ED3F-4EF825CE65EF}.Release|Win32.ActiveCfg = Release|Win32
		{99B39B85-0543-6901-ED3F-4EF825CE65EF}.Release|Win32.Build.0 = Release|Win32
		{9AA8E56F-B895-905A-3A0F-AB0F32F73302}.Release|x64.ActiveCfg = Release|x64
		{9AA8E56F-B895-905A-3A0F-AB0F32F73302}.Release|x64.Build.0 = Release|x64
		{9AA8E56F-B895-905A-3A0F-AB0F32F73302}.Debug|Win32.ActiveCfg = Debug|Win32
		{9AA8E56F-B895-905A-3A0F-AB0F32F73302}.Debug|Win32.Build.0 = Debug|Win32
		{9AA8E56F-B895-905A-3A0F-AB0F32F73302}.Debug|x64.ActiveCfg = Debug|x64
		{9AA8E56F-B895-905A-3A0F-AB0F32F73302}.Debug|x64.Build.0 = Debug|x64
		{9AA8E56F-B895-905A-3A0F-AB0F32F73302}.Release|Win32.ActiveCfg = Release|Win32
		{9AA8E56F-B895-905A-3A0F-AB0F32F73302}.Release|Win32.Build.0 = Release|Win32
		{9D71AF7D-A731-3EB9-EEC9-445D5A51C7E8}.Release|x64.ActiveCfg = Release|x64
		{9D71AF7D-A731-3EB9-EEC9-445D5A51C7E8}.Release|x64.Build.0 = Release|x64
		{9D71AF7D-A731-3EB9-EEC9-445D5A51C7E8}.Debug|Win32.ActiveCfg = Debug|Win32
		{9D71AF7D-A731-3EB9-EEC9-445D5A51C7E8}.Debug|Win32.Build.0 = Debug|Win32
		{9D71AF7D-A731-3EB9-EEC9-445D5A51C7E8}.Debug|x64.ActiveCfg = Debug|x64
		{9D71AF7D-A731-3EB9-EEC9-445D5A51C7E8}.Debug|x64.Build.0 = Debug|x64
		{9D71AF7D-A731-3EB9-EEC9-445D5A51C7E8}.Release|Win32.ActiveCfg = Release|Win32
		{9D71AF7D-A731-3EB9-EEC9-445D5A51C7E8}.Release|Win32.Build.0 = Release|Win32
		{A521ED93-B4FC-FADA-1F6D-D3F8FA83F70C}.Release|x64.ActiveCfg = Release|x64
		{A521ED93-B4FC-FADA-1F6D-D3F8FA83F70C}.Release|x64.Build.0 = Release|x64
		{A521ED93-B4FC-FADA-1F6D-D3F8FA83F70C}.Debug|Win32.ActiveCfg = Debug|Win32
		{A521ED93-B4FC-FADA-1F6D-D3F8FA83F70C}.Debug|Win32.Build.0 = Debug|Win32
		{A521ED93-B4FC-FADA-1F6D-D3F8FA83F70C}.Debug|x64.ActiveCfg = Debug|x64
		{A521ED93-B4FC-FADA-1F6D-D3F8FA83F70C}.Debug|x64.Build.0 = Debug|x64
		{A521ED93-B4FC-FADA-1F6D-D3F8FA83F70C}.Release|Win32.ActiveCfg = Release|Win32
		{A521ED93-B4FC-FADA-1F6D-D3F8FA83F70C}.Release|Win32.Build.0 = Release|Win32
		{A5603A60-4678-AE7B-882D-82B93ACCDB7B}.Release|x64.ActiveCfg = Release|x64
		{A5603A60-4678-AE7B-882D-82B93ACCDB7B}.Release|x64.Build.0 = Release|x64
		{A5603A60-4678-AE7B-882D-82B93ACCDB7B}.Debug|Win32.ActiveCfg = Debug|Win32
		{A5603A60-4678-AE7B-882D-82B93ACCDB7B}.Debug|Win32.Build.0 = Debug|Win32
		{A5603A60-4678-AE7B-882D-82B93ACCDB7B}.Debug|x64.ActiveCfg = Debug|x64
		{A5603A60-4678-AE7B-882D-82B93ACCDB7B}.Debug|x64.Build.0 = Debug|x64
		{A5603A60-4678-AE7B-882D-82B93ACCDB7B}.Release|Win32.ActiveCfg = Release|Win32
		{A5603A60-4678-AE7B-882D-82B93ACCDB7B}.Release|Win32.Build.0 = Release|Win32
		{A787E957-10C3-E297-F5AC-DBFDE4190BAA}.Release|x64.ActiveCfg = Release|x64
		{A787E957-10C3-E297-F5AC-DBFDE4190BAA}.Release|x64.Build.0 = Release|x64
		{A787E957-10C3-E297-F5AC-DBFDE4190BAA}.Debug|Win32.ActiveCfg = Debug|Win32
		{A787E957-10C3-E297-F5AC-DBFDE4190BAA}.Debug|Win32.Build.0 = Debug|Win32
		{A787E957-10C3-E297-F5AC-DBFDE4190BAA}.Debug|x64.ActiveCfg = Debug|x64
		{A787E957-10C3-E297-F5AC-DBFDE4190BAA}.Debug|x64.Build.0 = Debug|x64
		{A787E957-10C3-E297-F5AC-DBFDE4190BAA}.Release|Win32.ActiveCfg = Release|Win32
		{A787E957-10C3-E297-F5AC-DBFDE4190BAA}.Release|Win32.Build.0 = Release|Win32
		{A7B72AC6-95B4-1E85-B86F-5C131001CE71}.Release|x64.ActiveCfg = Release|x64
		{A7B72AC6-95B4-1E85-B86F-5C131001CE71}.Release|x64.Build.0 = Release|x64
		{A7B72AC6-95B4-1E85-B86F-5C131001CE71}.Debug|Win32.ActiveCfg = Debug|Win32
		{A7B72AC6-95B4-1E85-B86F-5C131001CE71}.Debug|Win32.Build.0 = Debug|Win32
		{A7B72AC6-95B4-1E85-B86F-5C131001CE71}.Debug|x64.ActiveCfg = Debug|x64
		{A7B72AC6-95B4-1E85-B86F-5C131001CE71}.Debug|x64.Build.0 = Debug|x64
		{A7B72AC6-95B4-1E85-B86F-5C131001CE71}.Release|Win32.ActiveCfg = Release|Win32
		{A7B72AC6-95B4-1E85-B86F-5C131001CE71}.Release|Win32.Build.0 = Release|Win32
		{AAD5426D-371F-1758-CC61-D610C63B3BD0}.Release|x64.ActiveCfg = Release|x64
		{AAD5426D-371F-1758-CC61-D610C63B3BD0}.Release|x64.Build.0 = Release|x64
		{AAD5426D-371F-1758-CC61-D610C63B3BD0}.Debug|Win32.ActiveCfg = Debug|Win32
		{AAD5426D-371F-1758-CC61-D610C63B3BD0}.Debug|Win32.Build.0 = Debug|Win32
		{AAD5426D-371F-1758-CC61-D610C63B3BD0}.Debug|x64.ActiveCfg = Debug|x64
		{AAD5426D-371F-1758-CC61-D610C63B3BD0}.Debug|x64.Build.0 = Debug|x64
		{AAD5426D-371F-1758-CC61-D610C63B3BD0}.Release|Win32.ActiveCfg = Release|Win32
		{AAD5426D-371F-1758-CC61-D610C63B3BD0}.Release|Win32.Build.0 = Release|Win32
		{B55ED763-B0B4-BA1B-FF32-F3D652E257CE}.Release|x64.ActiveCfg = Release|x64
		{B55ED763-B0B4-BA1B-FF32-F3D652E257CE}.Release|x64.Build.0 = Release|x64
		{B55ED763-B0B4-BA1B-FF32-F3D652E257CE}.Debug|Win32.ActiveCfg = Debug|Win32
		{B55ED763-B0B4-BA1B-FF32-F3D652E257CE}.Debug|Win32.Build.0 = Debug|Win32
		{B55ED763-B0B4-BA1B-FF32-F3D652E257CE}.Debug|x64.ActiveCfg = Debug|x64
		{B55ED763-B0B4-BA1B-FF32-F3D652E257CE}.Debug|x64.Build.0 = Debug|x64
		{B55ED763-B0B4-BA1B-FF32-F3D652E257CE}.Release|Win32.ActiveCfg = Release|Win32
		{B55ED763-B0B4-BA1B-FF32-F3D652E257CE}.Release|Win32.Build.0 = Release|Win32
		{B5CE8410-9BBD-EEB4-3B3C-2FA5679D416B}.Release|x64.ActiveCfg = Release|x64
		{B5CE8410-9BBD-EEB4-3B3C-2FA5679D416B}.Release|x64.Build.0 = Release|x64
		{B5CE8410-9BBD-EEB4-3B3C-2FA5679D416B}.Debug|Win32.ActiveCfg = Debug|Win32
		{B5CE8410-9BBD-EEB4-3B3C-2FA5679D416B}.Debug|Win32.Build.0 = Debug|Win32
		{B5CE8410-9BBD-EEB4-3B3C-2FA5679D416B}.Debug|x64.ActiveCfg = Debug|x64
		{B5CE8410-9BBD-EEB4-3B3C-2FA5679D416B}.Debug|x64.Build.0 = Debug|x64
		{B5CE8410-9BBD-EEB4-3B3C-2FA5679D416B}.Release|Win32.ActiveCfg = Release|Win32
		{B5CE8410-9BBD-EEB4-3B3C-2FA5679D416B}.Release|Win32.Build.0 = Release|Win32
		{B68F1B4B-BBCF-D8CC-CFC2-24F528F44017}.Release|x64.ActiveCfg = Release|x64
		{B68F1B4B-BBCF-D8CC-CFC2-24F528F44017}.Release|x64.Build.0 = Release|x64
		{B68F1B4B-BBCF-D8CC-CFC2-24F528F44017}.Debug|Win32.ActiveCfg = Debug|Win32
		{B68F1B4B-BBCF-D8CC-CFC2-24F528F44017}.Debug|Win32.Build.0 = Debug|Win32
		{B68F1B4B-BBCF-D8CC-CFC2-24F528F44017}.Debug|x64.ActiveCfg = Debug|x64
		{B68F1B4B-BBCF-D8CC-CFC2-24F528F44017}.Debug|x64.Build.0 = Debug|x64
		{B68F1B4B-BBCF-D8CC-CFC2-24F528F44017}.Release|Win32.ActiveCfg = Release|Win32
		{B68F1B4B-BBCF-D8CC-CFC2-24F528F44017}.Release|Win32.Build.0 = Release|Win32
		{B74814F4-288C-E53C-E0BD-3674B2405AF5}.Release|x64.ActiveCfg = Release|x64
		{B74814F4-288C-E53C-E0BD-3674B2405AF5}.Release|x64.Build.0 = Release|x64
		{B74814F4-288C-E53C-E0BD-3674B2405AF5}.Debug|Win32.ActiveCfg = Debug|Win32
		{B74814F4-288C-E53C-E0BD-3674B2405AF5}.Debug|Win32.Build.0 = Debug|Win32
		{B74814F4-288C-E53C-E0BD-3674B2405AF5}.Debug|x64.ActiveCfg = Debug|x64
		{B74814F4-288C-E53C-E0BD-3674B2405AF5}.Debug|x64.Build.0 = Debug|x64
		{B74814F4-288C-E53C-E0BD-3674B2405AF5}.Release|Win32.ActiveCfg = Release|Win32
		{B74814F4-288C-E53C-E0BD-3674B2405AF5}.Release|Win32.Build.0 = Release|Win32
		{BA024C23-6248-9EE6-D9A7-0B4B07872F65}.Release|x64.ActiveCfg = Release|x64
		{BA024C23-6248-9EE6-D9A7-0B4B07872F65}.Release|x64.Build.0 = Release|x64
		{BA024C23-6248-9EE6-D9A7-0B4B07872F65}.Debug|Win32.ActiveCfg = Debug|Win32
		{BA024C23-6248-9EE6-D9A7-0B4B07872F65}.Debug|Win32.Build.0 = Debug|Win32
		{BA024C23-6248-9EE6-D9A7-0B4B07872F65}.Debug|x64.ActiveCfg = Debug|x64
		{BA024C23-6248-9EE6-D9A7-0B4B07872F65}.Debug|x64.Build.0 = Debug|x64
		{BA024C23-6248-9EE6-D9A7-0B4B07872F65}.Release|Win32.ActiveCfg = Release|Win32
		{BA024C23-6248-9EE6-D9A7-0B4B07872F65}.Release|Win32.Build.0 = Release|Win32
		{BC1D039C-9D16-6AAB-CD85-E9AF91FCDE69}.Release|x64.ActiveCfg = Release|x64
		{BC1D039C-9D16-6AAB-CD85-E9AF91FCDE69}.Release|x64.Build.0 = Release|x64
		{BC1D039C-9D16-6AAB-CD85-E9AF91FCDE69}.Debug|Win32.ActiveCfg = Debug|Win32
		{BC1D039C-9D16-6AAB-CD85-E9AF91FCDE69}.Debug|Win32.Build.0 = Debug|Win32
		{BC1D039C-9D16-6AAB-CD85-E9AF91FCDE69}.Debug|x64.ActiveCfg = Debug|x64
		{BC1D039C-9D16-6AAB-CD85-E9AF91FCDE69}.Debug|x64.Build.0 = Debug|x64
		{BC1D039C-9D16-6AAB-CD85-E9AF91FCDE69}.Release|Win32.ActiveCfg = Release|Win32
		{BC1D039C-9D16-6AAB-CD85-E9AF91FCDE69}.Release|Win32.Build.0 = Release|Win32
		{BD85A424-0CAA-F62C-28F9-0F238F350AA3}.Release|x64.ActiveCfg = Release|x64
		{BD85A424-0CAA-F62C-28F9-0F238F350AA3}.Release|x64.Build.0 = Release|x64
		{BD85A424-0CAA-F62C-28F9-0F238F350AA3}.Debug|Win32.ActiveCfg = Debug|Win32
		{BD85A424-0CAA-F62C-28F9-0F238F350AA3}.Debug|Win32.Build.0 = Debug|Win32
		{BD85A424-0CAA-F62C-28F9-0F238F350AA3}.Debug|x64.ActiveCfg = Debug|x64
		{BD85A424-0CAA-F62C-28F9-0F238F350AA3}.Debug|x64.Build.0 = Debug|x64
		{BD85A424-0CAA-F62C-28F9-0F238F350AA3}.Release|Win32.ActiveCfg = Release|Win32
		{BD85A424-0CAA-F62C-28F9-0F238F350AA3}.Release|Win32.Build.0 = Release|Win32
		{BEC0390A-45D2-2870-9CB6-6F902F5E7B2D}.Release|x64.ActiveCfg = Release|x64
		{BEC0390A-45D2-2870-9CB6-6F902F5E7B2D}.Release|x64.Build.0 = Release|x64
		{BEC0390A-45D2-2870-9CB6-6F902F5E7B2D}.Debug|Win32.ActiveCfg = Debug|Win32
		{BEC0390A-45D2-2870-9CB6-6F902F5E7B2D}.Debug|Win32.Build.0 = Debug|Win32
		{BEC0390A-45D2-2870-9CB6-6F902F5E7B2D}.Debug|x64.ActiveCfg = Debug|x64
		{BEC0390A-45D2-2870-9CB6-6F902F5E7B2D}.Debug|x64.Build.0 = Debug|x64
		{BEC0390A-45D2-2870-9CB6-6F902F5E7B2D}.Release|Win32.ActiveCfg = Release|Win32
		{BEC0390A-45D2-2870-9CB6-6F902F5E7B2D}.Release|Win32.Build.0 = Release|Win32
		{BFF8D035-780A-9976-4E09-9A71983FD10A}.Release|x64.ActiveCfg = Release|x64
		{BFF8D035-780A-9976-4E09-9A71983FD10A}.Release|x64.Build.0 = Release|x64
		{BFF8D035-780A-9976-4E09-9A71983FD10A}.Debug|Win32.ActiveCfg = Debug|Win32
		{BFF8D035-780A-9976-4E09-9A71983FD10A}.Debug|Win32.Build.0 = Debug|Win32
		{BFF8D035-780A-9976-4E09-9A71983FD10A}.Debug|x64.ActiveCfg = Debug|x64
		{BFF8D035-780A-9976-4E09-9A71983FD10A}.Debug|x64.Build.0 = Debug|x64
		{BFF8D035-780A-9976-4E09-9A71983FD10A}.Release|Win32.ActiveCfg = Release|Win32
		{BFF8D035-780A-9976-4E09-9A71983FD10A}.Release|Win32.Build.0 = Release|Win32
		{C5D85E61-EE53-6AD4-DA03-7231BC95A29E}.Release|x64.ActiveCfg = Release|x64
		{C5D85E61-EE53-6AD4-DA03-7231BC95A29E}.Release|x64.Build.0 = Release|x64
		{C5D85E61-EE53-6AD4-DA03-7231BC95A29E}.Debug|Win32.ActiveCfg = Debug|Win32
		{C5D85E61-EE53-6AD4-DA03-7231BC95A29E}.Debug|Win32.Build.0 = Debug|Win32
		{C5D85E61-EE53-6AD4-DA03-7231BC95A29E}.Debug|x64.ActiveCfg = Debug|x64
		{C5D85E61-EE53-6AD4-DA03-7231BC95A29E}.Debug|x64.Build.0 = Debug|x64
		{C5D85E61-EE53-6AD4-DA03-7231BC95A29E}.Release|Win32.ActiveCfg = Release|Win32
		{C5D85E61-EE53-6AD4-DA03-7231BC95A29E}.Release|Win32.Build.0 = Release|Win32
		{CA460097-1B04-C07F-5410-0602D5307EDB}.Release|x64.ActiveCfg = Release|x64
		{CA460097-1B04-C07F-5410-0602D5307EDB}.Release|x64.Build.0 = Release|x64
		{CA460097-1B04-C07F-5410-0602D5307EDB}.Debug|Win32.ActiveCfg = Debug|Win32
		{CA460097-1B04-C07F-5410-0602D5307EDB}.Debug|Win32.Build.0 = Debug|Win32
		{CA460097-1B04-C07F-5410-0602D5307EDB}.Debug|x64.ActiveCfg = Debug|x64
		{CA460097-1B04-C07F-5410-0602D5307EDB}.Debug|x64.Build.0 = Debug|x64
		{CA460097-1B04-C07F-5410-0602D5307EDB}.Release|Win32.ActiveCfg = Release|Win32
		{CA460097-1B04-C07F-5410-0602D5307EDB}.Release|Win32.Build.0 = Release|Win32
		{CBA04CFF-E973-207E-F4A3-77D64182525A}.Release|x64.ActiveCfg = Release|x64
		{CBA04CFF-E973-207E-F4A3-77D64182525A}.Release|x64.Build.0 = Release|x64
		{CBA04CFF-E973-207E-F4A3-77D64182525A}.Debug|Win32.ActiveCfg = Debug|Win32
		{CBA04CFF-E973-207E-F4A3-77D64182525A}.Debug|Win32.Build.0 = Debug|Win32
		{CBA04CFF-E973-207E-F4A3-77D64182525A}.Debug|x64.ActiveCfg = Debug|x64
		{CBA04CFF-E973-207E-F4A3-77D64182525A}.Debug|x64.Build.0 = Debug|x64
		{CBA04CFF-E973-207E-F4A3-77D64182525A}.Release|Win32.ActiveCfg = Release|Win32
		{CBA04CFF-E973-207E-F4A3-77D64182525A}.Release|Win32.Build.0 = Release|Win32
		{CC50B24B-6453-5A3C-408A-2532681C8E6C}.Release|x64.ActiveCfg = Release|x64
		{CC50B24B-6453-5A3C-408A-2532681C8E6C}.Release|x64.Build.0 = Release|x64
		{CC50B24B-6453-5A3C-408A-2532681C8E6C}.Debug|Win32.ActiveCfg = Debug|Win32
		{CC50B24B-6453-5A3C-408A-2532681C8E6C}.Debug|Win32.Build.0 = Debug|Win32
		{CC50B24B-6453-5A3C-408A-2532681C8E6C}.Debug|x64.ActiveCfg = Debug|x64
		{CC50B24B-6453-5A3C-408A-2532681C8E6C}.Debug|x64.Build.0 = Debug|x64
		{CC50B24B-6453-5A3C-408A-2532681C8E6C}.Release|Win32.ActiveCfg = Release|Win32
		{CC50B24B-6453-5A3C-408A-2532681C8E6C}.Release|Win32.Build.0 = Release|Win32
		{CF6A57D9-6268-DE45-FDBB-70280D32B213}.Release|x64.ActiveCfg = Release|x64
		{CF6A57D9-6268-DE45-FDBB-70280D32B213}.Release|x64.Build.0 = Release|x64
		{CF6A57D9-6268-DE45-FDBB-70280D32B213}.Debug|Win32.ActiveCfg = Debug|Win32
		{CF6A57D9-6268-DE45-FDBB-70280D32B213}.Debug|Win32.Build.0 = Debug|Win32
		{CF6A57D9-6268-DE45-FDBB-70280D32B213}.Debug|x64.ActiveCfg = Debug|x64
		{CF6A57D9-6268-DE45-FDBB-70280D32B213}.Debug|x64.Build.0 = Debug|x64
		{CF6A57D9-6268-DE45-FDBB-70280D32B213}.Release|Win32.ActiveCfg = Release|Win32
		{CF6A57D9-6268-DE45-FDBB-70280D32B213}.Release|Win32.Build.0 = Release|Win32
		{D2775B9E-FAF8-38E1-B723-29E437C82C73}.Release|x64.ActiveCfg = Release|x64
		{D2775B9E-FAF8-38E1-B723-29E437C82C73}.Release|x64.Build.0 = Release|x64
		{D2775B9E-FAF8-38E1-B723-29E437C82C73}.Debug|Win32.ActiveCfg = Debug|Win32
		{D2775B9E-FAF8-38E1-B723-29E437C82C73}.Debug|Win32.Build.0 = Debug|Win32
		{D2775B9E-FAF8-38E1-B723-29E437C82C73}.Debug|x64.ActiveCfg = Debug|x64
		{D2775B9E-FAF8-38E1-B723-29E437C82C73}.Debug|x64.Build.0 = Debug|x64
		{D2775B9E-FAF8-38E1-B723-29E437C82C73}.Release|Win32.ActiveCfg = Release|Win32
		{D2775B9E-FAF8-38E1-B723-29E437C82C73}.Release|Win32.Build.0 = Release|Win32
		{D566FB32-576F-5D31-37A0-06B58727E153}.Release|x64.ActiveCfg = Release|x64
		{D566FB32-576F-5D31-37A0-06B58727E153}.Release|x64.Build.0 = Release|x64
		{D566FB32-576F-5D31-37A0-06B58727E153}.Debug|Win32.ActiveCfg = Debug|Win32
		{D566FB32-576F-5D31-37A0-06B58727E153}.Debug|Win32.Build.0 = Debug|Win32
		{D566FB32-576F-5D31-37A0-06B58727E153}.Debug|x64.ActiveCfg = Debug|x64
		{D566FB32-576F-5D31-37A0-06B58727E153}.Debug|x64.Build.0 = Debug|x64
		{D566FB32-576F-5D31-37A0-06B58727E153}.Release|Win32.ActiveCfg = Release|Win32
		{D566FB32-576F-5D31-37A0-06B58727E153}.Release|Win32.Build.0 = Release|Win32
		{D9CAE460-F5C1-5D04-EF5F-92533313D8E8}.Release|x64.ActiveCfg = Release|x64
		{D9CAE460-F5C1-5D04-EF5F-92533313D8E8}.Release|x64.Build.0 = Release|x64
		{D9CAE460-F5C1-5D04-EF5F-92533313D8E8}.Debug|Win32.ActiveCfg = Debug|Win32
		{D9CAE460-F5C1-5D04-EF5F-92533313D8E8}.Debug|Win32.Build.0 = Debug|Win32
		{D9CAE460-F5C1-5D04-EF5F-92533313D8E8}.Debug|x64.ActiveCfg = Debug|x64
		{D9CAE460-F5C1-5D04-EF5F-92533313D8E8}.Debug|x64.Build.0 = Debug|x64
		{D9CAE460-F5C1-5D04-EF5F-92533313D8E8}.Release|Win32.ActiveCfg = Release|Win32
		{D9CAE460-F5C1-5D04-EF5F-92533313D8E8}.Release|Win32.Build.0 = Release|Win32
		{E01716F2-BBC0-8BC4-EB59-CE7DC6DC5126}.Release|x64.ActiveCfg = Release|x64
		{E01716F2-BBC0-8BC4-EB59-CE7DC6DC5126}.Release|x64.Build.0 = Release|x64
		{E01716F2-BBC0-8BC4-EB59-CE7DC6DC5126}.Debug|Win32.ActiveCfg = Debug|Win32
		{E01716F2-BBC0-8BC4-EB59-CE7DC6DC5126}.Debug|Win32.Build.0 = Debug|Win32
		{E01716F2-BBC0-8BC4-EB59-CE7DC6DC5126}.Debug|x64.ActiveCfg = Debug|x64
		{E01716F2-BBC0-8BC4-EB59-CE7DC6DC5126}.Debug|x64.Build.0 = Debug|x64
		{E01716F2-BBC0-8BC4-EB59-CE7DC6DC5126}.Release|Win32.ActiveCfg = Release|Win32
		{E01716F2-BBC0-8BC4-EB59-CE7DC6DC5126}.Release|Win32.Build.0 = Release|Win32
		{E41171BD-026E-B8FC-4773-47CEC423ABDD}.Release|x64.ActiveCfg = Release|x64
		{E41171BD-026E-B8FC-4773-47CEC423ABDD}.Release|x64.Build.0 = Release|x64
		{E41171BD-026E-B8FC-4773-47CEC423ABDD}.Debug|Win32.ActiveCfg = Debug|Win32
		{E41171BD-026E-B8FC-4773-47CEC423ABDD}.Debug|Win32.Build.0 = Debug|Win32
		{E41171BD-026E-B8FC-4773-47CEC423ABDD}.Debug|x64.ActiveCfg = Debug|x64
		{E41171BD-026E-B8FC-4773-47CEC423ABDD}.Debug|x64.Build.0 = Debug|x64
		{E41171BD-026E-B8FC-4773-47CEC423ABDD}.Release|Win32.ActiveCfg = Release|Win32
		{E41171BD-026E-B8FC-4773-47CEC423ABDD}.Release|Win32.Build.0 = Release|Win32
		{ED9A76B4-3B1F-CC2C-34A1-308BF1882019}.Release|x64.ActiveCfg = Release|x64
		{ED9A76B4-3B1F-CC2C-34A1-308BF1882019}.Release|x64.Build.0 = Release|x64
		{ED9A76B4-3B1F-CC2C-34A1-308BF1882019}.Debug|Win32.ActiveCfg = Debug|Win32
		{ED9A76B4-3B1F-CC2C-34A1-308BF1882019}.Debug|Win32.Build.0 = Debug|Win32
		{ED9A76B4-3B1F-CC2C-34A1-308BF1882019}.Debug|x64.ActiveCfg = Debug|x64
		{ED9A76B4-3B1F-CC2C-34A1-308BF1882019}.Debug|x64.Build.0 = Debug|x64
		{ED9A76B4-3B1F-CC2C-34A1-308BF1882019}.Release|Win32.ActiveCfg = Release|Win32
		{ED9A76B4-3B1F-CC2C-34A1-308BF1882019}.Release|Win32.Build.0 = Release|Win32
		{F6AA29AB-5CE6-5415-E936-9D49BB59C133}.Release|x64.ActiveCfg = Release|x64
		{F6AA29AB-5CE6-5415-E936-9D49BB59C133}.Release|x64.Build.0 = Release|x64
		{F6AA29AB-5CE6-5415-E936-9D49BB59C133}.Debug|Win32.ActiveCfg = Debug|Win32
		{F6AA29AB-5CE6-5415-E936-9D49BB59C133}.Debug|Win32.Build.0 = Debug|Win32
		{F6AA29AB-5CE6-5415-E936-9D49BB59C133}.Debug|x64.ActiveCfg = Debug|x64
		{F6AA29AB-5CE6-5415-E936-9D49BB59C133}.Debug|x64.Build.0 = Debug|x64
		{F6AA29AB-5CE6-5415-E936-9D49BB59C133}.Release|Win32.ActiveCfg = Release|Win32
		{F6AA29AB-5CE6-5415-E936-9D49BB59C133}.Release|Win32.Build.0 = Release|Win32
		{F85A2AD8-94F2-F668-C3A1-6B063F2BC49B}.Release|x64.ActiveCfg = Release|x64
		{F85A2AD8-94F2-F668-C3A1-6B063F2BC49B}.Release|x64.Build.0 = Release|x64
		{F85A2AD8-94F2-F668-C3A1-6B063F2BC49B}.Debug|Win32.ActiveCfg = Debug|Win32
		{F85A2AD8-94F2-F668-C3A1-6B063F2BC49B}.Debug|Win32.Build.0 = Debug|Win32
		{F85A2AD8-94F2-F668-C3A1-6B063F2BC49B}.Debug|x64.ActiveCfg = Debug|x64
		{F85A2AD8-94F2-F668-C3A1-6B063F2BC49B}.Debug|x64.Build.0 = Debug|x64
		{F85A2AD8-94F2-F668-C3A1-6B063F2BC49B}.Release|Win32.ActiveCfg = Release|Win32
		{F85A2AD8-94F2-F668-C3A1-6B063F2BC49B}.Release|Win32.Build.0 = Release|Win32
		{FB000549-B206-9FC5-7D72-7F5DF01B60D9}.Release|x64.ActiveCfg = Release|x64
		{FB000549-B206-9FC5-7D72-7F5DF01B60D9}.Release|x64.Build.0 = Release|x64
		{FB000549-B206-9FC5-7D72-7F5DF01B60D9}.Debug|Win32.ActiveCfg = Debug|Win32
		{FB000549-B206-9FC5-7D72-7F5DF01B60D9}.Debug|Win32.Build.0 = Debug|Win32
		{FB000549-B206-9FC5-7D72-7F5DF01B60D9}.Debug|x64.ActiveCfg = Debug|x64
		{FB000549-B206-9FC5-7D72-7F5DF01B60D9}.Debug|x64.Build.0 = Debug|x64
		{FB000549-B206-9FC5-7D72-7F5DF01B60D9}.Release|Win32.ActiveCfg = Release|Win32
		{FB000549-B206-9FC5-7D72-7F5DF01B60D9}.Release|Win32.Build.0 = Release|Win32
		{FCC2DBFB-34D7-16E5-E91E-A599ABDEFE5B}.Release|x64.ActiveCfg = Release|x64
		{FCC2DBFB-34D7-16E5-E91E-A599ABDEFE5B}.Release|x64.Build.0 = Release|x64
		{FCC2DBFB-34D7-16E5-E91E-A599ABDEFE5B}.Debug|Win32.ActiveCfg = Debug|Win32
		{FCC2DBFB-34D7-16E5-E91E-A599ABDEFE5B}.Debug|Win32.Build.0 = Debug|Win32
		{FCC2DBFB-34D7-16E5-E91E-A599ABDEFE5B}.Debug|x64.ActiveCfg = Debug|x64
		{FCC2DBFB-34D7-16E5-E91E-A599ABDEFE5B}.Debug|x64.Build.0 = Debug|x64
		{FCC2DBFB-34D7-16E5-E91E-A599ABDEFE5B}.Release|Win32.ActiveCfg = Release|Win32
		{FCC2DBFB-34D7-16E5-E91E-A599ABDEFE5B}.Release|Win32.Build.0 = Release|Win32
	EndGlobalSection
	GlobalSection(SolutionProperties) = preSolution
		HideSolutionNode = FALSE
	EndGlobalSection
EndGlobal
