Microsoft Visual Studio Solution File, Format Version 13.00
# Visual Studio 2013
Project("{8BC9CEB8-8B4A-11D0-8D11-00A0C91BC942}") = "accessibility", "accessibility.vcxproj", "{7D8D9450-0D58-7F93-C1C0-62038EE0C360}"
EndProject
Project("{8BC9CEB8-8B4A-11D0-8D11-00A0C91BC942}") = "accessibility_unittests", "accessibility_unittests.vcxproj", "{9FD95568-1564-7844-0161-23A84E89C5A4}"
EndProject
Project("{8BC9CEB8-8B4A-11D0-8D11-00A0C91BC942}") = "allocator_extension_thunks", "..\..\base\allocator\allocator_extension_thunks.vcxproj", "{A5603A60-4678-AE7B-882D-82B93ACCDB7B}"
EndProject
Project("{8BC9CEB8-8B4A-11D0-8D11-00A0C91BC942}") = "api_gen_util", "..\..\tools\json_schema_compiler\api_gen_util.vcxproj", "{85C35BFF-2ED6-5910-3506-FD9600BB0019}"
EndProject
Project("{8BC9CEB8-8B4A-11D0-8D11-00A0C91BC942}") = "ax_gen", "ax_gen.vcxproj", "{BD3F9CE1-455F-1BBD-A2C3-54F02EACF7DF}"
EndProject
Project("{8BC9CEB8-8B4A-11D0-8D11-00A0C91BC942}") = "base", "..\..\base\base.vcxproj", "{172ACA0E-7F94-B976-1907-584B06DF343F}"
EndProject
Project("{8BC9CEB8-8B4A-11D0-8D11-00A0C91BC942}") = "base_i18n", "..\..\base\base_i18n.vcxproj", "{45DF95C8-F10E-BF98-CD34-0A67E717958F}"
EndProject
Project("{8BC9CEB8-8B4A-11D0-8D11-00A0C91BC942}") = "base_static", "..\..\base\base_static.vcxproj", "{2825DBE9-73BA-7A57-CC8A-83CE840DDC23}"
EndProject
Project("{8BC9CEB8-8B4A-11D0-8D11-00A0C91BC942}") = "blink_skia_config", "..\..\third_party\WebKit\public\blink_skia_config.vcxproj", "{D82384F0-54CD-524B-01DA-6495AEBB87FC}"
EndProject
Project("{8BC9CEB8-8B4A-11D0-8D11-00A0C91BC942}") = "dynamic_annotations", "..\..\base\third_party\dynamic_annotations\dynamic_annotations.vcxproj", "{CC50B24B-6453-5A3C-408A-2532681C8E6C}"
EndProject
Project("{8BC9CEB8-8B4A-11D0-8D11-00A0C91BC942}") = "gfx", "..\gfx\gfx.vcxproj", "{0ABEB7ED-8186-D383-508C-95B3C3061C40}"
EndProject
Project("{8BC9CEB8-8B4A-11D0-8D11-00A0C91BC942}") = "gfx_geometry", "..\gfx\gfx_geometry.vcxproj", "{B1EE5FA3-CB46-2307-F868-8E55E006027D}"
EndProject
Project("{8BC9CEB8-8B4A-11D0-8D11-00A0C91BC942}") = "gmock", "..\..\testing\gmock.vcxproj", "{F6AA29AB-5CE6-5415-E936-9D49BB59C133}"
EndProject
Project("{8BC9CEB8-8B4A-11D0-8D11-00A0C91BC942}") = "gtest", "..\..\testing\gtest.vcxproj", "{2096C3EC-B360-99E9-2AE3-6C3BB1A5601C}"
EndProject
Project("{8BC9CEB8-8B4A-11D0-8D11-00A0C91BC942}") = "gtest_prod", "..\..\testing\gtest_prod.vcxproj", "{E01716F2-BBC0-8BC4-EB59-CE7DC6DC5126}"
EndProject
Project("{8BC9CEB8-8B4A-11D0-8D11-00A0C91BC942}") = "icudata", "..\..\third_party\icu\icudata.vcxproj", "{1191130C-D0D8-2982-A38E-75764D43A665}"
EndProject
Project("{8BC9CEB8-8B4A-11D0-8D11-00A0C91BC942}") = "icui18n", "..\..\third_party\icu\icui18n.vcxproj", "{F85A2AD8-94F2-F668-C3A1-6B063F2BC49B}"
EndProject
Project("{8BC9CEB8-8B4A-11D0-8D11-00A0C91BC942}") = "icuuc", "..\..\third_party\icu\icuuc.vcxproj", "{CA460097-1B04-C07F-5410-0602D5307EDB}"
EndProject
Project("{8BC9CEB8-8B4A-11D0-8D11-00A0C91BC942}") = "libjpeg", "..\..\third_party\libjpeg_turbo\libjpeg.vcxproj", "{FA82C850-7936-4011-6705-CBA97E97758D}"
EndProject
Project("{8BC9CEB8-8B4A-11D0-8D11-00A0C91BC942}") = "libpng", "..\..\third_party\libpng\libpng.vcxproj", "{005E176D-FEA0-8327-EC20-4B6CE71BD753}"
EndProject
Project("{8BC9CEB8-8B4A-11D0-8D11-00A0C91BC942}") = "libxml", "..\..\third_party\libxml\libxml.vcxproj", "{BD85A424-0CAA-F62C-28F9-0F238F350AA3}"
EndProject
Project("{8BC9CEB8-8B4A-11D0-8D11-00A0C91BC942}") = "modp_b64", "..\..\third_party\modp_b64\modp_b64.vcxproj", "{7E21472D-EE38-2E6A-A6C3-FA938903A3E4}"
EndProject
Project("{8BC9CEB8-8B4A-11D0-8D11-00A0C91BC942}") = "run_all_unittests", "..\..\base\run_all_unittests.vcxproj", "{CFCF58AF-6294-53D6-F551-05ACF01D8236}"
EndProject
Project("{8BC9CEB8-8B4A-11D0-8D11-00A0C91BC942}") = "sfntly", "..\..\third_party\sfntly\sfntly.vcxproj", "{32A738AA-F72B-6079-E064-2F7DA8B10A61}"
EndProject
Project("{8BC9CEB8-8B4A-11D0-8D11-00A0C91BC942}") = "skia", "..\..\skia\skia.vcxproj", "{D37AA233-6EB0-5C0B-DD91-E36D8EF97EC8}"
EndProject
Project("{8BC9CEB8-8B4A-11D0-8D11-00A0C91BC942}") = "skia_chrome", "..\..\skia\skia_chrome.vcxproj", "{F34BF336-A4B9-0D43-A369-7229ACACBF48}"
EndProject
Project("{8BC9CEB8-8B4A-11D0-8D11-00A0C91BC942}") = "skia_chrome_opts", "..\..\skia\skia_chrome_opts.vcxproj", "{46DC3EFE-F620-12DB-C8C1-130077BD9D32}"
EndProject
Project("{8BC9CEB8-8B4A-11D0-8D11-00A0C91BC942}") = "skia_library", "..\..\skia\skia_library.vcxproj", "{A882E338-42F9-A685-9123-24271F42A963}"
EndProject
Project("{8BC9CEB8-8B4A-11D0-8D11-00A0C91BC942}") = "skia_opts", "..\..\skia\skia_opts.vcxproj", "{EACAF442-9213-04CB-9F3A-638CF1211AB2}"
EndProject
Project("{8BC9CEB8-8B4A-11D0-8D11-00A0C91BC942}") = "skia_opts_ssse3", "..\..\skia\skia_opts_ssse3.vcxproj", "{3B025FFC-D2BA-FBD6-BD37-C54B09231583}"
EndProject
Project("{8BC9CEB8-8B4A-11D0-8D11-00A0C91BC942}") = "test_support_base", "..\..\base\test_support_base.vcxproj", "{C5D85E61-EE53-6AD4-DA03-7231BC95A29E}"
EndProject
Project("{8BC9CEB8-8B4A-11D0-8D11-00A0C91BC942}") = "zlib", "..\..\third_party\zlib\zlib.vcxproj", "{487496A6-0D23-6CC9-4137-308EEA9B1B45}"
EndProject
Global
	GlobalSection(SolutionConfigurationPlatforms) = preSolution
		Release|x64 = Release|x64
		Debug|Win32 = Debug|Win32
		Debug|x64 = Debug|x64
		Release|Win32 = Release|Win32
	EndGlobalSection
	GlobalSection(ProjectConfigurationPlatforms) = postSolution
		{005E176D-FEA0-8327-EC20-4B6CE71BD753}.Release|x64.ActiveCfg = Release|x64
		{005E176D-FEA0-8327-EC20-4B6CE71BD753}.Release|x64.Build.0 = Release|x64
		{005E176D-FEA0-8327-EC20-4B6CE71BD753}.Debug|Win32.ActiveCfg = Debug|Win32
		{005E176D-FEA0-8327-EC20-4B6CE71BD753}.Debug|Win32.Build.0 = Debug|Win32
		{005E176D-FEA0-8327-EC20-4B6CE71BD753}.Debug|x64.ActiveCfg = Debug|x64
		{005E176D-FEA0-8327-EC20-4B6CE71BD753}.Debug|x64.Build.0 = Debug|x64
		{005E176D-FEA0-8327-EC20-4B6CE71BD753}.Release|Win32.ActiveCfg = Release|Win32
		{005E176D-FEA0-8327-EC20-4B6CE71BD753}.Release|Win32.Build.0 = Release|Win32
		{0ABEB7ED-8186-D383-508C-95B3C3061C40}.Release|x64.ActiveCfg = Release|x64
		{0ABEB7ED-8186-D383-508C-95B3C3061C40}.Release|x64.Build.0 = Release|x64
		{0ABEB7ED-8186-D383-508C-95B3C3061C40}.Debug|Win32.ActiveCfg = Debug|Win32
		{0ABEB7ED-8186-D383-508C-95B3C3061C40}.Debug|Win32.Build.0 = Debug|Win32
		{0ABEB7ED-8186-D383-508C-95B3C3061C40}.Debug|x64.ActiveCfg = Debug|x64
		{0ABEB7ED-8186-D383-508C-95B3C3061C40}.Debug|x64.Build.0 = Debug|x64
		{0ABEB7ED-8186-D383-508C-95B3C3061C40}.Release|Win32.ActiveCfg = Release|Win32
		{0ABEB7ED-8186-D383-508C-95B3C3061C40}.Release|Win32.Build.0 = Release|Win32
		{1191130C-D0D8-2982-A38E-75764D43A665}.Release|x64.ActiveCfg = Release|x64
		{1191130C-D0D8-2982-A38E-75764D43A665}.Release|x64.Build.0 = Release|x64
		{1191130C-D0D8-2982-A38E-75764D43A665}.Debug|Win32.ActiveCfg = Debug|Win32
		{1191130C-D0D8-2982-A38E-75764D43A665}.Debug|Win32.Build.0 = Debug|Win32
		{1191130C-D0D8-2982-A38E-75764D43A665}.Debug|x64.ActiveCfg = Debug|x64
		{1191130C-D0D8-2982-A38E-75764D43A665}.Debug|x64.Build.0 = Debug|x64
		{1191130C-D0D8-2982-A38E-75764D43A665}.Release|Win32.ActiveCfg = Release|Win32
		{1191130C-D0D8-2982-A38E-75764D43A665}.Release|Win32.Build.0 = Release|Win32
		{172ACA0E-7F94-B976-1907-584B06DF343F}.Release|x64.ActiveCfg = Release|x64
		{172ACA0E-7F94-B976-1907-584B06DF343F}.Release|x64.Build.0 = Release|x64
		{172ACA0E-7F94-B976-1907-584B06DF343F}.Debug|Win32.ActiveCfg = Debug|Win32
		{172ACA0E-7F94-B976-1907-584B06DF343F}.Debug|Win32.Build.0 = Debug|Win32
		{172ACA0E-7F94-B976-1907-584B06DF343F}.Debug|x64.ActiveCfg = Debug|x64
		{172ACA0E-7F94-B976-1907-584B06DF343F}.Debug|x64.Build.0 = Debug|x64
		{172ACA0E-7F94-B976-1907-584B06DF343F}.Release|Win32.ActiveCfg = Release|Win32
		{172ACA0E-7F94-B976-1907-584B06DF343F}.Release|Win32.Build.0 = Release|Win32
		{2096C3EC-B360-99E9-2AE3-6C3BB1A5601C}.Release|x64.ActiveCfg = Release|x64
		{2096C3EC-B360-99E9-2AE3-6C3BB1A5601C}.Release|x64.Build.0 = Release|x64
		{2096C3EC-B360-99E9-2AE3-6C3BB1A5601C}.Debug|Win32.ActiveCfg = Debug|Win32
		{2096C3EC-B360-99E9-2AE3-6C3BB1A5601C}.Debug|Win32.Build.0 = Debug|Win32
		{2096C3EC-B360-99E9-2AE3-6C3BB1A5601C}.Debug|x64.ActiveCfg = Debug|x64
		{2096C3EC-B360-99E9-2AE3-6C3BB1A5601C}.Debug|x64.Build.0 = Debug|x64
		{2096C3EC-B360-99E9-2AE3-6C3BB1A5601C}.Release|Win32.ActiveCfg = Release|Win32
		{2096C3EC-B360-99E9-2AE3-6C3BB1A5601C}.Release|Win32.Build.0 = Release|Win32
		{2825DBE9-73BA-7A57-CC8A-83CE840DDC23}.Release|x64.ActiveCfg = Release|x64
		{2825DBE9-73BA-7A57-CC8A-83CE840DDC23}.Release|x64.Build.0 = Release|x64
		{2825DBE9-73BA-7A57-CC8A-83CE840DDC23}.Debug|Win32.ActiveCfg = Debug|Win32
		{2825DBE9-73BA-7A57-CC8A-83CE840DDC23}.Debug|Win32.Build.0 = Debug|Win32
		{2825DBE9-73BA-7A57-CC8A-83CE840DDC23}.Debug|x64.ActiveCfg = Debug|x64
		{2825DBE9-73BA-7A57-CC8A-83CE840DDC23}.Debug|x64.Build.0 = Debug|x64
		{2825DBE9-73BA-7A57-CC8A-83CE840DDC23}.Release|Win32.ActiveCfg = Release|Win32
		{2825DBE9-73BA-7A57-CC8A-83CE840DDC23}.Release|Win32.Build.0 = Release|Win32
		{32A738AA-F72B-6079-E064-2F7DA8B10A61}.Release|x64.ActiveCfg = Release|x64
		{32A738AA-F72B-6079-E064-2F7DA8B10A61}.Release|x64.Build.0 = Release|x64
		{32A738AA-F72B-6079-E064-2F7DA8B10A61}.Debug|Win32.ActiveCfg = Debug|Win32
		{32A738AA-F72B-6079-E064-2F7DA8B10A61}.Debug|Win32.Build.0 = Debug|Win32
		{32A738AA-F72B-6079-E064-2F7DA8B10A61}.Debug|x64.ActiveCfg = Debug|x64
		{32A738AA-F72B-6079-E064-2F7DA8B10A61}.Debug|x64.Build.0 = Debug|x64
		{32A738AA-F72B-6079-E064-2F7DA8B10A61}.Release|Win32.ActiveCfg = Release|Win32
		{32A738AA-F72B-6079-E064-2F7DA8B10A61}.Release|Win32.Build.0 = Release|Win32
		{3B025FFC-D2BA-FBD6-BD37-C54B09231583}.Release|x64.ActiveCfg = Release|x64
		{3B025FFC-D2BA-FBD6-BD37-C54B09231583}.Release|x64.Build.0 = Release|x64
		{3B025FFC-D2BA-FBD6-BD37-C54B09231583}.Debug|Win32.ActiveCfg = Debug|Win32
		{3B025FFC-D2BA-FBD6-BD37-C54B09231583}.Debug|Win32.Build.0 = Debug|Win32
		{3B025FFC-D2BA-FBD6-BD37-C54B09231583}.Debug|x64.ActiveCfg = Debug|x64
		{3B025FFC-D2BA-FBD6-BD37-C54B09231583}.Debug|x64.Build.0 = Debug|x64
		{3B025FFC-D2BA-FBD6-BD37-C54B09231583}.Release|Win32.ActiveCfg = Release|Win32
		{3B025FFC-D2BA-FBD6-BD37-C54B09231583}.Release|Win32.Build.0 = Release|Win32
		{45DF95C8-F10E-BF98-CD34-0A67E717958F}.Release|x64.ActiveCfg = Release|x64
		{45DF95C8-F10E-BF98-CD34-0A67E717958F}.Release|x64.Build.0 = Release|x64
		{45DF95C8-F10E-BF98-CD34-0A67E717958F}.Debug|Win32.ActiveCfg = Debug|Win32
		{45DF95C8-F10E-BF98-CD34-0A67E717958F}.Debug|Win32.Build.0 = Debug|Win32
		{45DF95C8-F10E-BF98-CD34-0A67E717958F}.Debug|x64.ActiveCfg = Debug|x64
		{45DF95C8-F10E-BF98-CD34-0A67E717958F}.Debug|x64.Build.0 = Debug|x64
		{45DF95C8-F10E-BF98-CD34-0A67E717958F}.Release|Win32.ActiveCfg = Release|Win32
		{45DF95C8-F10E-BF98-CD34-0A67E717958F}.Release|Win32.Build.0 = Release|Win32
		{46DC3EFE-F620-12DB-C8C1-130077BD9D32}.Release|x64.ActiveCfg = Release|x64
		{46DC3EFE-F620-12DB-C8C1-130077BD9D32}.Release|x64.Build.0 = Release|x64
		{46DC3EFE-F620-12DB-C8C1-130077BD9D32}.Debug|Win32.ActiveCfg = Debug|Win32
		{46DC3EFE-F620-12DB-C8C1-130077BD9D32}.Debug|Win32.Build.0 = Debug|Win32
		{46DC3EFE-F620-12DB-C8C1-130077BD9D32}.Debug|x64.ActiveCfg = Debug|x64
		{46DC3EFE-F620-12DB-C8C1-130077BD9D32}.Debug|x64.Build.0 = Debug|x64
		{46DC3EFE-F620-12DB-C8C1-130077BD9D32}.Release|Win32.ActiveCfg = Release|Win32
		{46DC3EFE-F620-12DB-C8C1-130077BD9D32}.Release|Win32.Build.0 = Release|Win32
		{487496A6-0D23-6CC9-4137-308EEA9B1B45}.Release|x64.ActiveCfg = Release|x64
		{487496A6-0D23-6CC9-4137-308EEA9B1B45}.Release|x64.Build.0 = Release|x64
		{487496A6-0D23-6CC9-4137-308EEA9B1B45}.Debug|Win32.ActiveCfg = Debug|Win32
		{487496A6-0D23-6CC9-4137-308EEA9B1B45}.Debug|Win32.Build.0 = Debug|Win32
		{487496A6-0D23-6CC9-4137-308EEA9B1B45}.Debug|x64.ActiveCfg = Debug|x64
		{487496A6-0D23-6CC9-4137-308EEA9B1B45}.Debug|x64.Build.0 = Debug|x64
		{487496A6-0D23-6CC9-4137-308EEA9B1B45}.Release|Win32.ActiveCfg = Release|Win32
		{487496A6-0D23-6CC9-4137-308EEA9B1B45}.Release|Win32.Build.0 = Release|Win32
		{7D8D9450-0D58-7F93-C1C0-62038EE0C360}.Release|x64.ActiveCfg = Release|x64
		{7D8D9450-0D58-7F93-C1C0-62038EE0C360}.Release|x64.Build.0 = Release|x64
		{7D8D9450-0D58-7F93-C1C0-62038EE0C360}.Debug|Win32.ActiveCfg = Debug|Win32
		{7D8D9450-0D58-7F93-C1C0-62038EE0C360}.Debug|Win32.Build.0 = Debug|Win32
		{7D8D9450-0D58-7F93-C1C0-62038EE0C360}.Debug|x64.ActiveCfg = Debug|x64
		{7D8D9450-0D58-7F93-C1C0-62038EE0C360}.Debug|x64.Build.0 = Debug|x64
		{7D8D9450-0D58-7F93-C1C0-62038EE0C360}.Release|Win32.ActiveCfg = Release|Win32
		{7D8D9450-0D58-7F93-C1C0-62038EE0C360}.Release|Win32.Build.0 = Release|Win32
		{7E21472D-EE38-2E6A-A6C3-FA938903A3E4}.Release|x64.ActiveCfg = Release|x64
		{7E21472D-EE38-2E6A-A6C3-FA938903A3E4}.Release|x64.Build.0 = Release|x64
		{7E21472D-EE38-2E6A-A6C3-FA938903A3E4}.Debug|Win32.ActiveCfg = Debug|Win32
		{7E21472D-EE38-2E6A-A6C3-FA938903A3E4}.Debug|Win32.Build.0 = Debug|Win32
		{7E21472D-EE38-2E6A-A6C3-FA938903A3E4}.Debug|x64.ActiveCfg = Debug|x64
		{7E21472D-EE38-2E6A-A6C3-FA938903A3E4}.Debug|x64.Build.0 = Debug|x64
		{7E21472D-EE38-2E6A-A6C3-FA938903A3E4}.Release|Win32.ActiveCfg = Release|Win32
		{7E21472D-EE38-2E6A-A6C3-FA938903A3E4}.Release|Win32.Build.0 = Release|Win32
		{85C35BFF-2ED6-5910-3506-FD9600BB0019}.Release|x64.ActiveCfg = Release|x64
		{85C35BFF-2ED6-5910-3506-FD9600BB0019}.Release|x64.Build.0 = Release|x64
		{85C35BFF-2ED6-5910-3506-FD9600BB0019}.Debug|Win32.ActiveCfg = Debug|Win32
		{85C35BFF-2ED6-5910-3506-FD9600BB0019}.Debug|Win32.Build.0 = Debug|Win32
		{85C35BFF-2ED6-5910-3506-FD9600BB0019}.Debug|x64.ActiveCfg = Debug|x64
		{85C35BFF-2ED6-5910-3506-FD9600BB0019}.Debug|x64.Build.0 = Debug|x64
		{85C35BFF-2ED6-5910-3506-FD9600BB0019}.Release|Win32.ActiveCfg = Release|Win32
		{85C35BFF-2ED6-5910-3506-FD9600BB0019}.Release|Win32.Build.0 = Release|Win32
		{9FD95568-1564-7844-0161-23A84E89C5A4}.Release|x64.ActiveCfg = Release|x64
		{9FD95568-1564-7844-0161-23A84E89C5A4}.Release|x64.Build.0 = Release|x64
		{9FD95568-1564-7844-0161-23A84E89C5A4}.Debug|Win32.ActiveCfg = Debug|Win32
		{9FD95568-1564-7844-0161-23A84E89C5A4}.Debug|Win32.Build.0 = Debug|Win32
		{9FD95568-1564-7844-0161-23A84E89C5A4}.Debug|x64.ActiveCfg = Debug|x64
		{9FD95568-1564-7844-0161-23A84E89C5A4}.Debug|x64.Build.0 = Debug|x64
		{9FD95568-1564-7844-0161-23A84E89C5A4}.Release|Win32.ActiveCfg = Release|Win32
		{9FD95568-1564-7844-0161-23A84E89C5A4}.Release|Win32.Build.0 = Release|Win32
		{A5603A60-4678-AE7B-882D-82B93ACCDB7B}.Release|x64.ActiveCfg = Release|x64
		{A5603A60-4678-AE7B-882D-82B93ACCDB7B}.Release|x64.Build.0 = Release|x64
		{A5603A60-4678-AE7B-882D-82B93ACCDB7B}.Debug|Win32.ActiveCfg = Debug|Win32
		{A5603A60-4678-AE7B-882D-82B93ACCDB7B}.Debug|Win32.Build.0 = Debug|Win32
		{A5603A60-4678-AE7B-882D-82B93ACCDB7B}.Debug|x64.ActiveCfg = Debug|x64
		{A5603A60-4678-AE7B-882D-82B93ACCDB7B}.Debug|x64.Build.0 = Debug|x64
		{A5603A60-4678-AE7B-882D-82B93ACCDB7B}.Release|Win32.ActiveCfg = Release|Win32
		{A5603A60-4678-AE7B-882D-82B93ACCDB7B}.Release|Win32.Build.0 = Release|Win32
		{A882E338-42F9-A685-9123-24271F42A963}.Release|x64.ActiveCfg = Release|x64
		{A882E338-42F9-A685-9123-24271F42A963}.Release|x64.Build.0 = Release|x64
		{A882E338-42F9-A685-9123-24271F42A963}.Debug|Win32.ActiveCfg = Debug|Win32
		{A882E338-42F9-A685-9123-24271F42A963}.Debug|Win32.Build.0 = Debug|Win32
		{A882E338-42F9-A685-9123-24271F42A963}.Debug|x64.ActiveCfg = Debug|x64
		{A882E338-42F9-A685-9123-24271F42A963}.Debug|x64.Build.0 = Debug|x64
		{A882E338-42F9-A685-9123-24271F42A963}.Release|Win32.ActiveCfg = Release|Win32
		{A882E338-42F9-A685-9123-24271F42A963}.Release|Win32.Build.0 = Release|Win32
		{B1EE5FA3-CB46-2307-F868-8E55E006027D}.Release|x64.ActiveCfg = Release|x64
		{B1EE5FA3-CB46-2307-F868-8E55E006027D}.Release|x64.Build.0 = Release|x64
		{B1EE5FA3-CB46-2307-F868-8E55E006027D}.Debug|Win32.ActiveCfg = Debug|Win32
		{B1EE5FA3-CB46-2307-F868-8E55E006027D}.Debug|Win32.Build.0 = Debug|Win32
		{B1EE5FA3-CB46-2307-F868-8E55E006027D}.Debug|x64.ActiveCfg = Debug|x64
		{B1EE5FA3-CB46-2307-F868-8E55E006027D}.Debug|x64.Build.0 = Debug|x64
		{B1EE5FA3-CB46-2307-F868-8E55E006027D}.Release|Win32.ActiveCfg = Release|Win32
		{B1EE5FA3-CB46-2307-F868-8E55E006027D}.Release|Win32.Build.0 = Release|Win32
		{BD3F9CE1-455F-1BBD-A2C3-54F02EACF7DF}.Release|x64.ActiveCfg = Release|x64
		{BD3F9CE1-455F-1BBD-A2C3-54F02EACF7DF}.Release|x64.Build.0 = Release|x64
		{BD3F9CE1-455F-1BBD-A2C3-54F02EACF7DF}.Debug|Win32.ActiveCfg = Debug|Win32
		{BD3F9CE1-455F-1BBD-A2C3-54F02EACF7DF}.Debug|Win32.Build.0 = Debug|Win32
		{BD3F9CE1-455F-1BBD-A2C3-54F02EACF7DF}.Debug|x64.ActiveCfg = Debug|x64
		{BD3F9CE1-455F-1BBD-A2C3-54F02EACF7DF}.Debug|x64.Build.0 = Debug|x64
		{BD3F9CE1-455F-1BBD-A2C3-54F02EACF7DF}.Release|Win32.ActiveCfg = Release|Win32
		{BD3F9CE1-455F-1BBD-A2C3-54F02EACF7DF}.Release|Win32.Build.0 = Release|Win32
		{BD85A424-0CAA-F62C-28F9-0F238F350AA3}.Release|x64.ActiveCfg = Release|x64
		{BD85A424-0CAA-F62C-28F9-0F238F350AA3}.Release|x64.Build.0 = Release|x64
		{BD85A424-0CAA-F62C-28F9-0F238F350AA3}.Debug|Win32.ActiveCfg = Debug|Win32
		{BD85A424-0CAA-F62C-28F9-0F238F350AA3}.Debug|Win32.Build.0 = Debug|Win32
		{BD85A424-0CAA-F62C-28F9-0F238F350AA3}.Debug|x64.ActiveCfg = Debug|x64
		{BD85A424-0CAA-F62C-28F9-0F238F350AA3}.Debug|x64.Build.0 = Debug|x64
		{BD85A424-0CAA-F62C-28F9-0F238F350AA3}.Release|Win32.ActiveCfg = Release|Win32
		{BD85A424-0CAA-F62C-28F9-0F238F350AA3}.Release|Win32.Build.0 = Release|Win32
		{C5D85E61-EE53-6AD4-DA03-7231BC95A29E}.Release|x64.ActiveCfg = Release|x64
		{C5D85E61-EE53-6AD4-DA03-7231BC95A29E}.Release|x64.Build.0 = Release|x64
		{C5D85E61-EE53-6AD4-DA03-7231BC95A29E}.Debug|Win32.ActiveCfg = Debug|Win32
		{C5D85E61-EE53-6AD4-DA03-7231BC95A29E}.Debug|Win32.Build.0 = Debug|Win32
		{C5D85E61-EE53-6AD4-DA03-7231BC95A29E}.Debug|x64.ActiveCfg = Debug|x64
		{C5D85E61-EE53-6AD4-DA03-7231BC95A29E}.Debug|x64.Build.0 = Debug|x64
		{C5D85E61-EE53-6AD4-DA03-7231BC95A29E}.Release|Win32.ActiveCfg = Release|Win32
		{C5D85E61-EE53-6AD4-DA03-7231BC95A29E}.Release|Win32.Build.0 = Release|Win32
		{CA460097-1B04-C07F-5410-0602D5307EDB}.Release|x64.ActiveCfg = Release|x64
		{CA460097-1B04-C07F-5410-0602D5307EDB}.Release|x64.Build.0 = Release|x64
		{CA460097-1B04-C07F-5410-0602D5307EDB}.Debug|Win32.ActiveCfg = Debug|Win32
		{CA460097-1B04-C07F-5410-0602D5307EDB}.Debug|Win32.Build.0 = Debug|Win32
		{CA460097-1B04-C07F-5410-0602D5307EDB}.Debug|x64.ActiveCfg = Debug|x64
		{CA460097-1B04-C07F-5410-0602D5307EDB}.Debug|x64.Build.0 = Debug|x64
		{CA460097-1B04-C07F-5410-0602D5307EDB}.Release|Win32.ActiveCfg = Release|Win32
		{CA460097-1B04-C07F-5410-0602D5307EDB}.Release|Win32.Build.0 = Release|Win32
		{CC50B24B-6453-5A3C-408A-2532681C8E6C}.Release|x64.ActiveCfg = Release|x64
		{CC50B24B-6453-5A3C-408A-2532681C8E6C}.Release|x64.Build.0 = Release|x64
		{CC50B24B-6453-5A3C-408A-2532681C8E6C}.Debug|Win32.ActiveCfg = Debug|Win32
		{CC50B24B-6453-5A3C-408A-2532681C8E6C}.Debug|Win32.Build.0 = Debug|Win32
		{CC50B24B-6453-5A3C-408A-2532681C8E6C}.Debug|x64.ActiveCfg = Debug|x64
		{CC50B24B-6453-5A3C-408A-2532681C8E6C}.Debug|x64.Build.0 = Debug|x64
		{CC50B24B-6453-5A3C-408A-2532681C8E6C}.Release|Win32.ActiveCfg = Release|Win32
		{CC50B24B-6453-5A3C-408A-2532681C8E6C}.Release|Win32.Build.0 = Release|Win32
		{CFCF58AF-6294-53D6-F551-05ACF01D8236}.Release|x64.ActiveCfg = Release|x64
		{CFCF58AF-6294-53D6-F551-05ACF01D8236}.Release|x64.Build.0 = Release|x64
		{CFCF58AF-6294-53D6-F551-05ACF01D8236}.Debug|Win32.ActiveCfg = Debug|Win32
		{CFCF58AF-6294-53D6-F551-05ACF01D8236}.Debug|Win32.Build.0 = Debug|Win32
		{CFCF58AF-6294-53D6-F551-05ACF01D8236}.Debug|x64.ActiveCfg = Debug|x64
		{CFCF58AF-6294-53D6-F551-05ACF01D8236}.Debug|x64.Build.0 = Debug|x64
		{CFCF58AF-6294-53D6-F551-05ACF01D8236}.Release|Win32.ActiveCfg = Release|Win32
		{CFCF58AF-6294-53D6-F551-05ACF01D8236}.Release|Win32.Build.0 = Release|Win32
		{D37AA233-6EB0-5C0B-DD91-E36D8EF97EC8}.Release|x64.ActiveCfg = Release|x64
		{D37AA233-6EB0-5C0B-DD91-E36D8EF97EC8}.Release|x64.Build.0 = Release|x64
		{D37AA233-6EB0-5C0B-DD91-E36D8EF97EC8}.Debug|Win32.ActiveCfg = Debug|Win32
		{D37AA233-6EB0-5C0B-DD91-E36D8EF97EC8}.Debug|Win32.Build.0 = Debug|Win32
		{D37AA233-6EB0-5C0B-DD91-E36D8EF97EC8}.Debug|x64.ActiveCfg = Debug|x64
		{D37AA233-6EB0-5C0B-DD91-E36D8EF97EC8}.Debug|x64.Build.0 = Debug|x64
		{D37AA233-6EB0-5C0B-DD91-E36D8EF97EC8}.Release|Win32.ActiveCfg = Release|Win32
		{D37AA233-6EB0-5C0B-DD91-E36D8EF97EC8}.Release|Win32.Build.0 = Release|Win32
		{D82384F0-54CD-524B-01DA-6495AEBB87FC}.Release|x64.ActiveCfg = Release|x64
		{D82384F0-54CD-524B-01DA-6495AEBB87FC}.Release|x64.Build.0 = Release|x64
		{D82384F0-54CD-524B-01DA-6495AEBB87FC}.Debug|Win32.ActiveCfg = Debug|Win32
		{D82384F0-54CD-524B-01DA-6495AEBB87FC}.Debug|Win32.Build.0 = Debug|Win32
		{D82384F0-54CD-524B-01DA-6495AEBB87FC}.Debug|x64.ActiveCfg = Debug|x64
		{D82384F0-54CD-524B-01DA-6495AEBB87FC}.Debug|x64.Build.0 = Debug|x64
		{D82384F0-54CD-524B-01DA-6495AEBB87FC}.Release|Win32.ActiveCfg = Release|Win32
		{D82384F0-54CD-524B-01DA-6495AEBB87FC}.Release|Win32.Build.0 = Release|Win32
		{E01716F2-BBC0-8BC4-EB59-CE7DC6DC5126}.Release|x64.ActiveCfg = Release|x64
		{E01716F2-BBC0-8BC4-EB59-CE7DC6DC5126}.Release|x64.Build.0 = Release|x64
		{E01716F2-BBC0-8BC4-EB59-CE7DC6DC5126}.Debug|Win32.ActiveCfg = Debug|Win32
		{E01716F2-BBC0-8BC4-EB59-CE7DC6DC5126}.Debug|Win32.Build.0 = Debug|Win32
		{E01716F2-BBC0-8BC4-EB59-CE7DC6DC5126}.Debug|x64.ActiveCfg = Debug|x64
		{E01716F2-BBC0-8BC4-EB59-CE7DC6DC5126}.Debug|x64.Build.0 = Debug|x64
		{E01716F2-BBC0-8BC4-EB59-CE7DC6DC5126}.Release|Win32.ActiveCfg = Release|Win32
		{E01716F2-BBC0-8BC4-EB59-CE7DC6DC5126}.Release|Win32.Build.0 = Release|Win32
		{EACAF442-9213-04CB-9F3A-638CF1211AB2}.Release|x64.ActiveCfg = Release|x64
		{EACAF442-9213-04CB-9F3A-638CF1211AB2}.Release|x64.Build.0 = Release|x64
		{EACAF442-9213-04CB-9F3A-638CF1211AB2}.Debug|Win32.ActiveCfg = Debug|Win32
		{EACAF442-9213-04CB-9F3A-638CF1211AB2}.Debug|Win32.Build.0 = Debug|Win32
		{EACAF442-9213-04CB-9F3A-638CF1211AB2}.Debug|x64.ActiveCfg = Debug|x64
		{EACAF442-9213-04CB-9F3A-638CF1211AB2}.Debug|x64.Build.0 = Debug|x64
		{EACAF442-9213-04CB-9F3A-638CF1211AB2}.Release|Win32.ActiveCfg = Release|Win32
		{EACAF442-9213-04CB-9F3A-638CF1211AB2}.Release|Win32.Build.0 = Release|Win32
		{F34BF336-A4B9-0D43-A369-7229ACACBF48}.Release|x64.ActiveCfg = Release|x64
		{F34BF336-A4B9-0D43-A369-7229ACACBF48}.Release|x64.Build.0 = Release|x64
		{F34BF336-A4B9-0D43-A369-7229ACACBF48}.Debug|Win32.ActiveCfg = Debug|Win32
		{F34BF336-A4B9-0D43-A369-7229ACACBF48}.Debug|Win32.Build.0 = Debug|Win32
		{F34BF336-A4B9-0D43-A369-7229ACACBF48}.Debug|x64.ActiveCfg = Debug|x64
		{F34BF336-A4B9-0D43-A369-7229ACACBF48}.Debug|x64.Build.0 = Debug|x64
		{F34BF336-A4B9-0D43-A369-7229ACACBF48}.Release|Win32.ActiveCfg = Release|Win32
		{F34BF336-A4B9-0D43-A369-7229ACACBF48}.Release|Win32.Build.0 = Release|Win32
		{F6AA29AB-5CE6-5415-E936-9D49BB59C133}.Release|x64.ActiveCfg = Release|x64
		{F6AA29AB-5CE6-5415-E936-9D49BB59C133}.Release|x64.Build.0 = Release|x64
		{F6AA29AB-5CE6-5415-E936-9D49BB59C133}.Debug|Win32.ActiveCfg = Debug|Win32
		{F6AA29AB-5CE6-5415-E936-9D49BB59C133}.Debug|Win32.Build.0 = Debug|Win32
		{F6AA29AB-5CE6-5415-E936-9D49BB59C133}.Debug|x64.ActiveCfg = Debug|x64
		{F6AA29AB-5CE6-5415-E936-9D49BB59C133}.Debug|x64.Build.0 = Debug|x64
		{F6AA29AB-5CE6-5415-E936-9D49BB59C133}.Release|Win32.ActiveCfg = Release|Win32
		{F6AA29AB-5CE6-5415-E936-9D49BB59C133}.Release|Win32.Build.0 = Release|Win32
		{F85A2AD8-94F2-F668-C3A1-6B063F2BC49B}.Release|x64.ActiveCfg = Release|x64
		{F85A2AD8-94F2-F668-C3A1-6B063F2BC49B}.Release|x64.Build.0 = Release|x64
		{F85A2AD8-94F2-F668-C3A1-6B063F2BC49B}.Debug|Win32.ActiveCfg = Debug|Win32
		{F85A2AD8-94F2-F668-C3A1-6B063F2BC49B}.Debug|Win32.Build.0 = Debug|Win32
		{F85A2AD8-94F2-F668-C3A1-6B063F2BC49B}.Debug|x64.ActiveCfg = Debug|x64
		{F85A2AD8-94F2-F668-C3A1-6B063F2BC49B}.Debug|x64.Build.0 = Debug|x64
		{F85A2AD8-94F2-F668-C3A1-6B063F2BC49B}.Release|Win32.ActiveCfg = Release|Win32
		{F85A2AD8-94F2-F668-C3A1-6B063F2BC49B}.Release|Win32.Build.0 = Release|Win32
		{FA82C850-7936-4011-6705-CBA97E97758D}.Release|x64.ActiveCfg = Release|x64
		{FA82C850-7936-4011-6705-CBA97E97758D}.Release|x64.Build.0 = Release|x64
		{FA82C850-7936-4011-6705-CBA97E97758D}.Debug|Win32.ActiveCfg = Debug|Win32
		{FA82C850-7936-4011-6705-CBA97E97758D}.Debug|Win32.Build.0 = Debug|Win32
		{FA82C850-7936-4011-6705-CBA97E97758D}.Debug|x64.ActiveCfg = Debug|x64
		{FA82C850-7936-4011-6705-CBA97E97758D}.Debug|x64.Build.0 = Debug|x64
		{FA82C850-7936-4011-6705-CBA97E97758D}.Release|Win32.ActiveCfg = Release|Win32
		{FA82C850-7936-4011-6705-CBA97E97758D}.Release|Win32.Build.0 = Release|Win32
	EndGlobalSection
	GlobalSection(SolutionProperties) = preSolution
		HideSolutionNode = FALSE
	EndGlobalSection
EndGlobal
