Microsoft Visual Studio Solution File, Format Version 13.00
# Visual Studio 2013
Project("{8BC9CEB8-8B4A-11D0-8D11-00A0C91BC942}") = "desc_wrapper", "desc_wrapper.vcxproj", "{BAA65A0E-9ED6-E9C9-561C-9B8B1FA364B2}"
EndProject
Project("{8BC9CEB8-8B4A-11D0-8D11-00A0C91BC942}") = "desc_wrapper64", "desc_wrapper64.vcxproj", "{68D2BDBF-8161-78EF-4B5C-2316B7EB45ED}"
EndProject
Project("{8BC9CEB8-8B4A-11D0-8D11-00A0C91BC942}") = "gio", "..\..\shared\gio\gio.vcxproj", "{FD7C00F0-9EF0-9BD5-64DD-0ED42D663D43}"
EndProject
Project("{8BC9CEB8-8B4A-11D0-8D11-00A0C91BC942}") = "gio64", "..\..\shared\gio\gio64.vcxproj", "{ABD4C66B-E200-B190-F07D-D06355B18155}"
EndProject
Project("{8BC9CEB8-8B4A-11D0-8D11-00A0C91BC942}") = "imc", "..\..\shared\imc\imc.vcxproj", "{526CB1B6-97E3-903D-6144-0F0346D3AA0F}"
EndProject
Project("{8BC9CEB8-8B4A-11D0-8D11-00A0C91BC942}") = "imc64", "..\..\shared\imc\imc64.vcxproj", "{0776CB65-B9FB-85DF-98B5-D92B1B441756}"
EndProject
Project("{8BC9CEB8-8B4A-11D0-8D11-00A0C91BC942}") = "nacl_base", "..\nacl_base\nacl_base.vcxproj", "{14B929A0-B953-F4CC-DB1E-DD672C8739E2}"
EndProject
Project("{8BC9CEB8-8B4A-11D0-8D11-00A0C91BC942}") = "nacl_base64", "..\nacl_base\nacl_base64.vcxproj", "{0C003AF6-FAE7-C8FC-AAF0-EDD40C4A847A}"
EndProject
Project("{8BC9CEB8-8B4A-11D0-8D11-00A0C91BC942}") = "nrd_xfer", "nrd_xfer.vcxproj", "{65F770F5-5578-C1BA-C868-EC61416FA52D}"
EndProject
Project("{8BC9CEB8-8B4A-11D0-8D11-00A0C91BC942}") = "nrd_xfer64", "nrd_xfer64.vcxproj", "{1BA2198A-EF04-C4F2-864C-2BA7AD97656F}"
EndProject
Project("{8BC9CEB8-8B4A-11D0-8D11-00A0C91BC942}") = "platform", "..\..\shared\platform\platform.vcxproj", "{A941BA4D-135E-2DB2-0669-03E729A4A115}"
EndProject
Project("{8BC9CEB8-8B4A-11D0-8D11-00A0C91BC942}") = "platform64", "..\..\shared\platform\platform64.vcxproj", "{D79AD1F7-5295-CD73-8247-4995C20CE2A3}"
EndProject
Global
	GlobalSection(SolutionConfigurationPlatforms) = preSolution
		Release|x64 = Release|x64
		Debug|Win32 = Debug|Win32
		Debug|x64 = Debug|x64
		Release|Win32 = Release|Win32
	EndGlobalSection
	GlobalSection(ProjectConfigurationPlatforms) = postSolution
		{0776CB65-B9FB-85DF-98B5-D92B1B441756}.Release|x64.ActiveCfg = Release|x64
		{0776CB65-B9FB-85DF-98B5-D92B1B441756}.Release|x64.Build.0 = Release|x64
		{0776CB65-B9FB-85DF-98B5-D92B1B441756}.Debug|Win32.ActiveCfg = Debug|x64
		{0776CB65-B9FB-85DF-98B5-D92B1B441756}.Debug|Win32.Build.0 = Debug|x64
		{0776CB65-B9FB-85DF-98B5-D92B1B441756}.Debug|x64.ActiveCfg = Debug|x64
		{0776CB65-B9FB-85DF-98B5-D92B1B441756}.Debug|x64.Build.0 = Debug|x64
		{0776CB65-B9FB-85DF-98B5-D92B1B441756}.Release|Win32.ActiveCfg = Release|x64
		{0776CB65-B9FB-85DF-98B5-D92B1B441756}.Release|Win32.Build.0 = Release|x64
		{0C003AF6-FAE7-C8FC-AAF0-EDD40C4A847A}.Release|x64.ActiveCfg = Release|x64
		{0C003AF6-FAE7-C8FC-AAF0-EDD40C4A847A}.Release|x64.Build.0 = Release|x64
		{0C003AF6-FAE7-C8FC-AAF0-EDD40C4A847A}.Debug|Win32.ActiveCfg = Debug|x64
		{0C003AF6-FAE7-C8FC-AAF0-EDD40C4A847A}.Debug|Win32.Build.0 = Debug|x64
		{0C003AF6-FAE7-C8FC-AAF0-EDD40C4A847A}.Debug|x64.ActiveCfg = Debug|x64
		{0C003AF6-FAE7-C8FC-AAF0-EDD40C4A847A}.Debug|x64.Build.0 = Debug|x64
		{0C003AF6-FAE7-C8FC-AAF0-EDD40C4A847A}.Release|Win32.ActiveCfg = Release|x64
		{0C003AF6-FAE7-C8FC-AAF0-EDD40C4A847A}.Release|Win32.Build.0 = Release|x64
		{14B929A0-B953-F4CC-DB1E-DD672C8739E2}.Release|x64.ActiveCfg = Release|x64
		{14B929A0-B953-F4CC-DB1E-DD672C8739E2}.Release|x64.Build.0 = Release|x64
		{14B929A0-B953-F4CC-DB1E-DD672C8739E2}.Debug|Win32.ActiveCfg = Debug|Win32
		{14B929A0-B953-F4CC-DB1E-DD672C8739E2}.Debug|Win32.Build.0 = Debug|Win32
		{14B929A0-B953-F4CC-DB1E-DD672C8739E2}.Debug|x64.ActiveCfg = Debug|x64
		{14B929A0-B953-F4CC-DB1E-DD672C8739E2}.Debug|x64.Build.0 = Debug|x64
		{14B929A0-B953-F4CC-DB1E-DD672C8739E2}.Release|Win32.ActiveCfg = Release|Win32
		{14B929A0-B953-F4CC-DB1E-DD672C8739E2}.Release|Win32.Build.0 = Release|Win32
		{1BA2198A-EF04-C4F2-864C-2BA7AD97656F}.Release|x64.ActiveCfg = Release|x64
		{1BA2198A-EF04-C4F2-864C-2BA7AD97656F}.Release|x64.Build.0 = Release|x64
		{1BA2198A-EF04-C4F2-864C-2BA7AD97656F}.Debug|Win32.ActiveCfg = Debug|x64
		{1BA2198A-EF04-C4F2-864C-2BA7AD97656F}.Debug|Win32.Build.0 = Debug|x64
		{1BA2198A-EF04-C4F2-864C-2BA7AD97656F}.Debug|x64.ActiveCfg = Debug|x64
		{1BA2198A-EF04-C4F2-864C-2BA7AD97656F}.Debug|x64.Build.0 = Debug|x64
		{1BA2198A-EF04-C4F2-864C-2BA7AD97656F}.Release|Win32.ActiveCfg = Release|x64
		{1BA2198A-EF04-C4F2-864C-2BA7AD97656F}.Release|Win32.Build.0 = Release|x64
		{526CB1B6-97E3-903D-6144-0F0346D3AA0F}.Release|x64.ActiveCfg = Release|x64
		{526CB1B6-97E3-903D-6144-0F0346D3AA0F}.Release|x64.Build.0 = Release|x64
		{526CB1B6-97E3-903D-6144-0F0346D3AA0F}.Debug|Win32.ActiveCfg = Debug|Win32
		{526CB1B6-97E3-903D-6144-0F0346D3AA0F}.Debug|Win32.Build.0 = Debug|Win32
		{526CB1B6-97E3-903D-6144-0F0346D3AA0F}.Debug|x64.ActiveCfg = Debug|x64
		{526CB1B6-97E3-903D-6144-0F0346D3AA0F}.Debug|x64.Build.0 = Debug|x64
		{526CB1B6-97E3-903D-6144-0F0346D3AA0F}.Release|Win32.ActiveCfg = Release|Win32
		{526CB1B6-97E3-903D-6144-0F0346D3AA0F}.Release|Win32.Build.0 = Release|Win32
		{65F770F5-5578-C1BA-C868-EC61416FA52D}.Release|x64.ActiveCfg = Release|x64
		{65F770F5-5578-C1BA-C868-EC61416FA52D}.Release|x64.Build.0 = Release|x64
		{65F770F5-5578-C1BA-C868-EC61416FA52D}.Debug|Win32.ActiveCfg = Debug|Win32
		{65F770F5-5578-C1BA-C868-EC61416FA52D}.Debug|Win32.Build.0 = Debug|Win32
		{65F770F5-5578-C1BA-C868-EC61416FA52D}.Debug|x64.ActiveCfg = Debug|x64
		{65F770F5-5578-C1BA-C868-EC61416FA52D}.Debug|x64.Build.0 = Debug|x64
		{65F770F5-5578-C1BA-C868-EC61416FA52D}.Release|Win32.ActiveCfg = Release|Win32
		{65F770F5-5578-C1BA-C868-EC61416FA52D}.Release|Win32.Build.0 = Release|Win32
		{68D2BDBF-8161-78EF-4B5C-2316B7EB45ED}.Release|x64.ActiveCfg = Release|x64
		{68D2BDBF-8161-78EF-4B5C-2316B7EB45ED}.Release|x64.Build.0 = Release|x64
		{68D2BDBF-8161-78EF-4B5C-2316B7EB45ED}.Debug|Win32.ActiveCfg = Debug|x64
		{68D2BDBF-8161-78EF-4B5C-2316B7EB45ED}.Debug|Win32.Build.0 = Debug|x64
		{68D2BDBF-8161-78EF-4B5C-2316B7EB45ED}.Debug|x64.ActiveCfg = Debug|x64
		{68D2BDBF-8161-78EF-4B5C-2316B7EB45ED}.Debug|x64.Build.0 = Debug|x64
		{68D2BDBF-8161-78EF-4B5C-2316B7EB45ED}.Release|Win32.ActiveCfg = Release|x64
		{68D2BDBF-8161-78EF-4B5C-2316B7EB45ED}.Release|Win32.Build.0 = Release|x64
		{A941BA4D-135E-2DB2-0669-03E729A4A115}.Release|x64.ActiveCfg = Release|x64
		{A941BA4D-135E-2DB2-0669-03E729A4A115}.Release|x64.Build.0 = Release|x64
		{A941BA4D-135E-2DB2-0669-03E729A4A115}.Debug|Win32.ActiveCfg = Debug|Win32
		{A941BA4D-135E-2DB2-0669-03E729A4A115}.Debug|Win32.Build.0 = Debug|Win32
		{A941BA4D-135E-2DB2-0669-03E729A4A115}.Debug|x64.ActiveCfg = Debug|x64
		{A941BA4D-135E-2DB2-0669-03E729A4A115}.Debug|x64.Build.0 = Debug|x64
		{A941BA4D-135E-2DB2-0669-03E729A4A115}.Release|Win32.ActiveCfg = Release|Win32
		{A941BA4D-135E-2DB2-0669-03E729A4A115}.Release|Win32.Build.0 = Release|Win32
		{ABD4C66B-E200-B190-F07D-D06355B18155}.Release|x64.ActiveCfg = Release|x64
		{ABD4C66B-E200-B190-F07D-D06355B18155}.Release|x64.Build.0 = Release|x64
		{ABD4C66B-E200-B190-F07D-D06355B18155}.Debug|Win32.ActiveCfg = Debug|x64
		{ABD4C66B-E200-B190-F07D-D06355B18155}.Debug|Win32.Build.0 = Debug|x64
		{ABD4C66B-E200-B190-F07D-D06355B18155}.Debug|x64.ActiveCfg = Debug|x64
		{ABD4C66B-E200-B190-F07D-D06355B18155}.Debug|x64.Build.0 = Debug|x64
		{ABD4C66B-E200-B190-F07D-D06355B18155}.Release|Win32.ActiveCfg = Release|x64
		{ABD4C66B-E200-B190-F07D-D06355B18155}.Release|Win32.Build.0 = Release|x64
		{BAA65A0E-9ED6-E9C9-561C-9B8B1FA364B2}.Release|x64.ActiveCfg = Release|x64
		{BAA65A0E-9ED6-E9C9-561C-9B8B1FA364B2}.Release|x64.Build.0 = Release|x64
		{BAA65A0E-9ED6-E9C9-561C-9B8B1FA364B2}.Debug|Win32.ActiveCfg = Debug|Win32
		{BAA65A0E-9ED6-E9C9-561C-9B8B1FA364B2}.Debug|Win32.Build.0 = Debug|Win32
		{BAA65A0E-9ED6-E9C9-561C-9B8B1FA364B2}.Debug|x64.ActiveCfg = Debug|x64
		{BAA65A0E-9ED6-E9C9-561C-9B8B1FA364B2}.Debug|x64.Build.0 = Debug|x64
		{BAA65A0E-9ED6-E9C9-561C-9B8B1FA364B2}.Release|Win32.ActiveCfg = Release|Win32
		{BAA65A0E-9ED6-E9C9-561C-9B8B1FA364B2}.Release|Win32.Build.0 = Release|Win32
		{D79AD1F7-5295-CD73-8247-4995C20CE2A3}.Release|x64.ActiveCfg = Release|x64
		{D79AD1F7-5295-CD73-8247-4995C20CE2A3}.Release|x64.Build.0 = Release|x64
		{D79AD1F7-5295-CD73-8247-4995C20CE2A3}.Debug|Win32.ActiveCfg = Debug|x64
		{D79AD1F7-5295-CD73-8247-4995C20CE2A3}.Debug|Win32.Build.0 = Debug|x64
		{D79AD1F7-5295-CD73-8247-4995C20CE2A3}.Debug|x64.ActiveCfg = Debug|x64
		{D79AD1F7-5295-CD73-8247-4995C20CE2A3}.Debug|x64.Build.0 = Debug|x64
		{D79AD1F7-5295-CD73-8247-4995C20CE2A3}.Release|Win32.ActiveCfg = Release|x64
		{D79AD1F7-5295-CD73-8247-4995C20CE2A3}.Release|Win32.Build.0 = Release|x64
		{FD7C00F0-9EF0-9BD5-64DD-0ED42D663D43}.Release|x64.ActiveCfg = Release|x64
		{FD7C00F0-9EF0-9BD5-64DD-0ED42D663D43}.Release|x64.Build.0 = Release|x64
		{FD7C00F0-9EF0-9BD5-64DD-0ED42D663D43}.Debug|Win32.ActiveCfg = Debug|Win32
		{FD7C00F0-9EF0-9BD5-64DD-0ED42D663D43}.Debug|Win32.Build.0 = Debug|Win32
		{FD7C00F0-9EF0-9BD5-64DD-0ED42D663D43}.Debug|x64.ActiveCfg = Debug|x64
		{FD7C00F0-9EF0-9BD5-64DD-0ED42D663D43}.Debug|x64.Build.0 = Debug|x64
		{FD7C00F0-9EF0-9BD5-64DD-0ED42D663D43}.Release|Win32.ActiveCfg = Release|Win32
		{FD7C00F0-9EF0-9BD5-64DD-0ED42D663D43}.Release|Win32.Build.0 = Release|Win32
	EndGlobalSection
	GlobalSection(SolutionProperties) = preSolution
		HideSolutionNode = FALSE
	EndGlobalSection
EndGlobal
