Microsoft Visual Studio Solution File, Format Version 13.00
# Visual Studio 2013
Project("{8BC9CEB8-8B4A-11D0-8D11-00A0C91BC942}") = "allocator_extension_thunks", "..\base\allocator\allocator_extension_thunks.vcxproj", "{A5603A60-4678-AE7B-882D-82B93ACCDB7B}"
EndProject
Project("{8BC9CEB8-8B4A-11D0-8D11-00A0C91BC942}") = "base", "..\base\base.vcxproj", "{172ACA0E-7F94-B976-1907-584B06DF343F}"
EndProject
Project("{8BC9CEB8-8B4A-11D0-8D11-00A0C91BC942}") = "base_i18n", "..\base\base_i18n.vcxproj", "{45DF95C8-F10E-BF98-CD34-0A67E717958F}"
EndProject
Project("{8BC9CEB8-8B4A-11D0-8D11-00A0C91BC942}") = "base_static", "..\base\base_static.vcxproj", "{2825DBE9-73BA-7A57-CC8A-83CE840DDC23}"
EndProject
Project("{8BC9CEB8-8B4A-11D0-8D11-00A0C91BC942}") = "blink_skia_config", "..\third_party\WebKit\public\blink_skia_config.vcxproj", "{D82384F0-54CD-524B-01DA-6495AEBB87FC}"
EndProject
Project("{8BC9CEB8-8B4A-11D0-8D11-00A0C91BC942}") = "cc", "cc.vcxproj", "{D7CF164D-B494-63B6-4879-21B54CBCE3C3}"
EndProject
Project("{8BC9CEB8-8B4A-11D0-8D11-00A0C91BC942}") = "cc_surfaces", "cc_surfaces.vcxproj", "{5171E9C1-2E2E-6837-504B-B83C78B66BA7}"
EndProject
Project("{8BC9CEB8-8B4A-11D0-8D11-00A0C91BC942}") = "cityhash", "..\third_party\smhasher\cityhash.vcxproj", "{F31BE50C-8882-5330-5793-1A4FC896791D}"
EndProject
Project("{8BC9CEB8-8B4A-11D0-8D11-00A0C91BC942}") = "command_buffer_client", "..\gpu\command_buffer_client.vcxproj", "{19869449-0C7B-FCD9-7CBF-8E1D2D35AE98}"
EndProject
Project("{8BC9CEB8-8B4A-11D0-8D11-00A0C91BC942}") = "command_buffer_common", "..\gpu\command_buffer_common.vcxproj", "{7D2AB885-0495-72FB-88CC-96F4304F3E23}"
EndProject
Project("{8BC9CEB8-8B4A-11D0-8D11-00A0C91BC942}") = "command_buffer_service", "..\gpu\command_buffer_service.vcxproj", "{8DB53296-AD23-090F-49EE-C068CDBE65A0}"
EndProject
Project("{8BC9CEB8-8B4A-11D0-8D11-00A0C91BC942}") = "config_sources", "..\third_party\yasm\config_sources.vcxproj", "{782F6A8D-9C94-4E3E-707C-469A9DD6885D}"
EndProject
Project("{8BC9CEB8-8B4A-11D0-8D11-00A0C91BC942}") = "crypto", "..\crypto\crypto.vcxproj", "{B5CE8410-9BBD-EEB4-3B3C-2FA5679D416B}"
EndProject
Project("{8BC9CEB8-8B4A-11D0-8D11-00A0C91BC942}") = "disk_cache_proto", "..\gpu\disk_cache_proto.vcxproj", "{C080B58C-1B52-9F86-FED4-66A9A1E16AFA}"
EndProject
Project("{8BC9CEB8-8B4A-11D0-8D11-00A0C91BC942}") = "dom4_keycode_converter", "..\ui\events\dom4_keycode_converter.vcxproj", "{8BC92069-3B4E-C091-A2D1-53BF5A3FFD1A}"
EndProject
Project("{8BC9CEB8-8B4A-11D0-8D11-00A0C91BC942}") = "dynamic_annotations", "..\base\third_party\dynamic_annotations\dynamic_annotations.vcxproj", "{CC50B24B-6453-5A3C-408A-2532681C8E6C}"
EndProject
Project("{8BC9CEB8-8B4A-11D0-8D11-00A0C91BC942}") = "events_base", "..\ui\events\events_base.vcxproj", "{FF08FFCB-E1D3-2281-BFB3-765AAB8C304E}"
EndProject
Project("{8BC9CEB8-8B4A-11D0-8D11-00A0C91BC942}") = "ffmpeg", "..\third_party\ffmpeg\ffmpeg.vcxproj", "{D7A94F58-576A-45D9-A45F-EB87C63ABBB0}"
EndProject
Project("{8BC9CEB8-8B4A-11D0-8D11-00A0C91BC942}") = "ffmpeg_yasm", "..\third_party\ffmpeg\ffmpeg_yasm.vcxproj", "{C0F46FF4-520C-1360-ED44-BC200C20E665}"
EndProject
Project("{8BC9CEB8-8B4A-11D0-8D11-00A0C91BC942}") = "ffmpegsumo", "..\third_party\ffmpeg\ffmpegsumo.vcxproj", "{4A578DED-8C79-04F8-D333-C69F7FF026D0}"
EndProject
Project("{8BC9CEB8-8B4A-11D0-8D11-00A0C91BC942}") = "gen_asm_offsets_vp8", "..\third_party\libvpx\gen_asm_offsets_vp8.vcxproj", "{1E2D4298-F438-10E7-AC53-FCCDA27AFF60}"
EndProject
Project("{8BC9CEB8-8B4A-11D0-8D11-00A0C91BC942}") = "generate_files", "..\third_party\yasm\generate_files.vcxproj", "{BE5456BF-121A-D184-B821-615682A6A955}"
EndProject
Project("{8BC9CEB8-8B4A-11D0-8D11-00A0C91BC942}") = "genmacro", "..\third_party\yasm\genmacro.vcxproj", "{CAC26440-D5C6-F0B5-2A94-0E7F500410AF}"
EndProject
Project("{8BC9CEB8-8B4A-11D0-8D11-00A0C91BC942}") = "genmodule", "..\third_party\yasm\genmodule.vcxproj", "{CEA96719-660F-1D67-CAAF-D99FF280EB6F}"
EndProject
Project("{8BC9CEB8-8B4A-11D0-8D11-00A0C91BC942}") = "genperf", "..\third_party\yasm\genperf.vcxproj", "{3DA8F782-7F33-CED5-07EC-A65FD02231A1}"
EndProject
Project("{8BC9CEB8-8B4A-11D0-8D11-00A0C91BC942}") = "genperf_libs", "..\third_party\yasm\genperf_libs.vcxproj", "{A5C7D98D-85CA-5A7E-CA94-720D2441935C}"
EndProject
Project("{8BC9CEB8-8B4A-11D0-8D11-00A0C91BC942}") = "genstring", "..\third_party\yasm\genstring.vcxproj", "{821731D4-44D0-7B38-BD4A-22A533A04F17}"
EndProject
Project("{8BC9CEB8-8B4A-11D0-8D11-00A0C91BC942}") = "genversion", "..\third_party\yasm\genversion.vcxproj", "{5FC773A1-69DC-05ED-63F4-1CB4EB6767BA}"
EndProject
Project("{8BC9CEB8-8B4A-11D0-8D11-00A0C91BC942}") = "gfx", "..\ui\gfx\gfx.vcxproj", "{0ABEB7ED-8186-D383-508C-95B3C3061C40}"
EndProject
Project("{8BC9CEB8-8B4A-11D0-8D11-00A0C91BC942}") = "gfx_geometry", "..\ui\gfx\gfx_geometry.vcxproj", "{B1EE5FA3-CB46-2307-F868-8E55E006027D}"
EndProject
Project("{8BC9CEB8-8B4A-11D0-8D11-00A0C91BC942}") = "gl", "..\ui\gl\gl.vcxproj", "{47C5C2F4-D8F4-8DAA-2D3C-85A595C904D1}"
EndProject
Project("{8BC9CEB8-8B4A-11D0-8D11-00A0C91BC942}") = "gles2_cmd_helper", "..\gpu\gles2_cmd_helper.vcxproj", "{06A188CB-1DE2-117E-5662-61A1B45AC9EA}"
EndProject
Project("{8BC9CEB8-8B4A-11D0-8D11-00A0C91BC942}") = "gles2_utils", "..\gpu\command_buffer\gles2_utils.vcxproj", "{15EE6D02-2737-E49A-5AB1-90E8A9332A93}"
EndProject
Project("{8BC9CEB8-8B4A-11D0-8D11-00A0C91BC942}") = "gpu", "..\gpu\gpu.vcxproj", "{85EED160-CDB6-041F-42AB-15C3F8C0714C}"
EndProject
Project("{8BC9CEB8-8B4A-11D0-8D11-00A0C91BC942}") = "gpu_config", "..\gpu\gpu_config.vcxproj", "{C85D0889-DD42-F3C6-6EF2-F487BA185557}"
EndProject
Project("{8BC9CEB8-8B4A-11D0-8D11-00A0C91BC942}") = "gpu_ipc", "..\gpu\gpu_ipc.vcxproj", "{715557D6-5B10-BD23-1E10-BDB2EBD976ED}"
EndProject
Project("{8BC9CEB8-8B4A-11D0-8D11-00A0C91BC942}") = "gtest_prod", "..\testing\gtest_prod.vcxproj", "{E01716F2-BBC0-8BC4-EB59-CE7DC6DC5126}"
EndProject
Project("{8BC9CEB8-8B4A-11D0-8D11-00A0C91BC942}") = "icudata", "..\third_party\icu\icudata.vcxproj", "{1191130C-D0D8-2982-A38E-75764D43A665}"
EndProject
Project("{8BC9CEB8-8B4A-11D0-8D11-00A0C91BC942}") = "icui18n", "..\third_party\icu\icui18n.vcxproj", "{F85A2AD8-94F2-F668-C3A1-6B063F2BC49B}"
EndProject
Project("{8BC9CEB8-8B4A-11D0-8D11-00A0C91BC942}") = "icuuc", "..\third_party\icu\icuuc.vcxproj", "{CA460097-1B04-C07F-5410-0602D5307EDB}"
EndProject
Project("{8BC9CEB8-8B4A-11D0-8D11-00A0C91BC942}") = "ipc", "..\ipc\ipc.vcxproj", "{BD993997-B941-1CE6-ACD3-D07A6777B67B}"
EndProject
Project("{8BC9CEB8-8B4A-11D0-8D11-00A0C91BC942}") = "khronos_headers", "..\third_party\khronos\khronos_headers.vcxproj", "{E999A796-E258-C9D2-317C-CFDE45BD1292}"
EndProject
Project("{8BC9CEB8-8B4A-11D0-8D11-00A0C91BC942}") = "libjpeg", "..\third_party\libjpeg_turbo\libjpeg.vcxproj", "{FA82C850-7936-4011-6705-CBA97E97758D}"
EndProject
Project("{8BC9CEB8-8B4A-11D0-8D11-00A0C91BC942}") = "libpng", "..\third_party\libpng\libpng.vcxproj", "{005E176D-FEA0-8327-EC20-4B6CE71BD753}"
EndProject
Project("{8BC9CEB8-8B4A-11D0-8D11-00A0C91BC942}") = "libvpx", "..\third_party\libvpx\libvpx.vcxproj", "{8CBBCE7C-C22A-BF19-4C01-E0A7F80DE8B7}"
EndProject
Project("{8BC9CEB8-8B4A-11D0-8D11-00A0C91BC942}") = "libvpx_asm_offsets_vp8", "..\third_party\libvpx\libvpx_asm_offsets_vp8.vcxproj", "{C4A55C91-03AE-C7B3-5C1C-0F91D96410D6}"
EndProject
Project("{8BC9CEB8-8B4A-11D0-8D11-00A0C91BC942}") = "libvpx_intrinsics_mmx", "..\third_party\libvpx\libvpx_intrinsics_mmx.vcxproj", "{39DF4503-95F6-170A-9C62-ABE12396E9B3}"
EndProject
Project("{8BC9CEB8-8B4A-11D0-8D11-00A0C91BC942}") = "libvpx_intrinsics_sse2", "..\third_party\libvpx\libvpx_intrinsics_sse2.vcxproj", "{9578715B-0ECE-CE2D-89BD-593CBFCDCC9C}"
EndProject
Project("{8BC9CEB8-8B4A-11D0-8D11-00A0C91BC942}") = "libvpx_intrinsics_ssse3", "..\third_party\libvpx\libvpx_intrinsics_ssse3.vcxproj", "{F6D0FBA4-55EE-95FE-B6D5-18587C57FF44}"
EndProject
Project("{8BC9CEB8-8B4A-11D0-8D11-00A0C91BC942}") = "libvpx_obj_int_extract", "..\third_party\libvpx\libvpx_obj_int_extract.vcxproj", "{F1366634-698C-2BD7-3167-124522E20B6D}"
EndProject
Project("{8BC9CEB8-8B4A-11D0-8D11-00A0C91BC942}") = "libxml", "..\third_party\libxml\libxml.vcxproj", "{BD85A424-0CAA-F62C-28F9-0F238F350AA3}"
EndProject
Project("{8BC9CEB8-8B4A-11D0-8D11-00A0C91BC942}") = "libyuv", "..\third_party\libyuv\libyuv.vcxproj", "{6382629C-8E6F-8C2E-367F-DC28AB56D799}"
EndProject
Project("{8BC9CEB8-8B4A-11D0-8D11-00A0C91BC942}") = "media", "..\media\media.vcxproj", "{250153EA-8960-852A-C133-2CEDE61C8AC3}"
EndProject
Project("{8BC9CEB8-8B4A-11D0-8D11-00A0C91BC942}") = "media_asm", "..\media\media_asm.vcxproj", "{38C9D0F6-E15D-6FE4-E8A6-179E22A85403}"
EndProject
Project("{8BC9CEB8-8B4A-11D0-8D11-00A0C91BC942}") = "media_mmx", "..\media\media_mmx.vcxproj", "{2DB11F44-AAB6-4058-1B25-5F3A916DA032}"
EndProject
Project("{8BC9CEB8-8B4A-11D0-8D11-00A0C91BC942}") = "media_sse", "..\media\media_sse.vcxproj", "{3D02CB5D-4BE4-1C88-D6CB-AA80CFFC086E}"
EndProject
Project("{8BC9CEB8-8B4A-11D0-8D11-00A0C91BC942}") = "media_sse2", "..\media\media_sse2.vcxproj", "{979303E3-ECAC-CC66-42D2-D7C291722031}"
EndProject
Project("{8BC9CEB8-8B4A-11D0-8D11-00A0C91BC942}") = "mesa_headers", "..\third_party\mesa\mesa_headers.vcxproj", "{94FFE311-1AB9-C8E3-B43F-CB79AEEF5B03}"
EndProject
Project("{8BC9CEB8-8B4A-11D0-8D11-00A0C91BC942}") = "modp_b64", "..\third_party\modp_b64\modp_b64.vcxproj", "{7E21472D-EE38-2E6A-A6C3-FA938903A3E4}"
EndProject
Project("{8BC9CEB8-8B4A-11D0-8D11-00A0C91BC942}") = "nspr", "..\third_party\nss\nspr.vcxproj", "{A787E957-10C3-E297-F5AC-DBFDE4190BAA}"
EndProject
Project("{8BC9CEB8-8B4A-11D0-8D11-00A0C91BC942}") = "nss", "..\third_party\nss\nss.vcxproj", "{9AA8E56F-B895-905A-3A0F-AB0F32F73302}"
EndProject
Project("{8BC9CEB8-8B4A-11D0-8D11-00A0C91BC942}") = "nss_static", "..\third_party\nss\nss_static.vcxproj", "{1E4FFE1C-1A82-37CA-19B5-D19AD53FA970}"
EndProject
Project("{8BC9CEB8-8B4A-11D0-8D11-00A0C91BC942}") = "opus", "..\third_party\opus\opus.vcxproj", "{6CCD13F1-D5D1-9BBA-D348-05FBF4EF9D9B}"
EndProject
Project("{8BC9CEB8-8B4A-11D0-8D11-00A0C91BC942}") = "preprocessor", "..\third_party\angle\src\preprocessor.vcxproj", "{C49AD207-8D02-D0B3-85A3-D36CA32FBFB0}"
EndProject
Project("{8BC9CEB8-8B4A-11D0-8D11-00A0C91BC942}") = "protobuf_full_do_not_use", "..\third_party\protobuf\protobuf_full_do_not_use.vcxproj", "{740AF21D-8260-3A1F-8717-19F06949F2AC}"
EndProject
Project("{8BC9CEB8-8B4A-11D0-8D11-00A0C91BC942}") = "protobuf_lite", "..\third_party\protobuf\protobuf_lite.vcxproj", "{DF36DB04-3023-916B-274B-0EF60C47BA17}"
EndProject
Project("{8BC9CEB8-8B4A-11D0-8D11-00A0C91BC942}") = "protoc", "..\third_party\protobuf\protoc.vcxproj", "{198A4554-D1C9-103D-A532-85A57BAFC813}"
EndProject
Project("{8BC9CEB8-8B4A-11D0-8D11-00A0C91BC942}") = "re2", "..\third_party\re2\re2.vcxproj", "{9AA8519D-DD33-AADE-150F-DC9C0B0D45E2}"
EndProject
Project("{8BC9CEB8-8B4A-11D0-8D11-00A0C91BC942}") = "re2c", "..\third_party\yasm\re2c.vcxproj", "{4E0CDAFD-6126-68A4-4EF0-8C361E16B016}"
EndProject
Project("{8BC9CEB8-8B4A-11D0-8D11-00A0C91BC942}") = "sfntly", "..\third_party\sfntly\sfntly.vcxproj", "{32A738AA-F72B-6079-E064-2F7DA8B10A61}"
EndProject
Project("{8BC9CEB8-8B4A-11D0-8D11-00A0C91BC942}") = "shared_memory_support", "..\media\shared_memory_support.vcxproj", "{55F2EA7D-6CB3-7FE2-80A3-01655FF3B4D6}"
EndProject
Project("{8BC9CEB8-8B4A-11D0-8D11-00A0C91BC942}") = "shared_memory_support_sse", "..\media\shared_memory_support_sse.vcxproj", "{9B17305E-740D-CCDC-DC01-8B448448DF80}"
EndProject
Project("{8BC9CEB8-8B4A-11D0-8D11-00A0C91BC942}") = "skia", "..\skia\skia.vcxproj", "{D37AA233-6EB0-5C0B-DD91-E36D8EF97EC8}"
EndProject
Project("{8BC9CEB8-8B4A-11D0-8D11-00A0C91BC942}") = "skia_chrome", "..\skia\skia_chrome.vcxproj", "{F34BF336-A4B9-0D43-A369-7229ACACBF48}"
EndProject
Project("{8BC9CEB8-8B4A-11D0-8D11-00A0C91BC942}") = "skia_chrome_opts", "..\skia\skia_chrome_opts.vcxproj", "{46DC3EFE-F620-12DB-C8C1-130077BD9D32}"
EndProject
Project("{8BC9CEB8-8B4A-11D0-8D11-00A0C91BC942}") = "skia_library", "..\skia\skia_library.vcxproj", "{A882E338-42F9-A685-9123-24271F42A963}"
EndProject
Project("{8BC9CEB8-8B4A-11D0-8D11-00A0C91BC942}") = "skia_opts", "..\skia\skia_opts.vcxproj", "{EACAF442-9213-04CB-9F3A-638CF1211AB2}"
EndProject
Project("{8BC9CEB8-8B4A-11D0-8D11-00A0C91BC942}") = "skia_opts_ssse3", "..\skia\skia_opts_ssse3.vcxproj", "{3B025FFC-D2BA-FBD6-BD37-C54B09231583}"
EndProject
Project("{8BC9CEB8-8B4A-11D0-8D11-00A0C91BC942}") = "sqlite", "..\third_party\sqlite\sqlite.vcxproj", "{148D7EEA-6428-8E40-8275-5DFB650D768D}"
EndProject
Project("{8BC9CEB8-8B4A-11D0-8D11-00A0C91BC942}") = "translator", "..\third_party\angle\src\translator.vcxproj", "{D72B4114-AF97-11AB-DC6F-34C7D0164008}"
EndProject
Project("{8BC9CEB8-8B4A-11D0-8D11-00A0C91BC942}") = "url_lib", "..\url\url_lib.vcxproj", "{3C4CF17E-4AE3-15D7-D989-44C263993CC0}"
EndProject
Project("{8BC9CEB8-8B4A-11D0-8D11-00A0C91BC942}") = "yasm", "..\third_party\yasm\yasm.vcxproj", "{A56B8C54-C770-BCA8-0E28-F3F2D012D2AD}"
EndProject
Project("{8BC9CEB8-8B4A-11D0-8D11-00A0C91BC942}") = "zlib", "..\third_party\zlib\zlib.vcxproj", "{487496A6-0D23-6CC9-4137-308EEA9B1B45}"
EndProject
Global
	GlobalSection(SolutionConfigurationPlatforms) = preSolution
		Release|x64 = Release|x64
		Debug|Win32 = Debug|Win32
		Debug|x64 = Debug|x64
		Release|Win32 = Release|Win32
	EndGlobalSection
	GlobalSection(ProjectConfigurationPlatforms) = postSolution
		{005E176D-FEA0-8327-EC20-4B6CE71BD753}.Release|x64.ActiveCfg = Release|x64
		{005E176D-FEA0-8327-EC20-4B6CE71BD753}.Release|x64.Build.0 = Release|x64
		{005E176D-FEA0-8327-EC20-4B6CE71BD753}.Debug|Win32.ActiveCfg = Debug|Win32
		{005E176D-FEA0-8327-EC20-4B6CE71BD753}.Debug|Win32.Build.0 = Debug|Win32
		{005E176D-FEA0-8327-EC20-4B6CE71BD753}.Debug|x64.ActiveCfg = Debug|x64
		{005E176D-FEA0-8327-EC20-4B6CE71BD753}.Debug|x64.Build.0 = Debug|x64
		{005E176D-FEA0-8327-EC20-4B6CE71BD753}.Release|Win32.ActiveCfg = Release|Win32
		{005E176D-FEA0-8327-EC20-4B6CE71BD753}.Release|Win32.Build.0 = Release|Win32
		{06A188CB-1DE2-117E-5662-61A1B45AC9EA}.Release|x64.ActiveCfg = Release|x64
		{06A188CB-1DE2-117E-5662-61A1B45AC9EA}.Release|x64.Build.0 = Release|x64
		{06A188CB-1DE2-117E-5662-61A1B45AC9EA}.Debug|Win32.ActiveCfg = Debug|Win32
		{06A188CB-1DE2-117E-5662-61A1B45AC9EA}.Debug|Win32.Build.0 = Debug|Win32
		{06A188CB-1DE2-117E-5662-61A1B45AC9EA}.Debug|x64.ActiveCfg = Debug|x64
		{06A188CB-1DE2-117E-5662-61A1B45AC9EA}.Debug|x64.Build.0 = Debug|x64
		{06A188CB-1DE2-117E-5662-61A1B45AC9EA}.Release|Win32.ActiveCfg = Release|Win32
		{06A188CB-1DE2-117E-5662-61A1B45AC9EA}.Release|Win32.Build.0 = Release|Win32
		{0ABEB7ED-8186-D383-508C-95B3C3061C40}.Release|x64.ActiveCfg = Release|x64
		{0ABEB7ED-8186-D383-508C-95B3C3061C40}.Release|x64.Build.0 = Release|x64
		{0ABEB7ED-8186-D383-508C-95B3C3061C40}.Debug|Win32.ActiveCfg = Debug|Win32
		{0ABEB7ED-8186-D383-508C-95B3C3061C40}.Debug|Win32.Build.0 = Debug|Win32
		{0ABEB7ED-8186-D383-508C-95B3C3061C40}.Debug|x64.ActiveCfg = Debug|x64
		{0ABEB7ED-8186-D383-508C-95B3C3061C40}.Debug|x64.Build.0 = Debug|x64
		{0ABEB7ED-8186-D383-508C-95B3C3061C40}.Release|Win32.ActiveCfg = Release|Win32
		{0ABEB7ED-8186-D383-508C-95B3C3061C40}.Release|Win32.Build.0 = Release|Win32
		{1191130C-D0D8-2982-A38E-75764D43A665}.Release|x64.ActiveCfg = Release|x64
		{1191130C-D0D8-2982-A38E-75764D43A665}.Release|x64.Build.0 = Release|x64
		{1191130C-D0D8-2982-A38E-75764D43A665}.Debug|Win32.ActiveCfg = Debug|Win32
		{1191130C-D0D8-2982-A38E-75764D43A665}.Debug|Win32.Build.0 = Debug|Win32
		{1191130C-D0D8-2982-A38E-75764D43A665}.Debug|x64.ActiveCfg = Debug|x64
		{1191130C-D0D8-2982-A38E-75764D43A665}.Debug|x64.Build.0 = Debug|x64
		{1191130C-D0D8-2982-A38E-75764D43A665}.Release|Win32.ActiveCfg = Release|Win32
		{1191130C-D0D8-2982-A38E-75764D43A665}.Release|Win32.Build.0 = Release|Win32
		{148D7EEA-6428-8E40-8275-5DFB650D768D}.Release|x64.ActiveCfg = Release|x64
		{148D7EEA-6428-8E40-8275-5DFB650D768D}.Release|x64.Build.0 = Release|x64
		{148D7EEA-6428-8E40-8275-5DFB650D768D}.Debug|Win32.ActiveCfg = Debug|Win32
		{148D7EEA-6428-8E40-8275-5DFB650D768D}.Debug|Win32.Build.0 = Debug|Win32
		{148D7EEA-6428-8E40-8275-5DFB650D768D}.Debug|x64.ActiveCfg = Debug|x64
		{148D7EEA-6428-8E40-8275-5DFB650D768D}.Debug|x64.Build.0 = Debug|x64
		{148D7EEA-6428-8E40-8275-5DFB650D768D}.Release|Win32.ActiveCfg = Release|Win32
		{148D7EEA-6428-8E40-8275-5DFB650D768D}.Release|Win32.Build.0 = Release|Win32
		{15EE6D02-2737-E49A-5AB1-90E8A9332A93}.Release|x64.ActiveCfg = Release|x64
		{15EE6D02-2737-E49A-5AB1-90E8A9332A93}.Release|x64.Build.0 = Release|x64
		{15EE6D02-2737-E49A-5AB1-90E8A9332A93}.Debug|Win32.ActiveCfg = Debug|Win32
		{15EE6D02-2737-E49A-5AB1-90E8A9332A93}.Debug|Win32.Build.0 = Debug|Win32
		{15EE6D02-2737-E49A-5AB1-90E8A9332A93}.Debug|x64.ActiveCfg = Debug|x64
		{15EE6D02-2737-E49A-5AB1-90E8A9332A93}.Debug|x64.Build.0 = Debug|x64
		{15EE6D02-2737-E49A-5AB1-90E8A9332A93}.Release|Win32.ActiveCfg = Release|Win32
		{15EE6D02-2737-E49A-5AB1-90E8A9332A93}.Release|Win32.Build.0 = Release|Win32
		{172ACA0E-7F94-B976-1907-584B06DF343F}.Release|x64.ActiveCfg = Release|x64
		{172ACA0E-7F94-B976-1907-584B06DF343F}.Release|x64.Build.0 = Release|x64
		{172ACA0E-7F94-B976-1907-584B06DF343F}.Debug|Win32.ActiveCfg = Debug|Win32
		{172ACA0E-7F94-B976-1907-584B06DF343F}.Debug|Win32.Build.0 = Debug|Win32
		{172ACA0E-7F94-B976-1907-584B06DF343F}.Debug|x64.ActiveCfg = Debug|x64
		{172ACA0E-7F94-B976-1907-584B06DF343F}.Debug|x64.Build.0 = Debug|x64
		{172ACA0E-7F94-B976-1907-584B06DF343F}.Release|Win32.ActiveCfg = Release|Win32
		{172ACA0E-7F94-B976-1907-584B06DF343F}.Release|Win32.Build.0 = Release|Win32
		{19869449-0C7B-FCD9-7CBF-8E1D2D35AE98}.Release|x64.ActiveCfg = Release|x64
		{19869449-0C7B-FCD9-7CBF-8E1D2D35AE98}.Release|x64.Build.0 = Release|x64
		{19869449-0C7B-FCD9-7CBF-8E1D2D35AE98}.Debug|Win32.ActiveCfg = Debug|Win32
		{19869449-0C7B-FCD9-7CBF-8E1D2D35AE98}.Debug|Win32.Build.0 = Debug|Win32
		{19869449-0C7B-FCD9-7CBF-8E1D2D35AE98}.Debug|x64.ActiveCfg = Debug|x64
		{19869449-0C7B-FCD9-7CBF-8E1D2D35AE98}.Debug|x64.Build.0 = Debug|x64
		{19869449-0C7B-FCD9-7CBF-8E1D2D35AE98}.Release|Win32.ActiveCfg = Release|Win32
		{19869449-0C7B-FCD9-7CBF-8E1D2D35AE98}.Release|Win32.Build.0 = Release|Win32
		{198A4554-D1C9-103D-A532-85A57BAFC813}.Release|x64.ActiveCfg = Release|x64
		{198A4554-D1C9-103D-A532-85A57BAFC813}.Release|x64.Build.0 = Release|x64
		{198A4554-D1C9-103D-A532-85A57BAFC813}.Debug|Win32.ActiveCfg = Debug|Win32
		{198A4554-D1C9-103D-A532-85A57BAFC813}.Debug|Win32.Build.0 = Debug|Win32
		{198A4554-D1C9-103D-A532-85A57BAFC813}.Debug|x64.ActiveCfg = Debug|x64
		{198A4554-D1C9-103D-A532-85A57BAFC813}.Debug|x64.Build.0 = Debug|x64
		{198A4554-D1C9-103D-A532-85A57BAFC813}.Release|Win32.ActiveCfg = Release|Win32
		{198A4554-D1C9-103D-A532-85A57BAFC813}.Release|Win32.Build.0 = Release|Win32
		{1E2D4298-F438-10E7-AC53-FCCDA27AFF60}.Release|x64.ActiveCfg = Release|x64
		{1E2D4298-F438-10E7-AC53-FCCDA27AFF60}.Release|x64.Build.0 = Release|x64
		{1E2D4298-F438-10E7-AC53-FCCDA27AFF60}.Debug|Win32.ActiveCfg = Debug|Win32
		{1E2D4298-F438-10E7-AC53-FCCDA27AFF60}.Debug|Win32.Build.0 = Debug|Win32
		{1E2D4298-F438-10E7-AC53-FCCDA27AFF60}.Debug|x64.ActiveCfg = Debug|x64
		{1E2D4298-F438-10E7-AC53-FCCDA27AFF60}.Debug|x64.Build.0 = Debug|x64
		{1E2D4298-F438-10E7-AC53-FCCDA27AFF60}.Release|Win32.ActiveCfg = Release|Win32
		{1E2D4298-F438-10E7-AC53-FCCDA27AFF60}.Release|Win32.Build.0 = Release|Win32
		{1E4FFE1C-1A82-37CA-19B5-D19AD53FA970}.Release|x64.ActiveCfg = Release|x64
		{1E4FFE1C-1A82-37CA-19B5-D19AD53FA970}.Release|x64.Build.0 = Release|x64
		{1E4FFE1C-1A82-37CA-19B5-D19AD53FA970}.Debug|Win32.ActiveCfg = Debug|Win32
		{1E4FFE1C-1A82-37CA-19B5-D19AD53FA970}.Debug|Win32.Build.0 = Debug|Win32
		{1E4FFE1C-1A82-37CA-19B5-D19AD53FA970}.Debug|x64.ActiveCfg = Debug|x64
		{1E4FFE1C-1A82-37CA-19B5-D19AD53FA970}.Debug|x64.Build.0 = Debug|x64
		{1E4FFE1C-1A82-37CA-19B5-D19AD53FA970}.Release|Win32.ActiveCfg = Release|Win32
		{1E4FFE1C-1A82-37CA-19B5-D19AD53FA970}.Release|Win32.Build.0 = Release|Win32
		{250153EA-8960-852A-C133-2CEDE61C8AC3}.Release|x64.ActiveCfg = Release|x64
		{250153EA-8960-852A-C133-2CEDE61C8AC3}.Release|x64.Build.0 = Release|x64
		{250153EA-8960-852A-C133-2CEDE61C8AC3}.Debug|Win32.ActiveCfg = Debug|Win32
		{250153EA-8960-852A-C133-2CEDE61C8AC3}.Debug|Win32.Build.0 = Debug|Win32
		{250153EA-8960-852A-C133-2CEDE61C8AC3}.Debug|x64.ActiveCfg = Debug|x64
		{250153EA-8960-852A-C133-2CEDE61C8AC3}.Debug|x64.Build.0 = Debug|x64
		{250153EA-8960-852A-C133-2CEDE61C8AC3}.Release|Win32.ActiveCfg = Release|Win32
		{250153EA-8960-852A-C133-2CEDE61C8AC3}.Release|Win32.Build.0 = Release|Win32
		{2825DBE9-73BA-7A57-CC8A-83CE840DDC23}.Release|x64.ActiveCfg = Release|x64
		{2825DBE9-73BA-7A57-CC8A-83CE840DDC23}.Release|x64.Build.0 = Release|x64
		{2825DBE9-73BA-7A57-CC8A-83CE840DDC23}.Debug|Win32.ActiveCfg = Debug|Win32
		{2825DBE9-73BA-7A57-CC8A-83CE840DDC23}.Debug|Win32.Build.0 = Debug|Win32
		{2825DBE9-73BA-7A57-CC8A-83CE840DDC23}.Debug|x64.ActiveCfg = Debug|x64
		{2825DBE9-73BA-7A57-CC8A-83CE840DDC23}.Debug|x64.Build.0 = Debug|x64
		{2825DBE9-73BA-7A57-CC8A-83CE840DDC23}.Release|Win32.ActiveCfg = Release|Win32
		{2825DBE9-73BA-7A57-CC8A-83CE840DDC23}.Release|Win32.Build.0 = Release|Win32
		{2DB11F44-AAB6-4058-1B25-5F3A916DA032}.Release|x64.ActiveCfg = Release|x64
		{2DB11F44-AAB6-4058-1B25-5F3A916DA032}.Release|x64.Build.0 = Release|x64
		{2DB11F44-AAB6-4058-1B25-5F3A916DA032}.Debug|Win32.ActiveCfg = Debug|Win32
		{2DB11F44-AAB6-4058-1B25-5F3A916DA032}.Debug|Win32.Build.0 = Debug|Win32
		{2DB11F44-AAB6-4058-1B25-5F3A916DA032}.Debug|x64.ActiveCfg = Debug|x64
		{2DB11F44-AAB6-4058-1B25-5F3A916DA032}.Debug|x64.Build.0 = Debug|x64
		{2DB11F44-AAB6-4058-1B25-5F3A916DA032}.Release|Win32.ActiveCfg = Release|Win32
		{2DB11F44-AAB6-4058-1B25-5F3A916DA032}.Release|Win32.Build.0 = Release|Win32
		{32A738AA-F72B-6079-E064-2F7DA8B10A61}.Release|x64.ActiveCfg = Release|x64
		{32A738AA-F72B-6079-E064-2F7DA8B10A61}.Release|x64.Build.0 = Release|x64
		{32A738AA-F72B-6079-E064-2F7DA8B10A61}.Debug|Win32.ActiveCfg = Debug|Win32
		{32A738AA-F72B-6079-E064-2F7DA8B10A61}.Debug|Win32.Build.0 = Debug|Win32
		{32A738AA-F72B-6079-E064-2F7DA8B10A61}.Debug|x64.ActiveCfg = Debug|x64
		{32A738AA-F72B-6079-E064-2F7DA8B10A61}.Debug|x64.Build.0 = Debug|x64
		{32A738AA-F72B-6079-E064-2F7DA8B10A61}.Release|Win32.ActiveCfg = Release|Win32
		{32A738AA-F72B-6079-E064-2F7DA8B10A61}.Release|Win32.Build.0 = Release|Win32
		{38C9D0F6-E15D-6FE4-E8A6-179E22A85403}.Release|x64.ActiveCfg = Release|x64
		{38C9D0F6-E15D-6FE4-E8A6-179E22A85403}.Release|x64.Build.0 = Release|x64
		{38C9D0F6-E15D-6FE4-E8A6-179E22A85403}.Debug|Win32.ActiveCfg = Debug|Win32
		{38C9D0F6-E15D-6FE4-E8A6-179E22A85403}.Debug|Win32.Build.0 = Debug|Win32
		{38C9D0F6-E15D-6FE4-E8A6-179E22A85403}.Debug|x64.ActiveCfg = Debug|x64
		{38C9D0F6-E15D-6FE4-E8A6-179E22A85403}.Debug|x64.Build.0 = Debug|x64
		{38C9D0F6-E15D-6FE4-E8A6-179E22A85403}.Release|Win32.ActiveCfg = Release|Win32
		{38C9D0F6-E15D-6FE4-E8A6-179E22A85403}.Release|Win32.Build.0 = Release|Win32
		{39DF4503-95F6-170A-9C62-ABE12396E9B3}.Release|x64.ActiveCfg = Release|x64
		{39DF4503-95F6-170A-9C62-ABE12396E9B3}.Release|x64.Build.0 = Release|x64
		{39DF4503-95F6-170A-9C62-ABE12396E9B3}.Debug|Win32.ActiveCfg = Debug|Win32
		{39DF4503-95F6-170A-9C62-ABE12396E9B3}.Debug|Win32.Build.0 = Debug|Win32
		{39DF4503-95F6-170A-9C62-ABE12396E9B3}.Debug|x64.ActiveCfg = Debug|x64
		{39DF4503-95F6-170A-9C62-ABE12396E9B3}.Debug|x64.Build.0 = Debug|x64
		{39DF4503-95F6-170A-9C62-ABE12396E9B3}.Release|Win32.ActiveCfg = Release|Win32
		{39DF4503-95F6-170A-9C62-ABE12396E9B3}.Release|Win32.Build.0 = Release|Win32
		{3B025FFC-D2BA-FBD6-BD37-C54B09231583}.Release|x64.ActiveCfg = Release|x64
		{3B025FFC-D2BA-FBD6-BD37-C54B09231583}.Release|x64.Build.0 = Release|x64
		{3B025FFC-D2BA-FBD6-BD37-C54B09231583}.Debug|Win32.ActiveCfg = Debug|Win32
		{3B025FFC-D2BA-FBD6-BD37-C54B09231583}.Debug|Win32.Build.0 = Debug|Win32
		{3B025FFC-D2BA-FBD6-BD37-C54B09231583}.Debug|x64.ActiveCfg = Debug|x64
		{3B025FFC-D2BA-FBD6-BD37-C54B09231583}.Debug|x64.Build.0 = Debug|x64
		{3B025FFC-D2BA-FBD6-BD37-C54B09231583}.Release|Win32.ActiveCfg = Release|Win32
		{3B025FFC-D2BA-FBD6-BD37-C54B09231583}.Release|Win32.Build.0 = Release|Win32
		{3C4CF17E-4AE3-15D7-D989-44C263993CC0}.Release|x64.ActiveCfg = Release|x64
		{3C4CF17E-4AE3-15D7-D989-44C263993CC0}.Release|x64.Build.0 = Release|x64
		{3C4CF17E-4AE3-15D7-D989-44C263993CC0}.Debug|Win32.ActiveCfg = Debug|Win32
		{3C4CF17E-4AE3-15D7-D989-44C263993CC0}.Debug|Win32.Build.0 = Debug|Win32
		{3C4CF17E-4AE3-15D7-D989-44C263993CC0}.Debug|x64.ActiveCfg = Debug|x64
		{3C4CF17E-4AE3-15D7-D989-44C263993CC0}.Debug|x64.Build.0 = Debug|x64
		{3C4CF17E-4AE3-15D7-D989-44C263993CC0}.Release|Win32.ActiveCfg = Release|Win32
		{3C4CF17E-4AE3-15D7-D989-44C263993CC0}.Release|Win32.Build.0 = Release|Win32
		{3D02CB5D-4BE4-1C88-D6CB-AA80CFFC086E}.Release|x64.ActiveCfg = Release|x64
		{3D02CB5D-4BE4-1C88-D6CB-AA80CFFC086E}.Release|x64.Build.0 = Release|x64
		{3D02CB5D-4BE4-1C88-D6CB-AA80CFFC086E}.Debug|Win32.ActiveCfg = Debug|Win32
		{3D02CB5D-4BE4-1C88-D6CB-AA80CFFC086E}.Debug|Win32.Build.0 = Debug|Win32
		{3D02CB5D-4BE4-1C88-D6CB-AA80CFFC086E}.Debug|x64.ActiveCfg = Debug|x64
		{3D02CB5D-4BE4-1C88-D6CB-AA80CFFC086E}.Debug|x64.Build.0 = Debug|x64
		{3D02CB5D-4BE4-1C88-D6CB-AA80CFFC086E}.Release|Win32.ActiveCfg = Release|Win32
		{3D02CB5D-4BE4-1C88-D6CB-AA80CFFC086E}.Release|Win32.Build.0 = Release|Win32
		{3DA8F782-7F33-CED5-07EC-A65FD02231A1}.Release|x64.ActiveCfg = Release|x64
		{3DA8F782-7F33-CED5-07EC-A65FD02231A1}.Release|x64.Build.0 = Release|x64
		{3DA8F782-7F33-CED5-07EC-A65FD02231A1}.Debug|Win32.ActiveCfg = Debug|Win32
		{3DA8F782-7F33-CED5-07EC-A65FD02231A1}.Debug|Win32.Build.0 = Debug|Win32
		{3DA8F782-7F33-CED5-07EC-A65FD02231A1}.Debug|x64.ActiveCfg = Debug|x64
		{3DA8F782-7F33-CED5-07EC-A65FD02231A1}.Debug|x64.Build.0 = Debug|x64
		{3DA8F782-7F33-CED5-07EC-A65FD02231A1}.Release|Win32.ActiveCfg = Release|Win32
		{3DA8F782-7F33-CED5-07EC-A65FD02231A1}.Release|Win32.Build.0 = Release|Win32
		{45DF95C8-F10E-BF98-CD34-0A67E717958F}.Release|x64.ActiveCfg = Release|x64
		{45DF95C8-F10E-BF98-CD34-0A67E717958F}.Release|x64.Build.0 = Release|x64
		{45DF95C8-F10E-BF98-CD34-0A67E717958F}.Debug|Win32.ActiveCfg = Debug|Win32
		{45DF95C8-F10E-BF98-CD34-0A67E717958F}.Debug|Win32.Build.0 = Debug|Win32
		{45DF95C8-F10E-BF98-CD34-0A67E717958F}.Debug|x64.ActiveCfg = Debug|x64
		{45DF95C8-F10E-BF98-CD34-0A67E717958F}.Debug|x64.Build.0 = Debug|x64
		{45DF95C8-F10E-BF98-CD34-0A67E717958F}.Release|Win32.ActiveCfg = Release|Win32
		{45DF95C8-F10E-BF98-CD34-0A67E717958F}.Release|Win32.Build.0 = Release|Win32
		{46DC3EFE-F620-12DB-C8C1-130077BD9D32}.Release|x64.ActiveCfg = Release|x64
		{46DC3EFE-F620-12DB-C8C1-130077BD9D32}.Release|x64.Build.0 = Release|x64
		{46DC3EFE-F620-12DB-C8C1-130077BD9D32}.Debug|Win32.ActiveCfg = Debug|Win32
		{46DC3EFE-F620-12DB-C8C1-130077BD9D32}.Debug|Win32.Build.0 = Debug|Win32
		{46DC3EFE-F620-12DB-C8C1-130077BD9D32}.Debug|x64.ActiveCfg = Debug|x64
		{46DC3EFE-F620-12DB-C8C1-130077BD9D32}.Debug|x64.Build.0 = Debug|x64
		{46DC3EFE-F620-12DB-C8C1-130077BD9D32}.Release|Win32.ActiveCfg = Release|Win32
		{46DC3EFE-F620-12DB-C8C1-130077BD9D32}.Release|Win32.Build.0 = Release|Win32
		{47C5C2F4-D8F4-8DAA-2D3C-85A595C904D1}.Release|x64.ActiveCfg = Release|x64
		{47C5C2F4-D8F4-8DAA-2D3C-85A595C904D1}.Release|x64.Build.0 = Release|x64
		{47C5C2F4-D8F4-8DAA-2D3C-85A595C904D1}.Debug|Win32.ActiveCfg = Debug|Win32
		{47C5C2F4-D8F4-8DAA-2D3C-85A595C904D1}.Debug|Win32.Build.0 = Debug|Win32
		{47C5C2F4-D8F4-8DAA-2D3C-85A595C904D1}.Debug|x64.ActiveCfg = Debug|x64
		{47C5C2F4-D8F4-8DAA-2D3C-85A595C904D1}.Debug|x64.Build.0 = Debug|x64
		{47C5C2F4-D8F4-8DAA-2D3C-85A595C904D1}.Release|Win32.ActiveCfg = Release|Win32
		{47C5C2F4-D8F4-8DAA-2D3C-85A595C904D1}.Release|Win32.Build.0 = Release|Win32
		{487496A6-0D23-6CC9-4137-308EEA9B1B45}.Release|x64.ActiveCfg = Release|x64
		{487496A6-0D23-6CC9-4137-308EEA9B1B45}.Release|x64.Build.0 = Release|x64
		{487496A6-0D23-6CC9-4137-308EEA9B1B45}.Debug|Win32.ActiveCfg = Debug|Win32
		{487496A6-0D23-6CC9-4137-308EEA9B1B45}.Debug|Win32.Build.0 = Debug|Win32
		{487496A6-0D23-6CC9-4137-308EEA9B1B45}.Debug|x64.ActiveCfg = Debug|x64
		{487496A6-0D23-6CC9-4137-308EEA9B1B45}.Debug|x64.Build.0 = Debug|x64
		{487496A6-0D23-6CC9-4137-308EEA9B1B45}.Release|Win32.ActiveCfg = Release|Win32
		{487496A6-0D23-6CC9-4137-308EEA9B1B45}.Release|Win32.Build.0 = Release|Win32
		{4A578DED-8C79-04F8-D333-C69F7FF026D0}.Release|x64.ActiveCfg = Release|x64
		{4A578DED-8C79-04F8-D333-C69F7FF026D0}.Release|x64.Build.0 = Release|x64
		{4A578DED-8C79-04F8-D333-C69F7FF026D0}.Debug|Win32.ActiveCfg = Debug|Win32
		{4A578DED-8C79-04F8-D333-C69F7FF026D0}.Debug|Win32.Build.0 = Debug|Win32
		{4A578DED-8C79-04F8-D333-C69F7FF026D0}.Debug|x64.ActiveCfg = Debug|x64
		{4A578DED-8C79-04F8-D333-C69F7FF026D0}.Debug|x64.Build.0 = Debug|x64
		{4A578DED-8C79-04F8-D333-C69F7FF026D0}.Release|Win32.ActiveCfg = Release|Win32
		{4A578DED-8C79-04F8-D333-C69F7FF026D0}.Release|Win32.Build.0 = Release|Win32
		{4E0CDAFD-6126-68A4-4EF0-8C361E16B016}.Release|x64.ActiveCfg = Release|x64
		{4E0CDAFD-6126-68A4-4EF0-8C361E16B016}.Release|x64.Build.0 = Release|x64
		{4E0CDAFD-6126-68A4-4EF0-8C361E16B016}.Debug|Win32.ActiveCfg = Debug|Win32
		{4E0CDAFD-6126-68A4-4EF0-8C361E16B016}.Debug|Win32.Build.0 = Debug|Win32
		{4E0CDAFD-6126-68A4-4EF0-8C361E16B016}.Debug|x64.ActiveCfg = Debug|x64
		{4E0CDAFD-6126-68A4-4EF0-8C361E16B016}.Debug|x64.Build.0 = Debug|x64
		{4E0CDAFD-6126-68A4-4EF0-8C361E16B016}.Release|Win32.ActiveCfg = Release|Win32
		{4E0CDAFD-6126-68A4-4EF0-8C361E16B016}.Release|Win32.Build.0 = Release|Win32
		{5171E9C1-2E2E-6837-504B-B83C78B66BA7}.Release|x64.ActiveCfg = Release|x64
		{5171E9C1-2E2E-6837-504B-B83C78B66BA7}.Release|x64.Build.0 = Release|x64
		{5171E9C1-2E2E-6837-504B-B83C78B66BA7}.Debug|Win32.ActiveCfg = Debug|Win32
		{5171E9C1-2E2E-6837-504B-B83C78B66BA7}.Debug|Win32.Build.0 = Debug|Win32
		{5171E9C1-2E2E-6837-504B-B83C78B66BA7}.Debug|x64.ActiveCfg = Debug|x64
		{5171E9C1-2E2E-6837-504B-B83C78B66BA7}.Debug|x64.Build.0 = Debug|x64
		{5171E9C1-2E2E-6837-504B-B83C78B66BA7}.Release|Win32.ActiveCfg = Release|Win32
		{5171E9C1-2E2E-6837-504B-B83C78B66BA7}.Release|Win32.Build.0 = Release|Win32
		{55F2EA7D-6CB3-7FE2-80A3-01655FF3B4D6}.Release|x64.ActiveCfg = Release|x64
		{55F2EA7D-6CB3-7FE2-80A3-01655FF3B4D6}.Release|x64.Build.0 = Release|x64
		{55F2EA7D-6CB3-7FE2-80A3-01655FF3B4D6}.Debug|Win32.ActiveCfg = Debug|Win32
		{55F2EA7D-6CB3-7FE2-80A3-01655FF3B4D6}.Debug|Win32.Build.0 = Debug|Win32
		{55F2EA7D-6CB3-7FE2-80A3-01655FF3B4D6}.Debug|x64.ActiveCfg = Debug|x64
		{55F2EA7D-6CB3-7FE2-80A3-01655FF3B4D6}.Debug|x64.Build.0 = Debug|x64
		{55F2EA7D-6CB3-7FE2-80A3-01655FF3B4D6}.Release|Win32.ActiveCfg = Release|Win32
		{55F2EA7D-6CB3-7FE2-80A3-01655FF3B4D6}.Release|Win32.Build.0 = Release|Win32
		{5FC773A1-69DC-05ED-63F4-1CB4EB6767BA}.Release|x64.ActiveCfg = Release|x64
		{5FC773A1-69DC-05ED-63F4-1CB4EB6767BA}.Release|x64.Build.0 = Release|x64
		{5FC773A1-69DC-05ED-63F4-1CB4EB6767BA}.Debug|Win32.ActiveCfg = Debug|Win32
		{5FC773A1-69DC-05ED-63F4-1CB4EB6767BA}.Debug|Win32.Build.0 = Debug|Win32
		{5FC773A1-69DC-05ED-63F4-1CB4EB6767BA}.Debug|x64.ActiveCfg = Debug|x64
		{5FC773A1-69DC-05ED-63F4-1CB4EB6767BA}.Debug|x64.Build.0 = Debug|x64
		{5FC773A1-69DC-05ED-63F4-1CB4EB6767BA}.Release|Win32.ActiveCfg = Release|Win32
		{5FC773A1-69DC-05ED-63F4-1CB4EB6767BA}.Release|Win32.Build.0 = Release|Win32
		{6382629C-8E6F-8C2E-367F-DC28AB56D799}.Release|x64.ActiveCfg = Release|x64
		{6382629C-8E6F-8C2E-367F-DC28AB56D799}.Release|x64.Build.0 = Release|x64
		{6382629C-8E6F-8C2E-367F-DC28AB56D799}.Debug|Win32.ActiveCfg = Debug|Win32
		{6382629C-8E6F-8C2E-367F-DC28AB56D799}.Debug|Win32.Build.0 = Debug|Win32
		{6382629C-8E6F-8C2E-367F-DC28AB56D799}.Debug|x64.ActiveCfg = Debug|x64
		{6382629C-8E6F-8C2E-367F-DC28AB56D799}.Debug|x64.Build.0 = Debug|x64
		{6382629C-8E6F-8C2E-367F-DC28AB56D799}.Release|Win32.ActiveCfg = Release|Win32
		{6382629C-8E6F-8C2E-367F-DC28AB56D799}.Release|Win32.Build.0 = Release|Win32
		{6CCD13F1-D5D1-9BBA-D348-05FBF4EF9D9B}.Release|x64.ActiveCfg = Release|x64
		{6CCD13F1-D5D1-9BBA-D348-05FBF4EF9D9B}.Release|x64.Build.0 = Release|x64
		{6CCD13F1-D5D1-9BBA-D348-05FBF4EF9D9B}.Debug|Win32.ActiveCfg = Debug|Win32
		{6CCD13F1-D5D1-9BBA-D348-05FBF4EF9D9B}.Debug|Win32.Build.0 = Debug|Win32
		{6CCD13F1-D5D1-9BBA-D348-05FBF4EF9D9B}.Debug|x64.ActiveCfg = Debug|x64
		{6CCD13F1-D5D1-9BBA-D348-05FBF4EF9D9B}.Debug|x64.Build.0 = Debug|x64
		{6CCD13F1-D5D1-9BBA-D348-05FBF4EF9D9B}.Release|Win32.ActiveCfg = Release|Win32
		{6CCD13F1-D5D1-9BBA-D348-05FBF4EF9D9B}.Release|Win32.Build.0 = Release|Win32
		{715557D6-5B10-BD23-1E10-BDB2EBD976ED}.Release|x64.ActiveCfg = Release|x64
		{715557D6-5B10-BD23-1E10-BDB2EBD976ED}.Release|x64.Build.0 = Release|x64
		{715557D6-5B10-BD23-1E10-BDB2EBD976ED}.Debug|Win32.ActiveCfg = Debug|Win32
		{715557D6-5B10-BD23-1E10-BDB2EBD976ED}.Debug|Win32.Build.0 = Debug|Win32
		{715557D6-5B10-BD23-1E10-BDB2EBD976ED}.Debug|x64.ActiveCfg = Debug|x64
		{715557D6-5B10-BD23-1E10-BDB2EBD976ED}.Debug|x64.Build.0 = Debug|x64
		{715557D6-5B10-BD23-1E10-BDB2EBD976ED}.Release|Win32.ActiveCfg = Release|Win32
		{715557D6-5B10-BD23-1E10-BDB2EBD976ED}.Release|Win32.Build.0 = Release|Win32
		{740AF21D-8260-3A1F-8717-19F06949F2AC}.Release|x64.ActiveCfg = Release|x64
		{740AF21D-8260-3A1F-8717-19F06949F2AC}.Release|x64.Build.0 = Release|x64
		{740AF21D-8260-3A1F-8717-19F06949F2AC}.Debug|Win32.ActiveCfg = Debug|Win32
		{740AF21D-8260-3A1F-8717-19F06949F2AC}.Debug|Win32.Build.0 = Debug|Win32
		{740AF21D-8260-3A1F-8717-19F06949F2AC}.Debug|x64.ActiveCfg = Debug|x64
		{740AF21D-8260-3A1F-8717-19F06949F2AC}.Debug|x64.Build.0 = Debug|x64
		{740AF21D-8260-3A1F-8717-19F06949F2AC}.Release|Win32.ActiveCfg = Release|Win32
		{740AF21D-8260-3A1F-8717-19F06949F2AC}.Release|Win32.Build.0 = Release|Win32
		{782F6A8D-9C94-4E3E-707C-469A9DD6885D}.Release|x64.ActiveCfg = Release|x64
		{782F6A8D-9C94-4E3E-707C-469A9DD6885D}.Release|x64.Build.0 = Release|x64
		{782F6A8D-9C94-4E3E-707C-469A9DD6885D}.Debug|Win32.ActiveCfg = Debug|Win32
		{782F6A8D-9C94-4E3E-707C-469A9DD6885D}.Debug|Win32.Build.0 = Debug|Win32
		{782F6A8D-9C94-4E3E-707C-469A9DD6885D}.Debug|x64.ActiveCfg = Debug|x64
		{782F6A8D-9C94-4E3E-707C-469A9DD6885D}.Debug|x64.Build.0 = Debug|x64
		{782F6A8D-9C94-4E3E-707C-469A9DD6885D}.Release|Win32.ActiveCfg = Release|Win32
		{782F6A8D-9C94-4E3E-707C-469A9DD6885D}.Release|Win32.Build.0 = Release|Win32
		{7D2AB885-0495-72FB-88CC-96F4304F3E23}.Release|x64.ActiveCfg = Release|x64
		{7D2AB885-0495-72FB-88CC-96F4304F3E23}.Release|x64.Build.0 = Release|x64
		{7D2AB885-0495-72FB-88CC-96F4304F3E23}.Debug|Win32.ActiveCfg = Debug|Win32
		{7D2AB885-0495-72FB-88CC-96F4304F3E23}.Debug|Win32.Build.0 = Debug|Win32
		{7D2AB885-0495-72FB-88CC-96F4304F3E23}.Debug|x64.ActiveCfg = Debug|x64
		{7D2AB885-0495-72FB-88CC-96F4304F3E23}.Debug|x64.Build.0 = Debug|x64
		{7D2AB885-0495-72FB-88CC-96F4304F3E23}.Release|Win32.ActiveCfg = Release|Win32
		{7D2AB885-0495-72FB-88CC-96F4304F3E23}.Release|Win32.Build.0 = Release|Win32
		{7E21472D-EE38-2E6A-A6C3-FA938903A3E4}.Release|x64.ActiveCfg = Release|x64
		{7E21472D-EE38-2E6A-A6C3-FA938903A3E4}.Release|x64.Build.0 = Release|x64
		{7E21472D-EE38-2E6A-A6C3-FA938903A3E4}.Debug|Win32.ActiveCfg = Debug|Win32
		{7E21472D-EE38-2E6A-A6C3-FA938903A3E4}.Debug|Win32.Build.0 = Debug|Win32
		{7E21472D-EE38-2E6A-A6C3-FA938903A3E4}.Debug|x64.ActiveCfg = Debug|x64
		{7E21472D-EE38-2E6A-A6C3-FA938903A3E4}.Debug|x64.Build.0 = Debug|x64
		{7E21472D-EE38-2E6A-A6C3-FA938903A3E4}.Release|Win32.ActiveCfg = Release|Win32
		{7E21472D-EE38-2E6A-A6C3-FA938903A3E4}.Release|Win32.Build.0 = Release|Win32
		{821731D4-44D0-7B38-BD4A-22A533A04F17}.Release|x64.ActiveCfg = Release|x64
		{821731D4-44D0-7B38-BD4A-22A533A04F17}.Release|x64.Build.0 = Release|x64
		{821731D4-44D0-7B38-BD4A-22A533A04F17}.Debug|Win32.ActiveCfg = Debug|Win32
		{821731D4-44D0-7B38-BD4A-22A533A04F17}.Debug|Win32.Build.0 = Debug|Win32
		{821731D4-44D0-7B38-BD4A-22A533A04F17}.Debug|x64.ActiveCfg = Debug|x64
		{821731D4-44D0-7B38-BD4A-22A533A04F17}.Debug|x64.Build.0 = Debug|x64
		{821731D4-44D0-7B38-BD4A-22A533A04F17}.Release|Win32.ActiveCfg = Release|Win32
		{821731D4-44D0-7B38-BD4A-22A533A04F17}.Release|Win32.Build.0 = Release|Win32
		{85EED160-CDB6-041F-42AB-15C3F8C0714C}.Release|x64.ActiveCfg = Release|x64
		{85EED160-CDB6-041F-42AB-15C3F8C0714C}.Release|x64.Build.0 = Release|x64
		{85EED160-CDB6-041F-42AB-15C3F8C0714C}.Debug|Win32.ActiveCfg = Debug|Win32
		{85EED160-CDB6-041F-42AB-15C3F8C0714C}.Debug|Win32.Build.0 = Debug|Win32
		{85EED160-CDB6-041F-42AB-15C3F8C0714C}.Debug|x64.ActiveCfg = Debug|x64
		{85EED160-CDB6-041F-42AB-15C3F8C0714C}.Debug|x64.Build.0 = Debug|x64
		{85EED160-CDB6-041F-42AB-15C3F8C0714C}.Release|Win32.ActiveCfg = Release|Win32
		{85EED160-CDB6-041F-42AB-15C3F8C0714C}.Release|Win32.Build.0 = Release|Win32
		{8BC92069-3B4E-C091-A2D1-53BF5A3FFD1A}.Release|x64.ActiveCfg = Release|x64
		{8BC92069-3B4E-C091-A2D1-53BF5A3FFD1A}.Release|x64.Build.0 = Release|x64
		{8BC92069-3B4E-C091-A2D1-53BF5A3FFD1A}.Debug|Win32.ActiveCfg = Debug|Win32
		{8BC92069-3B4E-C091-A2D1-53BF5A3FFD1A}.Debug|Win32.Build.0 = Debug|Win32
		{8BC92069-3B4E-C091-A2D1-53BF5A3FFD1A}.Debug|x64.ActiveCfg = Debug|x64
		{8BC92069-3B4E-C091-A2D1-53BF5A3FFD1A}.Debug|x64.Build.0 = Debug|x64
		{8BC92069-3B4E-C091-A2D1-53BF5A3FFD1A}.Release|Win32.ActiveCfg = Release|Win32
		{8BC92069-3B4E-C091-A2D1-53BF5A3FFD1A}.Release|Win32.Build.0 = Release|Win32
		{8CBBCE7C-C22A-BF19-4C01-E0A7F80DE8B7}.Release|x64.ActiveCfg = Release|x64
		{8CBBCE7C-C22A-BF19-4C01-E0A7F80DE8B7}.Release|x64.Build.0 = Release|x64
		{8CBBCE7C-C22A-BF19-4C01-E0A7F80DE8B7}.Debug|Win32.ActiveCfg = Debug|Win32
		{8CBBCE7C-C22A-BF19-4C01-E0A7F80DE8B7}.Debug|Win32.Build.0 = Debug|Win32
		{8CBBCE7C-C22A-BF19-4C01-E0A7F80DE8B7}.Debug|x64.ActiveCfg = Debug|x64
		{8CBBCE7C-C22A-BF19-4C01-E0A7F80DE8B7}.Debug|x64.Build.0 = Debug|x64
		{8CBBCE7C-C22A-BF19-4C01-E0A7F80DE8B7}.Release|Win32.ActiveCfg = Release|Win32
		{8CBBCE7C-C22A-BF19-4C01-E0A7F80DE8B7}.Release|Win32.Build.0 = Release|Win32
		{8DB53296-AD23-090F-49EE-C068CDBE65A0}.Release|x64.ActiveCfg = Release|x64
		{8DB53296-AD23-090F-49EE-C068CDBE65A0}.Release|x64.Build.0 = Release|x64
		{8DB53296-AD23-090F-49EE-C068CDBE65A0}.Debug|Win32.ActiveCfg = Debug|Win32
		{8DB53296-AD23-090F-49EE-C068CDBE65A0}.Debug|Win32.Build.0 = Debug|Win32
		{8DB53296-AD23-090F-49EE-C068CDBE65A0}.Debug|x64.ActiveCfg = Debug|x64
		{8DB53296-AD23-090F-49EE-C068CDBE65A0}.Debug|x64.Build.0 = Debug|x64
		{8DB53296-AD23-090F-49EE-C068CDBE65A0}.Release|Win32.ActiveCfg = Release|Win32
		{8DB53296-AD23-090F-49EE-C068CDBE65A0}.Release|Win32.Build.0 = Release|Win32
		{94FFE311-1AB9-C8E3-B43F-CB79AEEF5B03}.Release|x64.ActiveCfg = Release|x64
		{94FFE311-1AB9-C8E3-B43F-CB79AEEF5B03}.Release|x64.Build.0 = Release|x64
		{94FFE311-1AB9-C8E3-B43F-CB79AEEF5B03}.Debug|Win32.ActiveCfg = Debug|Win32
		{94FFE311-1AB9-C8E3-B43F-CB79AEEF5B03}.Debug|Win32.Build.0 = Debug|Win32
		{94FFE311-1AB9-C8E3-B43F-CB79AEEF5B03}.Debug|x64.ActiveCfg = Debug|x64
		{94FFE311-1AB9-C8E3-B43F-CB79AEEF5B03}.Debug|x64.Build.0 = Debug|x64
		{94FFE311-1AB9-C8E3-B43F-CB79AEEF5B03}.Release|Win32.ActiveCfg = Release|Win32
		{94FFE311-1AB9-C8E3-B43F-CB79AEEF5B03}.Release|Win32.Build.0 = Release|Win32
		{9578715B-0ECE-CE2D-89BD-593CBFCDCC9C}.Release|x64.ActiveCfg = Release|x64
		{9578715B-0ECE-CE2D-89BD-593CBFCDCC9C}.Release|x64.Build.0 = Release|x64
		{9578715B-0ECE-CE2D-89BD-593CBFCDCC9C}.Debug|Win32.ActiveCfg = Debug|Win32
		{9578715B-0ECE-CE2D-89BD-593CBFCDCC9C}.Debug|Win32.Build.0 = Debug|Win32
		{9578715B-0ECE-CE2D-89BD-593CBFCDCC9C}.Debug|x64.ActiveCfg = Debug|x64
		{9578715B-0ECE-CE2D-89BD-593CBFCDCC9C}.Debug|x64.Build.0 = Debug|x64
		{9578715B-0ECE-CE2D-89BD-593CBFCDCC9C}.Release|Win32.ActiveCfg = Release|Win32
		{9578715B-0ECE-CE2D-89BD-593CBFCDCC9C}.Release|Win32.Build.0 = Release|Win32
		{979303E3-ECAC-CC66-42D2-D7C291722031}.Release|x64.ActiveCfg = Release|x64
		{979303E3-ECAC-CC66-42D2-D7C291722031}.Release|x64.Build.0 = Release|x64
		{979303E3-ECAC-CC66-42D2-D7C291722031}.Debug|Win32.ActiveCfg = Debug|Win32
		{979303E3-ECAC-CC66-42D2-D7C291722031}.Debug|Win32.Build.0 = Debug|Win32
		{979303E3-ECAC-CC66-42D2-D7C291722031}.Debug|x64.ActiveCfg = Debug|x64
		{979303E3-ECAC-CC66-42D2-D7C291722031}.Debug|x64.Build.0 = Debug|x64
		{979303E3-ECAC-CC66-42D2-D7C291722031}.Release|Win32.ActiveCfg = Release|Win32
		{979303E3-ECAC-CC66-42D2-D7C291722031}.Release|Win32.Build.0 = Release|Win32
		{9AA8519D-DD33-AADE-150F-DC9C0B0D45E2}.Release|x64.ActiveCfg = Release|x64
		{9AA8519D-DD33-AADE-150F-DC9C0B0D45E2}.Release|x64.Build.0 = Release|x64
		{9AA8519D-DD33-AADE-150F-DC9C0B0D45E2}.Debug|Win32.ActiveCfg = Debug|Win32
		{9AA8519D-DD33-AADE-150F-DC9C0B0D45E2}.Debug|Win32.Build.0 = Debug|Win32
		{9AA8519D-DD33-AADE-150F-DC9C0B0D45E2}.Debug|x64.ActiveCfg = Debug|x64
		{9AA8519D-DD33-AADE-150F-DC9C0B0D45E2}.Debug|x64.Build.0 = Debug|x64
		{9AA8519D-DD33-AADE-150F-DC9C0B0D45E2}.Release|Win32.ActiveCfg = Release|Win32
		{9AA8519D-DD33-AADE-150F-DC9C0B0D45E2}.Release|Win32.Build.0 = Release|Win32
		{9AA8E56F-B895-905A-3A0F-AB0F32F73302}.Release|x64.ActiveCfg = Release|x64
		{9AA8E56F-B895-905A-3A0F-AB0F32F73302}.Release|x64.Build.0 = Release|x64
		{9AA8E56F-B895-905A-3A0F-AB0F32F73302}.Debug|Win32.ActiveCfg = Debug|Win32
		{9AA8E56F-B895-905A-3A0F-AB0F32F73302}.Debug|Win32.Build.0 = Debug|Win32
		{9AA8E56F-B895-905A-3A0F-AB0F32F73302}.Debug|x64.ActiveCfg = Debug|x64
		{9AA8E56F-B895-905A-3A0F-AB0F32F73302}.Debug|x64.Build.0 = Debug|x64
		{9AA8E56F-B895-905A-3A0F-AB0F32F73302}.Release|Win32.ActiveCfg = Release|Win32
		{9AA8E56F-B895-905A-3A0F-AB0F32F73302}.Release|Win32.Build.0 = Release|Win32
		{9B17305E-740D-CCDC-DC01-8B448448DF80}.Release|x64.ActiveCfg = Release|x64
		{9B17305E-740D-CCDC-DC01-8B448448DF80}.Release|x64.Build.0 = Release|x64
		{9B17305E-740D-CCDC-DC01-8B448448DF80}.Debug|Win32.ActiveCfg = Debug|Win32
		{9B17305E-740D-CCDC-DC01-8B448448DF80}.Debug|Win32.Build.0 = Debug|Win32
		{9B17305E-740D-CCDC-DC01-8B448448DF80}.Debug|x64.ActiveCfg = Debug|x64
		{9B17305E-740D-CCDC-DC01-8B448448DF80}.Debug|x64.Build.0 = Debug|x64
		{9B17305E-740D-CCDC-DC01-8B448448DF80}.Release|Win32.ActiveCfg = Release|Win32
		{9B17305E-740D-CCDC-DC01-8B448448DF80}.Release|Win32.Build.0 = Release|Win32
		{A5603A60-4678-AE7B-882D-82B93ACCDB7B}.Release|x64.ActiveCfg = Release|x64
		{A5603A60-4678-AE7B-882D-82B93ACCDB7B}.Release|x64.Build.0 = Release|x64
		{A5603A60-4678-AE7B-882D-82B93ACCDB7B}.Debug|Win32.ActiveCfg = Debug|Win32
		{A5603A60-4678-AE7B-882D-82B93ACCDB7B}.Debug|Win32.Build.0 = Debug|Win32
		{A5603A60-4678-AE7B-882D-82B93ACCDB7B}.Debug|x64.ActiveCfg = Debug|x64
		{A5603A60-4678-AE7B-882D-82B93ACCDB7B}.Debug|x64.Build.0 = Debug|x64
		{A5603A60-4678-AE7B-882D-82B93ACCDB7B}.Release|Win32.ActiveCfg = Release|Win32
		{A5603A60-4678-AE7B-882D-82B93ACCDB7B}.Release|Win32.Build.0 = Release|Win32
		{A56B8C54-C770-BCA8-0E28-F3F2D012D2AD}.Release|x64.ActiveCfg = Release|x64
		{A56B8C54-C770-BCA8-0E28-F3F2D012D2AD}.Release|x64.Build.0 = Release|x64
		{A56B8C54-C770-BCA8-0E28-F3F2D012D2AD}.Debug|Win32.ActiveCfg = Debug|Win32
		{A56B8C54-C770-BCA8-0E28-F3F2D012D2AD}.Debug|Win32.Build.0 = Debug|Win32
		{A56B8C54-C770-BCA8-0E28-F3F2D012D2AD}.Debug|x64.ActiveCfg = Debug|x64
		{A56B8C54-C770-BCA8-0E28-F3F2D012D2AD}.Debug|x64.Build.0 = Debug|x64
		{A56B8C54-C770-BCA8-0E28-F3F2D012D2AD}.Release|Win32.ActiveCfg = Release|Win32
		{A56B8C54-C770-BCA8-0E28-F3F2D012D2AD}.Release|Win32.Build.0 = Release|Win32
		{A5C7D98D-85CA-5A7E-CA94-720D2441935C}.Release|x64.ActiveCfg = Release|x64
		{A5C7D98D-85CA-5A7E-CA94-720D2441935C}.Release|x64.Build.0 = Release|x64
		{A5C7D98D-85CA-5A7E-CA94-720D2441935C}.Debug|Win32.ActiveCfg = Debug|Win32
		{A5C7D98D-85CA-5A7E-CA94-720D2441935C}.Debug|Win32.Build.0 = Debug|Win32
		{A5C7D98D-85CA-5A7E-CA94-720D2441935C}.Debug|x64.ActiveCfg = Debug|x64
		{A5C7D98D-85CA-5A7E-CA94-720D2441935C}.Debug|x64.Build.0 = Debug|x64
		{A5C7D98D-85CA-5A7E-CA94-720D2441935C}.Release|Win32.ActiveCfg = Release|Win32
		{A5C7D98D-85CA-5A7E-CA94-720D2441935C}.Release|Win32.Build.0 = Release|Win32
		{A787E957-10C3-E297-F5AC-DBFDE4190BAA}.Release|x64.ActiveCfg = Release|x64
		{A787E957-10C3-E297-F5AC-DBFDE4190BAA}.Release|x64.Build.0 = Release|x64
		{A787E957-10C3-E297-F5AC-DBFDE4190BAA}.Debug|Win32.ActiveCfg = Debug|Win32
		{A787E957-10C3-E297-F5AC-DBFDE4190BAA}.Debug|Win32.Build.0 = Debug|Win32
		{A787E957-10C3-E297-F5AC-DBFDE4190BAA}.Debug|x64.ActiveCfg = Debug|x64
		{A787E957-10C3-E297-F5AC-DBFDE4190BAA}.Debug|x64.Build.0 = Debug|x64
		{A787E957-10C3-E297-F5AC-DBFDE4190BAA}.Release|Win32.ActiveCfg = Release|Win32
		{A787E957-10C3-E297-F5AC-DBFDE4190BAA}.Release|Win32.Build.0 = Release|Win32
		{A882E338-42F9-A685-9123-24271F42A963}.Release|x64.ActiveCfg = Release|x64
		{A882E338-42F9-A685-9123-24271F42A963}.Release|x64.Build.0 = Release|x64
		{A882E338-42F9-A685-9123-24271F42A963}.Debug|Win32.ActiveCfg = Debug|Win32
		{A882E338-42F9-A685-9123-24271F42A963}.Debug|Win32.Build.0 = Debug|Win32
		{A882E338-42F9-A685-9123-24271F42A963}.Debug|x64.ActiveCfg = Debug|x64
		{A882E338-42F9-A685-9123-24271F42A963}.Debug|x64.Build.0 = Debug|x64
		{A882E338-42F9-A685-9123-24271F42A963}.Release|Win32.ActiveCfg = Release|Win32
		{A882E338-42F9-A685-9123-24271F42A963}.Release|Win32.Build.0 = Release|Win32
		{B1EE5FA3-CB46-2307-F868-8E55E006027D}.Release|x64.ActiveCfg = Release|x64
		{B1EE5FA3-CB46-2307-F868-8E55E006027D}.Release|x64.Build.0 = Release|x64
		{B1EE5FA3-CB46-2307-F868-8E55E006027D}.Debug|Win32.ActiveCfg = Debug|Win32
		{B1EE5FA3-CB46-2307-F868-8E55E006027D}.Debug|Win32.Build.0 = Debug|Win32
		{B1EE5FA3-CB46-2307-F868-8E55E006027D}.Debug|x64.ActiveCfg = Debug|x64
		{B1EE5FA3-CB46-2307-F868-8E55E006027D}.Debug|x64.Build.0 = Debug|x64
		{B1EE5FA3-CB46-2307-F868-8E55E006027D}.Release|Win32.ActiveCfg = Release|Win32
		{B1EE5FA3-CB46-2307-F868-8E55E006027D}.Release|Win32.Build.0 = Release|Win32
		{B5CE8410-9BBD-EEB4-3B3C-2FA5679D416B}.Release|x64.ActiveCfg = Release|x64
		{B5CE8410-9BBD-EEB4-3B3C-2FA5679D416B}.Release|x64.Build.0 = Release|x64
		{B5CE8410-9BBD-EEB4-3B3C-2FA5679D416B}.Debug|Win32.ActiveCfg = Debug|Win32
		{B5CE8410-9BBD-EEB4-3B3C-2FA5679D416B}.Debug|Win32.Build.0 = Debug|Win32
		{B5CE8410-9BBD-EEB4-3B3C-2FA5679D416B}.Debug|x64.ActiveCfg = Debug|x64
		{B5CE8410-9BBD-EEB4-3B3C-2FA5679D416B}.Debug|x64.Build.0 = Debug|x64
		{B5CE8410-9BBD-EEB4-3B3C-2FA5679D416B}.Release|Win32.ActiveCfg = Release|Win32
		{B5CE8410-9BBD-EEB4-3B3C-2FA5679D416B}.Release|Win32.Build.0 = Release|Win32
		{BD85A424-0CAA-F62C-28F9-0F238F350AA3}.Release|x64.ActiveCfg = Release|x64
		{BD85A424-0CAA-F62C-28F9-0F238F350AA3}.Release|x64.Build.0 = Release|x64
		{BD85A424-0CAA-F62C-28F9-0F238F350AA3}.Debug|Win32.ActiveCfg = Debug|Win32
		{BD85A424-0CAA-F62C-28F9-0F238F350AA3}.Debug|Win32.Build.0 = Debug|Win32
		{BD85A424-0CAA-F62C-28F9-0F238F350AA3}.Debug|x64.ActiveCfg = Debug|x64
		{BD85A424-0CAA-F62C-28F9-0F238F350AA3}.Debug|x64.Build.0 = Debug|x64
		{BD85A424-0CAA-F62C-28F9-0F238F350AA3}.Release|Win32.ActiveCfg = Release|Win32
		{BD85A424-0CAA-F62C-28F9-0F238F350AA3}.Release|Win32.Build.0 = Release|Win32
		{BD993997-B941-1CE6-ACD3-D07A6777B67B}.Release|x64.ActiveCfg = Release|x64
		{BD993997-B941-1CE6-ACD3-D07A6777B67B}.Release|x64.Build.0 = Release|x64
		{BD993997-B941-1CE6-ACD3-D07A6777B67B}.Debug|Win32.ActiveCfg = Debug|Win32
		{BD993997-B941-1CE6-ACD3-D07A6777B67B}.Debug|Win32.Build.0 = Debug|Win32
		{BD993997-B941-1CE6-ACD3-D07A6777B67B}.Debug|x64.ActiveCfg = Debug|x64
		{BD993997-B941-1CE6-ACD3-D07A6777B67B}.Debug|x64.Build.0 = Debug|x64
		{BD993997-B941-1CE6-ACD3-D07A6777B67B}.Release|Win32.ActiveCfg = Release|Win32
		{BD993997-B941-1CE6-ACD3-D07A6777B67B}.Release|Win32.Build.0 = Release|Win32
		{BE5456BF-121A-D184-B821-615682A6A955}.Release|x64.ActiveCfg = Release|x64
		{BE5456BF-121A-D184-B821-615682A6A955}.Release|x64.Build.0 = Release|x64
		{BE5456BF-121A-D184-B821-615682A6A955}.Debug|Win32.ActiveCfg = Debug|Win32
		{BE5456BF-121A-D184-B821-615682A6A955}.Debug|Win32.Build.0 = Debug|Win32
		{BE5456BF-121A-D184-B821-615682A6A955}.Debug|x64.ActiveCfg = Debug|x64
		{BE5456BF-121A-D184-B821-615682A6A955}.Debug|x64.Build.0 = Debug|x64
		{BE5456BF-121A-D184-B821-615682A6A955}.Release|Win32.ActiveCfg = Release|Win32
		{BE5456BF-121A-D184-B821-615682A6A955}.Release|Win32.Build.0 = Release|Win32
		{C080B58C-1B52-9F86-FED4-66A9A1E16AFA}.Release|x64.ActiveCfg = Release|x64
		{C080B58C-1B52-9F86-FED4-66A9A1E16AFA}.Release|x64.Build.0 = Release|x64
		{C080B58C-1B52-9F86-FED4-66A9A1E16AFA}.Debug|Win32.ActiveCfg = Debug|Win32
		{C080B58C-1B52-9F86-FED4-66A9A1E16AFA}.Debug|Win32.Build.0 = Debug|Win32
		{C080B58C-1B52-9F86-FED4-66A9A1E16AFA}.Debug|x64.ActiveCfg = Debug|x64
		{C080B58C-1B52-9F86-FED4-66A9A1E16AFA}.Debug|x64.Build.0 = Debug|x64
		{C080B58C-1B52-9F86-FED4-66A9A1E16AFA}.Release|Win32.ActiveCfg = Release|Win32
		{C080B58C-1B52-9F86-FED4-66A9A1E16AFA}.Release|Win32.Build.0 = Release|Win32
		{C0F46FF4-520C-1360-ED44-BC200C20E665}.Release|x64.ActiveCfg = Release|x64
		{C0F46FF4-520C-1360-ED44-BC200C20E665}.Release|x64.Build.0 = Release|x64
		{C0F46FF4-520C-1360-ED44-BC200C20E665}.Debug|Win32.ActiveCfg = Debug|Win32
		{C0F46FF4-520C-1360-ED44-BC200C20E665}.Debug|Win32.Build.0 = Debug|Win32
		{C0F46FF4-520C-1360-ED44-BC200C20E665}.Debug|x64.ActiveCfg = Debug|x64
		{C0F46FF4-520C-1360-ED44-BC200C20E665}.Debug|x64.Build.0 = Debug|x64
		{C0F46FF4-520C-1360-ED44-BC200C20E665}.Release|Win32.ActiveCfg = Release|Win32
		{C0F46FF4-520C-1360-ED44-BC200C20E665}.Release|Win32.Build.0 = Release|Win32
		{C49AD207-8D02-D0B3-85A3-D36CA32FBFB0}.Release|x64.ActiveCfg = Release|x64
		{C49AD207-8D02-D0B3-85A3-D36CA32FBFB0}.Release|x64.Build.0 = Release|x64
		{C49AD207-8D02-D0B3-85A3-D36CA32FBFB0}.Debug|Win32.ActiveCfg = Debug|Win32
		{C49AD207-8D02-D0B3-85A3-D36CA32FBFB0}.Debug|Win32.Build.0 = Debug|Win32
		{C49AD207-8D02-D0B3-85A3-D36CA32FBFB0}.Debug|x64.ActiveCfg = Debug|x64
		{C49AD207-8D02-D0B3-85A3-D36CA32FBFB0}.Debug|x64.Build.0 = Debug|x64
		{C49AD207-8D02-D0B3-85A3-D36CA32FBFB0}.Release|Win32.ActiveCfg = Release|Win32
		{C49AD207-8D02-D0B3-85A3-D36CA32FBFB0}.Release|Win32.Build.0 = Release|Win32
		{C4A55C91-03AE-C7B3-5C1C-0F91D96410D6}.Release|x64.ActiveCfg = Release|x64
		{C4A55C91-03AE-C7B3-5C1C-0F91D96410D6}.Release|x64.Build.0 = Release|x64
		{C4A55C91-03AE-C7B3-5C1C-0F91D96410D6}.Debug|Win32.ActiveCfg = Debug|Win32
		{C4A55C91-03AE-C7B3-5C1C-0F91D96410D6}.Debug|Win32.Build.0 = Debug|Win32
		{C4A55C91-03AE-C7B3-5C1C-0F91D96410D6}.Debug|x64.ActiveCfg = Debug|x64
		{C4A55C91-03AE-C7B3-5C1C-0F91D96410D6}.Debug|x64.Build.0 = Debug|x64
		{C4A55C91-03AE-C7B3-5C1C-0F91D96410D6}.Release|Win32.ActiveCfg = Release|Win32
		{C4A55C91-03AE-C7B3-5C1C-0F91D96410D6}.Release|Win32.Build.0 = Release|Win32
		{C85D0889-DD42-F3C6-6EF2-F487BA185557}.Release|x64.ActiveCfg = Release|x64
		{C85D0889-DD42-F3C6-6EF2-F487BA185557}.Release|x64.Build.0 = Release|x64
		{C85D0889-DD42-F3C6-6EF2-F487BA185557}.Debug|Win32.ActiveCfg = Debug|Win32
		{C85D0889-DD42-F3C6-6EF2-F487BA185557}.Debug|Win32.Build.0 = Debug|Win32
		{C85D0889-DD42-F3C6-6EF2-F487BA185557}.Debug|x64.ActiveCfg = Debug|x64
		{C85D0889-DD42-F3C6-6EF2-F487BA185557}.Debug|x64.Build.0 = Debug|x64
		{C85D0889-DD42-F3C6-6EF2-F487BA185557}.Release|Win32.ActiveCfg = Release|Win32
		{C85D0889-DD42-F3C6-6EF2-F487BA185557}.Release|Win32.Build.0 = Release|Win32
		{CA460097-1B04-C07F-5410-0602D5307EDB}.Release|x64.ActiveCfg = Release|x64
		{CA460097-1B04-C07F-5410-0602D5307EDB}.Release|x64.Build.0 = Release|x64
		{CA460097-1B04-C07F-5410-0602D5307EDB}.Debug|Win32.ActiveCfg = Debug|Win32
		{CA460097-1B04-C07F-5410-0602D5307EDB}.Debug|Win32.Build.0 = Debug|Win32
		{CA460097-1B04-C07F-5410-0602D5307EDB}.Debug|x64.ActiveCfg = Debug|x64
		{CA460097-1B04-C07F-5410-0602D5307EDB}.Debug|x64.Build.0 = Debug|x64
		{CA460097-1B04-C07F-5410-0602D5307EDB}.Release|Win32.ActiveCfg = Release|Win32
		{CA460097-1B04-C07F-5410-0602D5307EDB}.Release|Win32.Build.0 = Release|Win32
		{CAC26440-D5C6-F0B5-2A94-0E7F500410AF}.Release|x64.ActiveCfg = Release|x64
		{CAC26440-D5C6-F0B5-2A94-0E7F500410AF}.Release|x64.Build.0 = Release|x64
		{CAC26440-D5C6-F0B5-2A94-0E7F500410AF}.Debug|Win32.ActiveCfg = Debug|Win32
		{CAC26440-D5C6-F0B5-2A94-0E7F500410AF}.Debug|Win32.Build.0 = Debug|Win32
		{CAC26440-D5C6-F0B5-2A94-0E7F500410AF}.Debug|x64.ActiveCfg = Debug|x64
		{CAC26440-D5C6-F0B5-2A94-0E7F500410AF}.Debug|x64.Build.0 = Debug|x64
		{CAC26440-D5C6-F0B5-2A94-0E7F500410AF}.Release|Win32.ActiveCfg = Release|Win32
		{CAC26440-D5C6-F0B5-2A94-0E7F500410AF}.Release|Win32.Build.0 = Release|Win32
		{CC50B24B-6453-5A3C-408A-2532681C8E6C}.Release|x64.ActiveCfg = Release|x64
		{CC50B24B-6453-5A3C-408A-2532681C8E6C}.Release|x64.Build.0 = Release|x64
		{CC50B24B-6453-5A3C-408A-2532681C8E6C}.Debug|Win32.ActiveCfg = Debug|Win32
		{CC50B24B-6453-5A3C-408A-2532681C8E6C}.Debug|Win32.Build.0 = Debug|Win32
		{CC50B24B-6453-5A3C-408A-2532681C8E6C}.Debug|x64.ActiveCfg = Debug|x64
		{CC50B24B-6453-5A3C-408A-2532681C8E6C}.Debug|x64.Build.0 = Debug|x64
		{CC50B24B-6453-5A3C-408A-2532681C8E6C}.Release|Win32.ActiveCfg = Release|Win32
		{CC50B24B-6453-5A3C-408A-2532681C8E6C}.Release|Win32.Build.0 = Release|Win32
		{CEA96719-660F-1D67-CAAF-D99FF280EB6F}.Release|x64.ActiveCfg = Release|x64
		{CEA96719-660F-1D67-CAAF-D99FF280EB6F}.Release|x64.Build.0 = Release|x64
		{CEA96719-660F-1D67-CAAF-D99FF280EB6F}.Debug|Win32.ActiveCfg = Debug|Win32
		{CEA96719-660F-1D67-CAAF-D99FF280EB6F}.Debug|Win32.Build.0 = Debug|Win32
		{CEA96719-660F-1D67-CAAF-D99FF280EB6F}.Debug|x64.ActiveCfg = Debug|x64
		{CEA96719-660F-1D67-CAAF-D99FF280EB6F}.Debug|x64.Build.0 = Debug|x64
		{CEA96719-660F-1D67-CAAF-D99FF280EB6F}.Release|Win32.ActiveCfg = Release|Win32
		{CEA96719-660F-1D67-CAAF-D99FF280EB6F}.Release|Win32.Build.0 = Release|Win32
		{D37AA233-6EB0-5C0B-DD91-E36D8EF97EC8}.Release|x64.ActiveCfg = Release|x64
		{D37AA233-6EB0-5C0B-DD91-E36D8EF97EC8}.Release|x64.Build.0 = Release|x64
		{D37AA233-6EB0-5C0B-DD91-E36D8EF97EC8}.Debug|Win32.ActiveCfg = Debug|Win32
		{D37AA233-6EB0-5C0B-DD91-E36D8EF97EC8}.Debug|Win32.Build.0 = Debug|Win32
		{D37AA233-6EB0-5C0B-DD91-E36D8EF97EC8}.Debug|x64.ActiveCfg = Debug|x64
		{D37AA233-6EB0-5C0B-DD91-E36D8EF97EC8}.Debug|x64.Build.0 = Debug|x64
		{D37AA233-6EB0-5C0B-DD91-E36D8EF97EC8}.Release|Win32.ActiveCfg = Release|Win32
		{D37AA233-6EB0-5C0B-DD91-E36D8EF97EC8}.Release|Win32.Build.0 = Release|Win32
		{D72B4114-AF97-11AB-DC6F-34C7D0164008}.Release|x64.ActiveCfg = Release|x64
		{D72B4114-AF97-11AB-DC6F-34C7D0164008}.Release|x64.Build.0 = Release|x64
		{D72B4114-AF97-11AB-DC6F-34C7D0164008}.Debug|Win32.ActiveCfg = Debug|Win32
		{D72B4114-AF97-11AB-DC6F-34C7D0164008}.Debug|Win32.Build.0 = Debug|Win32
		{D72B4114-AF97-11AB-DC6F-34C7D0164008}.Debug|x64.ActiveCfg = Debug|x64
		{D72B4114-AF97-11AB-DC6F-34C7D0164008}.Debug|x64.Build.0 = Debug|x64
		{D72B4114-AF97-11AB-DC6F-34C7D0164008}.Release|Win32.ActiveCfg = Release|Win32
		{D72B4114-AF97-11AB-DC6F-34C7D0164008}.Release|Win32.Build.0 = Release|Win32
		{D7A94F58-576A-45D9-A45F-EB87C63ABBB0}.Release|x64.ActiveCfg = Release|x64
		{D7A94F58-576A-45D9-A45F-EB87C63ABBB0}.Release|x64.Build.0 = Release|x64
		{D7A94F58-576A-45D9-A45F-EB87C63ABBB0}.Debug|Win32.ActiveCfg = Debug|Win32
		{D7A94F58-576A-45D9-A45F-EB87C63ABBB0}.Debug|Win32.Build.0 = Debug|Win32
		{D7A94F58-576A-45D9-A45F-EB87C63ABBB0}.Debug|x64.ActiveCfg = Debug|x64
		{D7A94F58-576A-45D9-A45F-EB87C63ABBB0}.Debug|x64.Build.0 = Debug|x64
		{D7A94F58-576A-45D9-A45F-EB87C63ABBB0}.Release|Win32.ActiveCfg = Release|Win32
		{D7A94F58-576A-45D9-A45F-EB87C63ABBB0}.Release|Win32.Build.0 = Release|Win32
		{D7CF164D-B494-63B6-4879-21B54CBCE3C3}.Release|x64.ActiveCfg = Release|x64
		{D7CF164D-B494-63B6-4879-21B54CBCE3C3}.Release|x64.Build.0 = Release|x64
		{D7CF164D-B494-63B6-4879-21B54CBCE3C3}.Debug|Win32.ActiveCfg = Debug|Win32
		{D7CF164D-B494-63B6-4879-21B54CBCE3C3}.Debug|Win32.Build.0 = Debug|Win32
		{D7CF164D-B494-63B6-4879-21B54CBCE3C3}.Debug|x64.ActiveCfg = Debug|x64
		{D7CF164D-B494-63B6-4879-21B54CBCE3C3}.Debug|x64.Build.0 = Debug|x64
		{D7CF164D-B494-63B6-4879-21B54CBCE3C3}.Release|Win32.ActiveCfg = Release|Win32
		{D7CF164D-B494-63B6-4879-21B54CBCE3C3}.Release|Win32.Build.0 = Release|Win32
		{D82384F0-54CD-524B-01DA-6495AEBB87FC}.Release|x64.ActiveCfg = Release|x64
		{D82384F0-54CD-524B-01DA-6495AEBB87FC}.Release|x64.Build.0 = Release|x64
		{D82384F0-54CD-524B-01DA-6495AEBB87FC}.Debug|Win32.ActiveCfg = Debug|Win32
		{D82384F0-54CD-524B-01DA-6495AEBB87FC}.Debug|Win32.Build.0 = Debug|Win32
		{D82384F0-54CD-524B-01DA-6495AEBB87FC}.Debug|x64.ActiveCfg = Debug|x64
		{D82384F0-54CD-524B-01DA-6495AEBB87FC}.Debug|x64.Build.0 = Debug|x64
		{D82384F0-54CD-524B-01DA-6495AEBB87FC}.Release|Win32.ActiveCfg = Release|Win32
		{D82384F0-54CD-524B-01DA-6495AEBB87FC}.Release|Win32.Build.0 = Release|Win32
		{DF36DB04-3023-916B-274B-0EF60C47BA17}.Release|x64.ActiveCfg = Release|x64
		{DF36DB04-3023-916B-274B-0EF60C47BA17}.Release|x64.Build.0 = Release|x64
		{DF36DB04-3023-916B-274B-0EF60C47BA17}.Debug|Win32.ActiveCfg = Debug|Win32
		{DF36DB04-3023-916B-274B-0EF60C47BA17}.Debug|Win32.Build.0 = Debug|Win32
		{DF36DB04-3023-916B-274B-0EF60C47BA17}.Debug|x64.ActiveCfg = Debug|x64
		{DF36DB04-3023-916B-274B-0EF60C47BA17}.Debug|x64.Build.0 = Debug|x64
		{DF36DB04-3023-916B-274B-0EF60C47BA17}.Release|Win32.ActiveCfg = Release|Win32
		{DF36DB04-3023-916B-274B-0EF60C47BA17}.Release|Win32.Build.0 = Release|Win32
		{E01716F2-BBC0-8BC4-EB59-CE7DC6DC5126}.Release|x64.ActiveCfg = Release|x64
		{E01716F2-BBC0-8BC4-EB59-CE7DC6DC5126}.Release|x64.Build.0 = Release|x64
		{E01716F2-BBC0-8BC4-EB59-CE7DC6DC5126}.Debug|Win32.ActiveCfg = Debug|Win32
		{E01716F2-BBC0-8BC4-EB59-CE7DC6DC5126}.Debug|Win32.Build.0 = Debug|Win32
		{E01716F2-BBC0-8BC4-EB59-CE7DC6DC5126}.Debug|x64.ActiveCfg = Debug|x64
		{E01716F2-BBC0-8BC4-EB59-CE7DC6DC5126}.Debug|x64.Build.0 = Debug|x64
		{E01716F2-BBC0-8BC4-EB59-CE7DC6DC5126}.Release|Win32.ActiveCfg = Release|Win32
		{E01716F2-BBC0-8BC4-EB59-CE7DC6DC5126}.Release|Win32.Build.0 = Release|Win32
		{E999A796-E258-C9D2-317C-CFDE45BD1292}.Release|x64.ActiveCfg = Release|x64
		{E999A796-E258-C9D2-317C-CFDE45BD1292}.Release|x64.Build.0 = Release|x64
		{E999A796-E258-C9D2-317C-CFDE45BD1292}.Debug|Win32.ActiveCfg = Debug|Win32
		{E999A796-E258-C9D2-317C-CFDE45BD1292}.Debug|Win32.Build.0 = Debug|Win32
		{E999A796-E258-C9D2-317C-CFDE45BD1292}.Debug|x64.ActiveCfg = Debug|x64
		{E999A796-E258-C9D2-317C-CFDE45BD1292}.Debug|x64.Build.0 = Debug|x64
		{E999A796-E258-C9D2-317C-CFDE45BD1292}.Release|Win32.ActiveCfg = Release|Win32
		{E999A796-E258-C9D2-317C-CFDE45BD1292}.Release|Win32.Build.0 = Release|Win32
		{EACAF442-9213-04CB-9F3A-638CF1211AB2}.Release|x64.ActiveCfg = Release|x64
		{EACAF442-9213-04CB-9F3A-638CF1211AB2}.Release|x64.Build.0 = Release|x64
		{EACAF442-9213-04CB-9F3A-638CF1211AB2}.Debug|Win32.ActiveCfg = Debug|Win32
		{EACAF442-9213-04CB-9F3A-638CF1211AB2}.Debug|Win32.Build.0 = Debug|Win32
		{EACAF442-9213-04CB-9F3A-638CF1211AB2}.Debug|x64.ActiveCfg = Debug|x64
		{EACAF442-9213-04CB-9F3A-638CF1211AB2}.Debug|x64.Build.0 = Debug|x64
		{EACAF442-9213-04CB-9F3A-638CF1211AB2}.Release|Win32.ActiveCfg = Release|Win32
		{EACAF442-9213-04CB-9F3A-638CF1211AB2}.Release|Win32.Build.0 = Release|Win32
		{F1366634-698C-2BD7-3167-124522E20B6D}.Release|x64.ActiveCfg = Release|x64
		{F1366634-698C-2BD7-3167-124522E20B6D}.Release|x64.Build.0 = Release|x64
		{F1366634-698C-2BD7-3167-124522E20B6D}.Debug|Win32.ActiveCfg = Debug|Win32
		{F1366634-698C-2BD7-3167-124522E20B6D}.Debug|Win32.Build.0 = Debug|Win32
		{F1366634-698C-2BD7-3167-124522E20B6D}.Debug|x64.ActiveCfg = Debug|x64
		{F1366634-698C-2BD7-3167-124522E20B6D}.Debug|x64.Build.0 = Debug|x64
		{F1366634-698C-2BD7-3167-124522E20B6D}.Release|Win32.ActiveCfg = Release|Win32
		{F1366634-698C-2BD7-3167-124522E20B6D}.Release|Win32.Build.0 = Release|Win32
		{F31BE50C-8882-5330-5793-1A4FC896791D}.Release|x64.ActiveCfg = Release|x64
		{F31BE50C-8882-5330-5793-1A4FC896791D}.Release|x64.Build.0 = Release|x64
		{F31BE50C-8882-5330-5793-1A4FC896791D}.Debug|Win32.ActiveCfg = Debug|Win32
		{F31BE50C-8882-5330-5793-1A4FC896791D}.Debug|Win32.Build.0 = Debug|Win32
		{F31BE50C-8882-5330-5793-1A4FC896791D}.Debug|x64.ActiveCfg = Debug|x64
		{F31BE50C-8882-5330-5793-1A4FC896791D}.Debug|x64.Build.0 = Debug|x64
		{F31BE50C-8882-5330-5793-1A4FC896791D}.Release|Win32.ActiveCfg = Release|Win32
		{F31BE50C-8882-5330-5793-1A4FC896791D}.Release|Win32.Build.0 = Release|Win32
		{F34BF336-A4B9-0D43-A369-7229ACACBF48}.Release|x64.ActiveCfg = Release|x64
		{F34BF336-A4B9-0D43-A369-7229ACACBF48}.Release|x64.Build.0 = Release|x64
		{F34BF336-A4B9-0D43-A369-7229ACACBF48}.Debug|Win32.ActiveCfg = Debug|Win32
		{F34BF336-A4B9-0D43-A369-7229ACACBF48}.Debug|Win32.Build.0 = Debug|Win32
		{F34BF336-A4B9-0D43-A369-7229ACACBF48}.Debug|x64.ActiveCfg = Debug|x64
		{F34BF336-A4B9-0D43-A369-7229ACACBF48}.Debug|x64.Build.0 = Debug|x64
		{F34BF336-A4B9-0D43-A369-7229ACACBF48}.Release|Win32.ActiveCfg = Release|Win32
		{F34BF336-A4B9-0D43-A369-7229ACACBF48}.Release|Win32.Build.0 = Release|Win32
		{F6D0FBA4-55EE-95FE-B6D5-18587C57FF44}.Release|x64.ActiveCfg = Release|x64
		{F6D0FBA4-55EE-95FE-B6D5-18587C57FF44}.Release|x64.Build.0 = Release|x64
		{F6D0FBA4-55EE-95FE-B6D5-18587C57FF44}.Debug|Win32.ActiveCfg = Debug|Win32
		{F6D0FBA4-55EE-95FE-B6D5-18587C57FF44}.Debug|Win32.Build.0 = Debug|Win32
		{F6D0FBA4-55EE-95FE-B6D5-18587C57FF44}.Debug|x64.ActiveCfg = Debug|x64
		{F6D0FBA4-55EE-95FE-B6D5-18587C57FF44}.Debug|x64.Build.0 = Debug|x64
		{F6D0FBA4-55EE-95FE-B6D5-18587C57FF44}.Release|Win32.ActiveCfg = Release|Win32
		{F6D0FBA4-55EE-95FE-B6D5-18587C57FF44}.Release|Win32.Build.0 = Release|Win32
		{F85A2AD8-94F2-F668-C3A1-6B063F2BC49B}.Release|x64.ActiveCfg = Release|x64
		{F85A2AD8-94F2-F668-C3A1-6B063F2BC49B}.Release|x64.Build.0 = Release|x64
		{F85A2AD8-94F2-F668-C3A1-6B063F2BC49B}.Debug|Win32.ActiveCfg = Debug|Win32
		{F85A2AD8-94F2-F668-C3A1-6B063F2BC49B}.Debug|Win32.Build.0 = Debug|Win32
		{F85A2AD8-94F2-F668-C3A1-6B063F2BC49B}.Debug|x64.ActiveCfg = Debug|x64
		{F85A2AD8-94F2-F668-C3A1-6B063F2BC49B}.Debug|x64.Build.0 = Debug|x64
		{F85A2AD8-94F2-F668-C3A1-6B063F2BC49B}.Release|Win32.ActiveCfg = Release|Win32
		{F85A2AD8-94F2-F668-C3A1-6B063F2BC49B}.Release|Win32.Build.0 = Release|Win32
		{FA82C850-7936-4011-6705-CBA97E97758D}.Release|x64.ActiveCfg = Release|x64
		{FA82C850-7936-4011-6705-CBA97E97758D}.Release|x64.Build.0 = Release|x64
		{FA82C850-7936-4011-6705-CBA97E97758D}.Debug|Win32.ActiveCfg = Debug|Win32
		{FA82C850-7936-4011-6705-CBA97E97758D}.Debug|Win32.Build.0 = Debug|Win32
		{FA82C850-7936-4011-6705-CBA97E97758D}.Debug|x64.ActiveCfg = Debug|x64
		{FA82C850-7936-4011-6705-CBA97E97758D}.Debug|x64.Build.0 = Debug|x64
		{FA82C850-7936-4011-6705-CBA97E97758D}.Release|Win32.ActiveCfg = Release|Win32
		{FA82C850-7936-4011-6705-CBA97E97758D}.Release|Win32.Build.0 = Release|Win32
		{FF08FFCB-E1D3-2281-BFB3-765AAB8C304E}.Release|x64.ActiveCfg = Release|x64
		{FF08FFCB-E1D3-2281-BFB3-765AAB8C304E}.Release|x64.Build.0 = Release|x64
		{FF08FFCB-E1D3-2281-BFB3-765AAB8C304E}.Debug|Win32.ActiveCfg = Debug|Win32
		{FF08FFCB-E1D3-2281-BFB3-765AAB8C304E}.Debug|Win32.Build.0 = Debug|Win32
		{FF08FFCB-E1D3-2281-BFB3-765AAB8C304E}.Debug|x64.ActiveCfg = Debug|x64
		{FF08FFCB-E1D3-2281-BFB3-765AAB8C304E}.Debug|x64.Build.0 = Debug|x64
		{FF08FFCB-E1D3-2281-BFB3-765AAB8C304E}.Release|Win32.ActiveCfg = Release|Win32
		{FF08FFCB-E1D3-2281-BFB3-765AAB8C304E}.Release|Win32.Build.0 = Release|Win32
	EndGlobalSection
	GlobalSection(SolutionProperties) = preSolution
		HideSolutionNode = FALSE
	EndGlobalSection
EndGlobal
