Microsoft Visual Studio Solution File, Format Version 13.00
# Visual Studio 2013
Project("{8BC9CEB8-8B4A-11D0-8D11-00A0C91BC942}") = "cpu_features", "..\cpu_features\cpu_features.vcxproj", "{894E7CE8-1A31-A9B3-C598-B9859864673A}"
EndProject
Project("{8BC9CEB8-8B4A-11D0-8D11-00A0C91BC942}") = "cpu_features64", "..\cpu_features\cpu_features64.vcxproj", "{AA87BD8D-D245-CAB5-3E66-92AEFB771238}"
EndProject
Project("{8BC9CEB8-8B4A-11D0-8D11-00A0C91BC942}") = "gio", "..\..\shared\gio\gio.vcxproj", "{FD7C00F0-9EF0-9BD5-64DD-0ED42D663D43}"
EndProject
Project("{8BC9CEB8-8B4A-11D0-8D11-00A0C91BC942}") = "gio64", "..\..\shared\gio\gio64.vcxproj", "{ABD4C66B-E200-B190-F07D-D06355B18155}"
EndProject
Project("{8BC9CEB8-8B4A-11D0-8D11-00A0C91BC942}") = "platform", "..\..\shared\platform\platform.vcxproj", "{A941BA4D-135E-2DB2-0669-03E729A4A115}"
EndProject
Project("{8BC9CEB8-8B4A-11D0-8D11-00A0C91BC942}") = "platform64", "..\..\shared\platform\platform64.vcxproj", "{D79AD1F7-5295-CD73-8247-4995C20CE2A3}"
EndProject
Project("{8BC9CEB8-8B4A-11D0-8D11-00A0C91BC942}") = "platform_qual_lib", "platform_qual_lib.vcxproj", "{B9C6935F-4984-12D6-F628-CA58442E70D6}"
EndProject
Project("{8BC9CEB8-8B4A-11D0-8D11-00A0C91BC942}") = "platform_qual_lib64", "platform_qual_lib64.vcxproj", "{30A25B5F-03D3-A626-43A1-001966A4AB56}"
EndProject
Global
	GlobalSection(SolutionConfigurationPlatforms) = preSolution
		Release|x64 = Release|x64
		Debug|Win32 = Debug|Win32
		Debug|x64 = Debug|x64
		Release|Win32 = Release|Win32
	EndGlobalSection
	GlobalSection(ProjectConfigurationPlatforms) = postSolution
		{30A25B5F-03D3-A626-43A1-001966A4AB56}.Release|x64.ActiveCfg = Release|x64
		{30A25B5F-03D3-A626-43A1-001966A4AB56}.Release|x64.Build.0 = Release|x64
		{30A25B5F-03D3-A626-43A1-001966A4AB56}.Debug|Win32.ActiveCfg = Debug|x64
		{30A25B5F-03D3-A626-43A1-001966A4AB56}.Debug|Win32.Build.0 = Debug|x64
		{30A25B5F-03D3-A626-43A1-001966A4AB56}.Debug|x64.ActiveCfg = Debug|x64
		{30A25B5F-03D3-A626-43A1-001966A4AB56}.Debug|x64.Build.0 = Debug|x64
		{30A25B5F-03D3-A626-43A1-001966A4AB56}.Release|Win32.ActiveCfg = Release|x64
		{30A25B5F-03D3-A626-43A1-001966A4AB56}.Release|Win32.Build.0 = Release|x64
		{894E7CE8-1A31-A9B3-C598-B9859864673A}.Release|x64.ActiveCfg = Release|x64
		{894E7CE8-1A31-A9B3-C598-B9859864673A}.Release|x64.Build.0 = Release|x64
		{894E7CE8-1A31-A9B3-C598-B9859864673A}.Debug|Win32.ActiveCfg = Debug|Win32
		{894E7CE8-1A31-A9B3-C598-B9859864673A}.Debug|Win32.Build.0 = Debug|Win32
		{894E7CE8-1A31-A9B3-C598-B9859864673A}.Debug|x64.ActiveCfg = Debug|x64
		{894E7CE8-1A31-A9B3-C598-B9859864673A}.Debug|x64.Build.0 = Debug|x64
		{894E7CE8-1A31-A9B3-C598-B9859864673A}.Release|Win32.ActiveCfg = Release|Win32
		{894E7CE8-1A31-A9B3-C598-B9859864673A}.Release|Win32.Build.0 = Release|Win32
		{A941BA4D-135E-2DB2-0669-03E729A4A115}.Release|x64.ActiveCfg = Release|x64
		{A941BA4D-135E-2DB2-0669-03E729A4A115}.Release|x64.Build.0 = Release|x64
		{A941BA4D-135E-2DB2-0669-03E729A4A115}.Debug|Win32.ActiveCfg = Debug|Win32
		{A941BA4D-135E-2DB2-0669-03E729A4A115}.Debug|Win32.Build.0 = Debug|Win32
		{A941BA4D-135E-2DB2-0669-03E729A4A115}.Debug|x64.ActiveCfg = Debug|x64
		{A941BA4D-135E-2DB2-0669-03E729A4A115}.Debug|x64.Build.0 = Debug|x64
		{A941BA4D-135E-2DB2-0669-03E729A4A115}.Release|Win32.ActiveCfg = Release|Win32
		{A941BA4D-135E-2DB2-0669-03E729A4A115}.Release|Win32.Build.0 = Release|Win32
		{AA87BD8D-D245-CAB5-3E66-92AEFB771238}.Release|x64.ActiveCfg = Release|x64
		{AA87BD8D-D245-CAB5-3E66-92AEFB771238}.Release|x64.Build.0 = Release|x64
		{AA87BD8D-D245-CAB5-3E66-92AEFB771238}.Debug|Win32.ActiveCfg = Debug|x64
		{AA87BD8D-D245-CAB5-3E66-92AEFB771238}.Debug|Win32.Build.0 = Debug|x64
		{AA87BD8D-D245-CAB5-3E66-92AEFB771238}.Debug|x64.ActiveCfg = Debug|x64
		{AA87BD8D-D245-CAB5-3E66-92AEFB771238}.Debug|x64.Build.0 = Debug|x64
		{AA87BD8D-D245-CAB5-3E66-92AEFB771238}.Release|Win32.ActiveCfg = Release|x64
		{AA87BD8D-D245-CAB5-3E66-92AEFB771238}.Release|Win32.Build.0 = Release|x64
		{ABD4C66B-E200-B190-F07D-D06355B18155}.Release|x64.ActiveCfg = Release|x64
		{ABD4C66B-E200-B190-F07D-D06355B18155}.Release|x64.Build.0 = Release|x64
		{ABD4C66B-E200-B190-F07D-D06355B18155}.Debug|Win32.ActiveCfg = Debug|x64
		{ABD4C66B-E200-B190-F07D-D06355B18155}.Debug|Win32.Build.0 = Debug|x64
		{ABD4C66B-E200-B190-F07D-D06355B18155}.Debug|x64.ActiveCfg = Debug|x64
		{ABD4C66B-E200-B190-F07D-D06355B18155}.Debug|x64.Build.0 = Debug|x64
		{ABD4C66B-E200-B190-F07D-D06355B18155}.Release|Win32.ActiveCfg = Release|x64
		{ABD4C66B-E200-B190-F07D-D06355B18155}.Release|Win32.Build.0 = Release|x64
		{B9C6935F-4984-12D6-F628-CA58442E70D6}.Release|x64.ActiveCfg = Release|x64
		{B9C6935F-4984-12D6-F628-CA58442E70D6}.Release|x64.Build.0 = Release|x64
		{B9C6935F-4984-12D6-F628-CA58442E70D6}.Debug|Win32.ActiveCfg = Debug|Win32
		{B9C6935F-4984-12D6-F628-CA58442E70D6}.Debug|Win32.Build.0 = Debug|Win32
		{B9C6935F-4984-12D6-F628-CA58442E70D6}.Debug|x64.ActiveCfg = Debug|x64
		{B9C6935F-4984-12D6-F628-CA58442E70D6}.Debug|x64.Build.0 = Debug|x64
		{B9C6935F-4984-12D6-F628-CA58442E70D6}.Release|Win32.ActiveCfg = Release|Win32
		{B9C6935F-4984-12D6-F628-CA58442E70D6}.Release|Win32.Build.0 = Release|Win32
		{D79AD1F7-5295-CD73-8247-4995C20CE2A3}.Release|x64.ActiveCfg = Release|x64
		{D79AD1F7-5295-CD73-8247-4995C20CE2A3}.Release|x64.Build.0 = Release|x64
		{D79AD1F7-5295-CD73-8247-4995C20CE2A3}.Debug|Win32.ActiveCfg = Debug|x64
		{D79AD1F7-5295-CD73-8247-4995C20CE2A3}.Debug|Win32.Build.0 = Debug|x64
		{D79AD1F7-5295-CD73-8247-4995C20CE2A3}.Debug|x64.ActiveCfg = Debug|x64
		{D79AD1F7-5295-CD73-8247-4995C20CE2A3}.Debug|x64.Build.0 = Debug|x64
		{D79AD1F7-5295-CD73-8247-4995C20CE2A3}.Release|Win32.ActiveCfg = Release|x64
		{D79AD1F7-5295-CD73-8247-4995C20CE2A3}.Release|Win32.Build.0 = Release|x64
		{FD7C00F0-9EF0-9BD5-64DD-0ED42D663D43}.Release|x64.ActiveCfg = Release|x64
		{FD7C00F0-9EF0-9BD5-64DD-0ED42D663D43}.Release|x64.Build.0 = Release|x64
		{FD7C00F0-9EF0-9BD5-64DD-0ED42D663D43}.Debug|Win32.ActiveCfg = Debug|Win32
		{FD7C00F0-9EF0-9BD5-64DD-0ED42D663D43}.Debug|Win32.Build.0 = Debug|Win32
		{FD7C00F0-9EF0-9BD5-64DD-0ED42D663D43}.Debug|x64.ActiveCfg = Debug|x64
		{FD7C00F0-9EF0-9BD5-64DD-0ED42D663D43}.Debug|x64.Build.0 = Debug|x64
		{FD7C00F0-9EF0-9BD5-64DD-0ED42D663D43}.Release|Win32.ActiveCfg = Release|Win32
		{FD7C00F0-9EF0-9BD5-64DD-0ED42D663D43}.Release|Win32.Build.0 = Release|Win32
	EndGlobalSection
	GlobalSection(SolutionProperties) = preSolution
		HideSolutionNode = FALSE
	EndGlobalSection
EndGlobal
