Microsoft Visual Studio Solution File, Format Version 13.00
# Visual Studio 2013
Project("{8BC9CEB8-8B4A-11D0-8D11-00A0C91BC942}") = "debug_stub", "debug_stub.vcxproj", "{0212A667-D563-17E4-69A3-0AD79F4A7C0D}"
EndProject
Project("{8BC9CEB8-8B4A-11D0-8D11-00A0C91BC942}") = "debug_stub64", "debug_stub64.vcxproj", "{193DBE97-353F-0A78-C5FD-19C847F1296D}"
EndProject
Project("{8BC9CEB8-8B4A-11D0-8D11-00A0C91BC942}") = "gdb_rsp_test", "gdb_rsp_test.vcxproj", "{4CCCDDF3-93BC-6F04-53A2-BD573E91B5C2}"
EndProject
Project("{8BC9CEB8-8B4A-11D0-8D11-00A0C91BC942}") = "gdb_rsp_test64", "gdb_rsp_test64.vcxproj", "{E759F3D1-DADB-0AC5-9B51-5A00985D729D}"
EndProject
Project("{8BC9CEB8-8B4A-11D0-8D11-00A0C91BC942}") = "gio", "..\..\shared\gio\gio.vcxproj", "{FD7C00F0-9EF0-9BD5-64DD-0ED42D663D43}"
EndProject
Project("{8BC9CEB8-8B4A-11D0-8D11-00A0C91BC942}") = "gio64", "..\..\shared\gio\gio64.vcxproj", "{ABD4C66B-E200-B190-F07D-D06355B18155}"
EndProject
Project("{8BC9CEB8-8B4A-11D0-8D11-00A0C91BC942}") = "platform", "..\..\shared\platform\platform.vcxproj", "{A941BA4D-135E-2DB2-0669-03E729A4A115}"
EndProject
Project("{8BC9CEB8-8B4A-11D0-8D11-00A0C91BC942}") = "platform64", "..\..\shared\platform\platform64.vcxproj", "{D79AD1F7-5295-CD73-8247-4995C20CE2A3}"
EndProject
Global
	GlobalSection(SolutionConfigurationPlatforms) = preSolution
		Release|x64 = Release|x64
		Debug|Win32 = Debug|Win32
		Debug|x64 = Debug|x64
		Release|Win32 = Release|Win32
	EndGlobalSection
	GlobalSection(ProjectConfigurationPlatforms) = postSolution
		{0212A667-D563-17E4-69A3-0AD79F4A7C0D}.Release|x64.ActiveCfg = Release|x64
		{0212A667-D563-17E4-69A3-0AD79F4A7C0D}.Release|x64.Build.0 = Release|x64
		{0212A667-D563-17E4-69A3-0AD79F4A7C0D}.Debug|Win32.ActiveCfg = Debug|Win32
		{0212A667-D563-17E4-69A3-0AD79F4A7C0D}.Debug|Win32.Build.0 = Debug|Win32
		{0212A667-D563-17E4-69A3-0AD79F4A7C0D}.Debug|x64.ActiveCfg = Debug|x64
		{0212A667-D563-17E4-69A3-0AD79F4A7C0D}.Debug|x64.Build.0 = Debug|x64
		{0212A667-D563-17E4-69A3-0AD79F4A7C0D}.Release|Win32.ActiveCfg = Release|Win32
		{0212A667-D563-17E4-69A3-0AD79F4A7C0D}.Release|Win32.Build.0 = Release|Win32
		{193DBE97-353F-0A78-C5FD-19C847F1296D}.Release|x64.ActiveCfg = Release|x64
		{193DBE97-353F-0A78-C5FD-19C847F1296D}.Release|x64.Build.0 = Release|x64
		{193DBE97-353F-0A78-C5FD-19C847F1296D}.Debug|Win32.ActiveCfg = Debug|x64
		{193DBE97-353F-0A78-C5FD-19C847F1296D}.Debug|Win32.Build.0 = Debug|x64
		{193DBE97-353F-0A78-C5FD-19C847F1296D}.Debug|x64.ActiveCfg = Debug|x64
		{193DBE97-353F-0A78-C5FD-19C847F1296D}.Debug|x64.Build.0 = Debug|x64
		{193DBE97-353F-0A78-C5FD-19C847F1296D}.Release|Win32.ActiveCfg = Release|x64
		{193DBE97-353F-0A78-C5FD-19C847F1296D}.Release|Win32.Build.0 = Release|x64
		{4CCCDDF3-93BC-6F04-53A2-BD573E91B5C2}.Release|x64.ActiveCfg = Release|x64
		{4CCCDDF3-93BC-6F04-53A2-BD573E91B5C2}.Release|x64.Build.0 = Release|x64
		{4CCCDDF3-93BC-6F04-53A2-BD573E91B5C2}.Debug|Win32.ActiveCfg = Debug|Win32
		{4CCCDDF3-93BC-6F04-53A2-BD573E91B5C2}.Debug|Win32.Build.0 = Debug|Win32
		{4CCCDDF3-93BC-6F04-53A2-BD573E91B5C2}.Debug|x64.ActiveCfg = Debug|x64
		{4CCCDDF3-93BC-6F04-53A2-BD573E91B5C2}.Debug|x64.Build.0 = Debug|x64
		{4CCCDDF3-93BC-6F04-53A2-BD573E91B5C2}.Release|Win32.ActiveCfg = Release|Win32
		{4CCCDDF3-93BC-6F04-53A2-BD573E91B5C2}.Release|Win32.Build.0 = Release|Win32
		{A941BA4D-135E-2DB2-0669-03E729A4A115}.Release|x64.ActiveCfg = Release|x64
		{A941BA4D-135E-2DB2-0669-03E729A4A115}.Release|x64.Build.0 = Release|x64
		{A941BA4D-135E-2DB2-0669-03E729A4A115}.Debug|Win32.ActiveCfg = Debug|Win32
		{A941BA4D-135E-2DB2-0669-03E729A4A115}.Debug|Win32.Build.0 = Debug|Win32
		{A941BA4D-135E-2DB2-0669-03E729A4A115}.Debug|x64.ActiveCfg = Debug|x64
		{A941BA4D-135E-2DB2-0669-03E729A4A115}.Debug|x64.Build.0 = Debug|x64
		{A941BA4D-135E-2DB2-0669-03E729A4A115}.Release|Win32.ActiveCfg = Release|Win32
		{A941BA4D-135E-2DB2-0669-03E729A4A115}.Release|Win32.Build.0 = Release|Win32
		{ABD4C66B-E200-B190-F07D-D06355B18155}.Release|x64.ActiveCfg = Release|x64
		{ABD4C66B-E200-B190-F07D-D06355B18155}.Release|x64.Build.0 = Release|x64
		{ABD4C66B-E200-B190-F07D-D06355B18155}.Debug|Win32.ActiveCfg = Debug|x64
		{ABD4C66B-E200-B190-F07D-D06355B18155}.Debug|Win32.Build.0 = Debug|x64
		{ABD4C66B-E200-B190-F07D-D06355B18155}.Debug|x64.ActiveCfg = Debug|x64
		{ABD4C66B-E200-B190-F07D-D06355B18155}.Debug|x64.Build.0 = Debug|x64
		{ABD4C66B-E200-B190-F07D-D06355B18155}.Release|Win32.ActiveCfg = Release|x64
		{ABD4C66B-E200-B190-F07D-D06355B18155}.Release|Win32.Build.0 = Release|x64
		{D79AD1F7-5295-CD73-8247-4995C20CE2A3}.Release|x64.ActiveCfg = Release|x64
		{D79AD1F7-5295-CD73-8247-4995C20CE2A3}.Release|x64.Build.0 = Release|x64
		{D79AD1F7-5295-CD73-8247-4995C20CE2A3}.Debug|Win32.ActiveCfg = Debug|x64
		{D79AD1F7-5295-CD73-8247-4995C20CE2A3}.Debug|Win32.Build.0 = Debug|x64
		{D79AD1F7-5295-CD73-8247-4995C20CE2A3}.Debug|x64.ActiveCfg = Debug|x64
		{D79AD1F7-5295-CD73-8247-4995C20CE2A3}.Debug|x64.Build.0 = Debug|x64
		{D79AD1F7-5295-CD73-8247-4995C20CE2A3}.Release|Win32.ActiveCfg = Release|x64
		{D79AD1F7-5295-CD73-8247-4995C20CE2A3}.Release|Win32.Build.0 = Release|x64
		{E759F3D1-DADB-0AC5-9B51-5A00985D729D}.Release|x64.ActiveCfg = Release|x64
		{E759F3D1-DADB-0AC5-9B51-5A00985D729D}.Release|x64.Build.0 = Release|x64
		{E759F3D1-DADB-0AC5-9B51-5A00985D729D}.Debug|Win32.ActiveCfg = Debug|x64
		{E759F3D1-DADB-0AC5-9B51-5A00985D729D}.Debug|Win32.Build.0 = Debug|x64
		{E759F3D1-DADB-0AC5-9B51-5A00985D729D}.Debug|x64.ActiveCfg = Debug|x64
		{E759F3D1-DADB-0AC5-9B51-5A00985D729D}.Debug|x64.Build.0 = Debug|x64
		{E759F3D1-DADB-0AC5-9B51-5A00985D729D}.Release|Win32.ActiveCfg = Release|x64
		{E759F3D1-DADB-0AC5-9B51-5A00985D729D}.Release|Win32.Build.0 = Release|x64
		{FD7C00F0-9EF0-9BD5-64DD-0ED42D663D43}.Release|x64.ActiveCfg = Release|x64
		{FD7C00F0-9EF0-9BD5-64DD-0ED42D663D43}.Release|x64.Build.0 = Release|x64
		{FD7C00F0-9EF0-9BD5-64DD-0ED42D663D43}.Debug|Win32.ActiveCfg = Debug|Win32
		{FD7C00F0-9EF0-9BD5-64DD-0ED42D663D43}.Debug|Win32.Build.0 = Debug|Win32
		{FD7C00F0-9EF0-9BD5-64DD-0ED42D663D43}.Debug|x64.ActiveCfg = Debug|x64
		{FD7C00F0-9EF0-9BD5-64DD-0ED42D663D43}.Debug|x64.Build.0 = Debug|x64
		{FD7C00F0-9EF0-9BD5-64DD-0ED42D663D43}.Release|Win32.ActiveCfg = Release|Win32
		{FD7C00F0-9EF0-9BD5-64DD-0ED42D663D43}.Release|Win32.Build.0 = Release|Win32
	EndGlobalSection
	GlobalSection(SolutionProperties) = preSolution
		HideSolutionNode = FALSE
	EndGlobalSection
EndGlobal
