Microsoft Visual Studio Solution File, Format Version 13.00
# Visual Studio 2013
Project("{8BC9CEB8-8B4A-11D0-8D11-00A0C91BC942}") = "crt_fini_32", "..\..\..\crt_fini_32.vcxproj", "{4F7B67AF-D365-896D-155C-6BFF18D7534B}"
EndProject
Project("{8BC9CEB8-8B4A-11D0-8D11-00A0C91BC942}") = "crt_fini_64", "..\..\..\crt_fini_64.vcxproj", "{9C8C4DDF-5923-5625-2551-FB8AA3FDCAC1}"
EndProject
Project("{8BC9CEB8-8B4A-11D0-8D11-00A0C91BC942}") = "crt_init_32", "..\..\..\crt_init_32.vcxproj", "{55693EF6-04D1-A9DF-848E-70BD4B11C7D4}"
EndProject
Project("{8BC9CEB8-8B4A-11D0-8D11-00A0C91BC942}") = "crt_init_64", "..\..\..\crt_init_64.vcxproj", "{BFB9591E-48CF-4DD2-6778-5C9E7D5755FE}"
EndProject
Project("{8BC9CEB8-8B4A-11D0-8D11-00A0C91BC942}") = "gio", "..\..\shared\gio\gio.vcxproj", "{FD7C00F0-9EF0-9BD5-64DD-0ED42D663D43}"
EndProject
Project("{8BC9CEB8-8B4A-11D0-8D11-00A0C91BC942}") = "gio64", "..\..\shared\gio\gio64.vcxproj", "{ABD4C66B-E200-B190-F07D-D06355B18155}"
EndProject
Project("{8BC9CEB8-8B4A-11D0-8D11-00A0C91BC942}") = "platform", "..\..\shared\platform\platform.vcxproj", "{A941BA4D-135E-2DB2-0669-03E729A4A115}"
EndProject
Project("{8BC9CEB8-8B4A-11D0-8D11-00A0C91BC942}") = "platform64", "..\..\shared\platform\platform64.vcxproj", "{D79AD1F7-5295-CD73-8247-4995C20CE2A3}"
EndProject
Project("{8BC9CEB8-8B4A-11D0-8D11-00A0C91BC942}") = "prep_nacl_sdk", "..\..\..\prep_nacl_sdk.vcxproj", "{9BB2F1E0-9D9B-B59D-DDFA-17945CF65C0D}"
EndProject
Project("{8BC9CEB8-8B4A-11D0-8D11-00A0C91BC942}") = "prep_toolchain", "..\..\..\prep_toolchain.vcxproj", "{69242B43-5CD7-7BA0-EE38-CED20711900C}"
EndProject
Project("{8BC9CEB8-8B4A-11D0-8D11-00A0C91BC942}") = "untar_toolchains", "..\..\..\untar_toolchains.vcxproj", "{BCC17805-4AB3-3F2F-25C5-BDFDB79047BD}"
EndProject
Project("{8BC9CEB8-8B4A-11D0-8D11-00A0C91BC942}") = "weak_ref", "weak_ref.vcxproj", "{97BA16FD-2748-B4D9-E70B-F54F14CE126B}"
EndProject
Project("{8BC9CEB8-8B4A-11D0-8D11-00A0C91BC942}") = "weak_ref64", "weak_ref64.vcxproj", "{B0524B73-3328-5F7D-04BD-E32219911A43}"
EndProject
Project("{8BC9CEB8-8B4A-11D0-8D11-00A0C91BC942}") = "weak_ref_lib", "weak_ref_lib.vcxproj", "{D63AB247-D95F-09D9-95C3-EDE78E0C674D}"
EndProject
Global
	GlobalSection(SolutionConfigurationPlatforms) = preSolution
		Release|x64 = Release|x64
		Debug|Win32 = Debug|Win32
		Debug|x64 = Debug|x64
		Release|Win32 = Release|Win32
	EndGlobalSection
	GlobalSection(ProjectConfigurationPlatforms) = postSolution
		{4F7B67AF-D365-896D-155C-6BFF18D7534B}.Release|x64.ActiveCfg = Release|x64
		{4F7B67AF-D365-896D-155C-6BFF18D7534B}.Release|x64.Build.0 = Release|x64
		{4F7B67AF-D365-896D-155C-6BFF18D7534B}.Debug|Win32.ActiveCfg = Debug|Win32
		{4F7B67AF-D365-896D-155C-6BFF18D7534B}.Debug|Win32.Build.0 = Debug|Win32
		{4F7B67AF-D365-896D-155C-6BFF18D7534B}.Debug|x64.ActiveCfg = Debug|x64
		{4F7B67AF-D365-896D-155C-6BFF18D7534B}.Debug|x64.Build.0 = Debug|x64
		{4F7B67AF-D365-896D-155C-6BFF18D7534B}.Release|Win32.ActiveCfg = Release|Win32
		{4F7B67AF-D365-896D-155C-6BFF18D7534B}.Release|Win32.Build.0 = Release|Win32
		{55693EF6-04D1-A9DF-848E-70BD4B11C7D4}.Release|x64.ActiveCfg = Release|x64
		{55693EF6-04D1-A9DF-848E-70BD4B11C7D4}.Release|x64.Build.0 = Release|x64
		{55693EF6-04D1-A9DF-848E-70BD4B11C7D4}.Debug|Win32.ActiveCfg = Debug|Win32
		{55693EF6-04D1-A9DF-848E-70BD4B11C7D4}.Debug|Win32.Build.0 = Debug|Win32
		{55693EF6-04D1-A9DF-848E-70BD4B11C7D4}.Debug|x64.ActiveCfg = Debug|x64
		{55693EF6-04D1-A9DF-848E-70BD4B11C7D4}.Debug|x64.Build.0 = Debug|x64
		{55693EF6-04D1-A9DF-848E-70BD4B11C7D4}.Release|Win32.ActiveCfg = Release|Win32
		{55693EF6-04D1-A9DF-848E-70BD4B11C7D4}.Release|Win32.Build.0 = Release|Win32
		{69242B43-5CD7-7BA0-EE38-CED20711900C}.Release|x64.ActiveCfg = Release|x64
		{69242B43-5CD7-7BA0-EE38-CED20711900C}.Release|x64.Build.0 = Release|x64
		{69242B43-5CD7-7BA0-EE38-CED20711900C}.Debug|Win32.ActiveCfg = Debug|Win32
		{69242B43-5CD7-7BA0-EE38-CED20711900C}.Debug|Win32.Build.0 = Debug|Win32
		{69242B43-5CD7-7BA0-EE38-CED20711900C}.Debug|x64.ActiveCfg = Debug|x64
		{69242B43-5CD7-7BA0-EE38-CED20711900C}.Debug|x64.Build.0 = Debug|x64
		{69242B43-5CD7-7BA0-EE38-CED20711900C}.Release|Win32.ActiveCfg = Release|Win32
		{69242B43-5CD7-7BA0-EE38-CED20711900C}.Release|Win32.Build.0 = Release|Win32
		{97BA16FD-2748-B4D9-E70B-F54F14CE126B}.Release|x64.ActiveCfg = Release|x64
		{97BA16FD-2748-B4D9-E70B-F54F14CE126B}.Release|x64.Build.0 = Release|x64
		{97BA16FD-2748-B4D9-E70B-F54F14CE126B}.Debug|Win32.ActiveCfg = Debug|Win32
		{97BA16FD-2748-B4D9-E70B-F54F14CE126B}.Debug|Win32.Build.0 = Debug|Win32
		{97BA16FD-2748-B4D9-E70B-F54F14CE126B}.Debug|x64.ActiveCfg = Debug|x64
		{97BA16FD-2748-B4D9-E70B-F54F14CE126B}.Debug|x64.Build.0 = Debug|x64
		{97BA16FD-2748-B4D9-E70B-F54F14CE126B}.Release|Win32.ActiveCfg = Release|Win32
		{97BA16FD-2748-B4D9-E70B-F54F14CE126B}.Release|Win32.Build.0 = Release|Win32
		{9BB2F1E0-9D9B-B59D-DDFA-17945CF65C0D}.Release|x64.ActiveCfg = Release|x64
		{9BB2F1E0-9D9B-B59D-DDFA-17945CF65C0D}.Release|x64.Build.0 = Release|x64
		{9BB2F1E0-9D9B-B59D-DDFA-17945CF65C0D}.Debug|Win32.ActiveCfg = Debug|Win32
		{9BB2F1E0-9D9B-B59D-DDFA-17945CF65C0D}.Debug|Win32.Build.0 = Debug|Win32
		{9BB2F1E0-9D9B-B59D-DDFA-17945CF65C0D}.Debug|x64.ActiveCfg = Debug|x64
		{9BB2F1E0-9D9B-B59D-DDFA-17945CF65C0D}.Debug|x64.Build.0 = Debug|x64
		{9BB2F1E0-9D9B-B59D-DDFA-17945CF65C0D}.Release|Win32.ActiveCfg = Release|Win32
		{9BB2F1E0-9D9B-B59D-DDFA-17945CF65C0D}.Release|Win32.Build.0 = Release|Win32
		{9C8C4DDF-5923-5625-2551-FB8AA3FDCAC1}.Release|x64.ActiveCfg = Release|x64
		{9C8C4DDF-5923-5625-2551-FB8AA3FDCAC1}.Release|x64.Build.0 = Release|x64
		{9C8C4DDF-5923-5625-2551-FB8AA3FDCAC1}.Debug|Win32.ActiveCfg = Debug|Win32
		{9C8C4DDF-5923-5625-2551-FB8AA3FDCAC1}.Debug|Win32.Build.0 = Debug|Win32
		{9C8C4DDF-5923-5625-2551-FB8AA3FDCAC1}.Debug|x64.ActiveCfg = Debug|x64
		{9C8C4DDF-5923-5625-2551-FB8AA3FDCAC1}.Debug|x64.Build.0 = Debug|x64
		{9C8C4DDF-5923-5625-2551-FB8AA3FDCAC1}.Release|Win32.ActiveCfg = Release|Win32
		{9C8C4DDF-5923-5625-2551-FB8AA3FDCAC1}.Release|Win32.Build.0 = Release|Win32
		{A941BA4D-135E-2DB2-0669-03E729A4A115}.Release|x64.ActiveCfg = Release|x64
		{A941BA4D-135E-2DB2-0669-03E729A4A115}.Release|x64.Build.0 = Release|x64
		{A941BA4D-135E-2DB2-0669-03E729A4A115}.Debug|Win32.ActiveCfg = Debug|Win32
		{A941BA4D-135E-2DB2-0669-03E729A4A115}.Debug|Win32.Build.0 = Debug|Win32
		{A941BA4D-135E-2DB2-0669-03E729A4A115}.Debug|x64.ActiveCfg = Debug|x64
		{A941BA4D-135E-2DB2-0669-03E729A4A115}.Debug|x64.Build.0 = Debug|x64
		{A941BA4D-135E-2DB2-0669-03E729A4A115}.Release|Win32.ActiveCfg = Release|Win32
		{A941BA4D-135E-2DB2-0669-03E729A4A115}.Release|Win32.Build.0 = Release|Win32
		{ABD4C66B-E200-B190-F07D-D06355B18155}.Release|x64.ActiveCfg = Release|x64
		{ABD4C66B-E200-B190-F07D-D06355B18155}.Release|x64.Build.0 = Release|x64
		{ABD4C66B-E200-B190-F07D-D06355B18155}.Debug|Win32.ActiveCfg = Debug|x64
		{ABD4C66B-E200-B190-F07D-D06355B18155}.Debug|Win32.Build.0 = Debug|x64
		{ABD4C66B-E200-B190-F07D-D06355B18155}.Debug|x64.ActiveCfg = Debug|x64
		{ABD4C66B-E200-B190-F07D-D06355B18155}.Debug|x64.Build.0 = Debug|x64
		{ABD4C66B-E200-B190-F07D-D06355B18155}.Release|Win32.ActiveCfg = Release|x64
		{ABD4C66B-E200-B190-F07D-D06355B18155}.Release|Win32.Build.0 = Release|x64
		{B0524B73-3328-5F7D-04BD-E32219911A43}.Release|x64.ActiveCfg = Release|x64
		{B0524B73-3328-5F7D-04BD-E32219911A43}.Release|x64.Build.0 = Release|x64
		{B0524B73-3328-5F7D-04BD-E32219911A43}.Debug|Win32.ActiveCfg = Debug|x64
		{B0524B73-3328-5F7D-04BD-E32219911A43}.Debug|Win32.Build.0 = Debug|x64
		{B0524B73-3328-5F7D-04BD-E32219911A43}.Debug|x64.ActiveCfg = Debug|x64
		{B0524B73-3328-5F7D-04BD-E32219911A43}.Debug|x64.Build.0 = Debug|x64
		{B0524B73-3328-5F7D-04BD-E32219911A43}.Release|Win32.ActiveCfg = Release|x64
		{B0524B73-3328-5F7D-04BD-E32219911A43}.Release|Win32.Build.0 = Release|x64
		{BCC17805-4AB3-3F2F-25C5-BDFDB79047BD}.Release|x64.ActiveCfg = Release|x64
		{BCC17805-4AB3-3F2F-25C5-BDFDB79047BD}.Release|x64.Build.0 = Release|x64
		{BCC17805-4AB3-3F2F-25C5-BDFDB79047BD}.Debug|Win32.ActiveCfg = Debug|Win32
		{BCC17805-4AB3-3F2F-25C5-BDFDB79047BD}.Debug|Win32.Build.0 = Debug|Win32
		{BCC17805-4AB3-3F2F-25C5-BDFDB79047BD}.Debug|x64.ActiveCfg = Debug|x64
		{BCC17805-4AB3-3F2F-25C5-BDFDB79047BD}.Debug|x64.Build.0 = Debug|x64
		{BCC17805-4AB3-3F2F-25C5-BDFDB79047BD}.Release|Win32.ActiveCfg = Release|Win32
		{BCC17805-4AB3-3F2F-25C5-BDFDB79047BD}.Release|Win32.Build.0 = Release|Win32
		{BFB9591E-48CF-4DD2-6778-5C9E7D5755FE}.Release|x64.ActiveCfg = Release|x64
		{BFB9591E-48CF-4DD2-6778-5C9E7D5755FE}.Release|x64.Build.0 = Release|x64
		{BFB9591E-48CF-4DD2-6778-5C9E7D5755FE}.Debug|Win32.ActiveCfg = Debug|Win32
		{BFB9591E-48CF-4DD2-6778-5C9E7D5755FE}.Debug|Win32.Build.0 = Debug|Win32
		{BFB9591E-48CF-4DD2-6778-5C9E7D5755FE}.Debug|x64.ActiveCfg = Debug|x64
		{BFB9591E-48CF-4DD2-6778-5C9E7D5755FE}.Debug|x64.Build.0 = Debug|x64
		{BFB9591E-48CF-4DD2-6778-5C9E7D5755FE}.Release|Win32.ActiveCfg = Release|Win32
		{BFB9591E-48CF-4DD2-6778-5C9E7D5755FE}.Release|Win32.Build.0 = Release|Win32
		{D63AB247-D95F-09D9-95C3-EDE78E0C674D}.Release|x64.ActiveCfg = Release|x64
		{D63AB247-D95F-09D9-95C3-EDE78E0C674D}.Release|x64.Build.0 = Release|x64
		{D63AB247-D95F-09D9-95C3-EDE78E0C674D}.Debug|Win32.ActiveCfg = Debug|Win32
		{D63AB247-D95F-09D9-95C3-EDE78E0C674D}.Debug|Win32.Build.0 = Debug|Win32
		{D63AB247-D95F-09D9-95C3-EDE78E0C674D}.Debug|x64.ActiveCfg = Debug|x64
		{D63AB247-D95F-09D9-95C3-EDE78E0C674D}.Debug|x64.Build.0 = Debug|x64
		{D63AB247-D95F-09D9-95C3-EDE78E0C674D}.Release|Win32.ActiveCfg = Release|Win32
		{D63AB247-D95F-09D9-95C3-EDE78E0C674D}.Release|Win32.Build.0 = Release|Win32
		{D79AD1F7-5295-CD73-8247-4995C20CE2A3}.Release|x64.ActiveCfg = Release|x64
		{D79AD1F7-5295-CD73-8247-4995C20CE2A3}.Release|x64.Build.0 = Release|x64
		{D79AD1F7-5295-CD73-8247-4995C20CE2A3}.Debug|Win32.ActiveCfg = Debug|x64
		{D79AD1F7-5295-CD73-8247-4995C20CE2A3}.Debug|Win32.Build.0 = Debug|x64
		{D79AD1F7-5295-CD73-8247-4995C20CE2A3}.Debug|x64.ActiveCfg = Debug|x64
		{D79AD1F7-5295-CD73-8247-4995C20CE2A3}.Debug|x64.Build.0 = Debug|x64
		{D79AD1F7-5295-CD73-8247-4995C20CE2A3}.Release|Win32.ActiveCfg = Release|x64
		{D79AD1F7-5295-CD73-8247-4995C20CE2A3}.Release|Win32.Build.0 = Release|x64
		{FD7C00F0-9EF0-9BD5-64DD-0ED42D663D43}.Release|x64.ActiveCfg = Release|x64
		{FD7C00F0-9EF0-9BD5-64DD-0ED42D663D43}.Release|x64.Build.0 = Release|x64
		{FD7C00F0-9EF0-9BD5-64DD-0ED42D663D43}.Debug|Win32.ActiveCfg = Debug|Win32
		{FD7C00F0-9EF0-9BD5-64DD-0ED42D663D43}.Debug|Win32.Build.0 = Debug|Win32
		{FD7C00F0-9EF0-9BD5-64DD-0ED42D663D43}.Debug|x64.ActiveCfg = Debug|x64
		{FD7C00F0-9EF0-9BD5-64DD-0ED42D663D43}.Debug|x64.Build.0 = Debug|x64
		{FD7C00F0-9EF0-9BD5-64DD-0ED42D663D43}.Release|Win32.ActiveCfg = Release|Win32
		{FD7C00F0-9EF0-9BD5-64DD-0ED42D663D43}.Release|Win32.Build.0 = Release|Win32
	EndGlobalSection
	GlobalSection(SolutionProperties) = preSolution
		HideSolutionNode = FALSE
	EndGlobalSection
EndGlobal
