Microsoft Visual Studio Solution File, Format Version 13.00
# Visual Studio 2013
Project("{8BC9CEB8-8B4A-11D0-8D11-00A0C91BC942}") = "cdmadapter", "cdmadapter.vcxproj", "{0E7A9FFC-982A-6A73-B8C6-1C9EA2B10E7E}"
EndProject
Global
	GlobalSection(SolutionConfigurationPlatforms) = preSolution
		Release|x64 = Release|x64
		Debug|Win32 = Debug|Win32
		Debug|x64 = Debug|x64
		Release|Win32 = Release|Win32
	EndGlobalSection
	GlobalSection(ProjectConfigurationPlatforms) = postSolution
		{0E7A9FFC-982A-6A73-B8C6-1C9EA2B10E7E}.Release|x64.ActiveCfg = Release|x64
		{0E7A9FFC-982A-6A73-B8C6-1C9EA2B10E7E}.Release|x64.Build.0 = Release|x64
		{0E7A9FFC-982A-6A73-B8C6-1C9EA2B10E7E}.Debug|Win32.ActiveCfg = Debug|Win32
		{0E7A9FFC-982A-6A73-B8C6-1C9EA2B10E7E}.Debug|Win32.Build.0 = Debug|Win32
		{0E7A9FFC-982A-6A73-B8C6-1C9EA2B10E7E}.Debug|x64.ActiveCfg = Debug|x64
		{0E7A9FFC-982A-6A73-B8C6-1C9EA2B10E7E}.Debug|x64.Build.0 = Debug|x64
		{0E7A9FFC-982A-6A73-B8C6-1C9EA2B10E7E}.Release|Win32.ActiveCfg = Release|Win32
		{0E7A9FFC-982A-6A73-B8C6-1C9EA2B10E7E}.Release|Win32.Build.0 = Release|Win32
	EndGlobalSection
	GlobalSection(SolutionProperties) = preSolution
		HideSolutionNode = FALSE
	EndGlobalSection
EndGlobal
